{
  "version": 4,
  "terraform_version": "1.7.4",
  "serial": 132,
  "lineage": "deb9cc62-520d-a1f4-ba44-9a325b462f0e",
  "outputs": {
    "alb_dns_name": {
      "value": "inia-prod-alb-1018419614.us-east-1.elb.amazonaws.com",
      "type": "string"
    },
    "alb_zone_id": {
      "value": "Z35SXDOTRQ7X7K",
      "type": "string"
    },
    "application_url": {
      "value": "http://inia-prod-alb-1018419614.us-east-1.elb.amazonaws.com",
      "type": "string"
    },
    "backend_config": {
      "value": "terraform {\r\n  backend \"s3\" {\r\n    bucket         = \"inia-terraform-state\"\r\n    key            = \"prod/terraform.tfstate\"\r\n    region         = \"us-east-1\"\r\n    dynamodb_table = \"inia-terraform-locks\"\r\n    encrypt        = true\r\n  }\r\n}\r\n",
      "type": "string"
    },
    "ecr_backend_repository_url": {
      "value": "126588786097.dkr.ecr.us-east-1.amazonaws.com/inia-prod-backend",
      "type": "string"
    },
    "ecr_frontend_repository_url": {
      "value": "126588786097.dkr.ecr.us-east-1.amazonaws.com/inia-prod-frontend",
      "type": "string"
    },
    "ecr_middleware_repository_url": {
      "value": "126588786097.dkr.ecr.us-east-1.amazonaws.com/inia-prod-middleware",
      "type": "string"
    },
    "ecs_backend_service_name": {
      "value": "inia-prod-backend-service",
      "type": "string"
    },
    "ecs_cluster_name": {
      "value": "inia-prod-cluster",
      "type": "string"
    },
    "ecs_frontend_service_name": {
      "value": "inia-prod-frontend-service",
      "type": "string"
    },
    "ecs_middleware_service_name": {
      "value": "inia-prod-middleware-service",
      "type": "string"
    },
    "rds_endpoint": {
      "value": "inia-prod-db.cave2yk2svaf.us-east-1.rds.amazonaws.com:5432",
      "type": "string",
      "sensitive": true
    },
    "terraform_locks_table": {
      "value": "inia-terraform-locks",
      "type": "string"
    },
    "terraform_state_bucket": {
      "value": "inia-terraform-state",
      "type": "string"
    },
    "vpc_id": {
      "value": "vpc-0b5836a65d91bc84e",
      "type": "string"
    }
  },
  "resources": [
    {
      "mode": "data",
      "type": "aws_availability_zones",
      "name": "available",
      "provider": "provider[\"registry.terraform.io/hashicorp/aws\"]",
      "instances": [
        {
          "schema_version": 0,
          "attributes": {
            "all_availability_zones": null,
            "exclude_names": null,
            "exclude_zone_ids": null,
            "filter": [
              {
                "name": "region-name",
                "values": [
                  "us-east-1"
                ]
              }
            ],
            "group_names": [
              "us-east-1-zg-1"
            ],
            "id": "us-east-1",
            "names": [
              "us-east-1a",
              "us-east-1b",
              "us-east-1c",
              "us-east-1d",
              "us-east-1e",
              "us-east-1f"
            ],
            "state": "available",
            "timeouts": null,
            "zone_ids": [
              "use1-az1",
              "use1-az2",
              "use1-az4",
              "use1-az6",
              "use1-az3",
              "use1-az5"
            ]
          },
          "sensitive_attributes": []
        }
      ]
    },
    {
      "mode": "data",
      "type": "aws_caller_identity",
      "name": "current",
      "provider": "provider[\"registry.terraform.io/hashicorp/aws\"]",
      "instances": [
        {
          "schema_version": 0,
          "attributes": {
            "account_id": "126588786097",
            "arn": "arn:aws:iam::126588786097:user/Alex",
            "id": "126588786097",
            "user_id": "AIDAR26KHSWYT7VRLYTXS"
          },
          "sensitive_attributes": []
        }
      ]
    },
    {
      "mode": "managed",
      "type": "aws_dynamodb_table",
      "name": "terraform_locks",
      "provider": "provider[\"registry.terraform.io/hashicorp/aws\"]",
      "instances": [
        {
          "schema_version": 1,
          "attributes": {
            "arn": "arn:aws:dynamodb:us-east-1:126588786097:table/inia-terraform-locks",
            "attribute": [
              {
                "name": "LockID",
                "type": "S"
              }
            ],
            "billing_mode": "PAY_PER_REQUEST",
            "deletion_protection_enabled": false,
            "global_secondary_index": [],
            "hash_key": "LockID",
            "id": "inia-terraform-locks",
            "import_table": [],
            "local_secondary_index": [],
            "name": "inia-terraform-locks",
            "on_demand_throughput": [],
            "point_in_time_recovery": [
              {
                "enabled": false,
                "recovery_period_in_days": 0
              }
            ],
            "range_key": null,
            "read_capacity": 0,
            "replica": [],
            "restore_date_time": null,
            "restore_source_name": null,
            "restore_source_table_arn": null,
            "restore_to_latest_time": null,
            "server_side_encryption": [],
            "stream_arn": "",
            "stream_enabled": false,
            "stream_label": "",
            "stream_view_type": "",
            "table_class": "STANDARD",
            "tags": {
              "Environment": "prod",
              "ManagedBy": "Terraform",
              "Name": "inia-terraform-locks",
              "Purpose": "Terraform State Locking"
            },
            "tags_all": {
              "Environment": "prod",
              "ManagedBy": "Terraform",
              "Name": "inia-terraform-locks",
              "Project": "IniaProject",
              "Purpose": "Terraform State Locking"
            },
            "timeouts": null,
            "ttl": [
              {
                "attribute_name": "",
                "enabled": false
              }
            ],
            "write_capacity": 0
          },
          "sensitive_attributes": [],
          "private": "eyJlMmJmYjczMC1lY2FhLTExZTYtOGY4OC0zNDM2M2JjN2M0YzAiOnsiY3JlYXRlIjoxODAwMDAwMDAwMDAwLCJkZWxldGUiOjYwMDAwMDAwMDAwMCwidXBkYXRlIjozNjAwMDAwMDAwMDAwfSwic2NoZW1hX3ZlcnNpb24iOiIxIn0="
        }
      ]
    },
    {
      "mode": "managed",
      "type": "aws_s3_bucket",
      "name": "terraform_state",
      "provider": "provider[\"registry.terraform.io/hashicorp/aws\"]",
      "instances": [
        {
          "schema_version": 0,
          "attributes": {
            "acceleration_status": "",
            "acl": null,
            "arn": "arn:aws:s3:::inia-terraform-state",
            "bucket": "inia-terraform-state",
            "bucket_domain_name": "inia-terraform-state.s3.amazonaws.com",
            "bucket_prefix": "",
            "bucket_regional_domain_name": "inia-terraform-state.s3.us-east-1.amazonaws.com",
            "cors_rule": [],
            "force_destroy": false,
            "grant": [
              {
                "id": "aab46e31fde396fb78100aca0308860c24a04645173f3498f6342a131ec5f8bc",
                "permissions": [
                  "FULL_CONTROL"
                ],
                "type": "CanonicalUser",
                "uri": ""
              }
            ],
            "hosted_zone_id": "Z3AQBSTGFYJSTF",
            "id": "inia-terraform-state",
            "lifecycle_rule": [
              {
                "abort_incomplete_multipart_upload_days": 0,
                "enabled": true,
                "expiration": [],
                "id": "delete-old-versions",
                "noncurrent_version_expiration": [
                  {
                    "days": 90
                  }
                ],
                "noncurrent_version_transition": [],
                "prefix": "",
                "tags": {},
                "transition": []
              },
              {
                "abort_incomplete_multipart_upload_days": 7,
                "enabled": true,
                "expiration": [],
                "id": "abort-incomplete-uploads",
                "noncurrent_version_expiration": [],
                "noncurrent_version_transition": [],
                "prefix": "",
                "tags": {},
                "transition": []
              }
            ],
            "logging": [],
            "object_lock_configuration": [],
            "object_lock_enabled": false,
            "policy": "",
            "region": "us-east-1",
            "replication_configuration": [],
            "request_payer": "BucketOwner",
            "server_side_encryption_configuration": [
              {
                "rule": [
                  {
                    "apply_server_side_encryption_by_default": [
                      {
                        "kms_master_key_id": "",
                        "sse_algorithm": "AES256"
                      }
                    ],
                    "bucket_key_enabled": false
                  }
                ]
              }
            ],
            "tags": {
              "Environment": "prod",
              "ManagedBy": "Terraform",
              "Name": "inia-terraform-state",
              "Purpose": "Terraform State Storage"
            },
            "tags_all": {
              "Environment": "prod",
              "ManagedBy": "Terraform",
              "Name": "inia-terraform-state",
              "Project": "IniaProject",
              "Purpose": "Terraform State Storage"
            },
            "timeouts": null,
            "versioning": [
              {
                "enabled": true,
                "mfa_delete": false
              }
            ],
            "website": [],
            "website_domain": null,
            "website_endpoint": null
          },
          "sensitive_attributes": [],
          "private": "eyJlMmJmYjczMC1lY2FhLTExZTYtOGY4OC0zNDM2M2JjN2M0YzAiOnsiY3JlYXRlIjoxMjAwMDAwMDAwMDAwLCJkZWxldGUiOjM2MDAwMDAwMDAwMDAsInJlYWQiOjEyMDAwMDAwMDAwMDAsInVwZGF0ZSI6MTIwMDAwMDAwMDAwMH19"
        }
      ]
    },
    {
      "mode": "managed",
      "type": "aws_s3_bucket_lifecycle_configuration",
      "name": "terraform_state",
      "provider": "provider[\"registry.terraform.io/hashicorp/aws\"]",
      "instances": [
        {
          "schema_version": 1,
          "attributes": {
            "bucket": "inia-terraform-state",
            "expected_bucket_owner": "",
            "id": "inia-terraform-state",
            "rule": [
              {
                "abort_incomplete_multipart_upload": [],
                "expiration": [],
                "filter": [],
                "id": "delete-old-versions",
                "noncurrent_version_expiration": [
                  {
                    "newer_noncurrent_versions": null,
                    "noncurrent_days": 90
                  }
                ],
                "noncurrent_version_transition": [],
                "prefix": "",
                "status": "Enabled",
                "transition": []
              },
              {
                "abort_incomplete_multipart_upload": [
                  {
                    "days_after_initiation": 7
                  }
                ],
                "expiration": [],
                "filter": [],
                "id": "abort-incomplete-uploads",
                "noncurrent_version_expiration": [],
                "noncurrent_version_transition": [],
                "prefix": "",
                "status": "Enabled",
                "transition": []
              }
            ],
            "timeouts": null,
            "transition_default_minimum_object_size": "all_storage_classes_128K"
          },
          "sensitive_attributes": [],
          "dependencies": [
            "aws_s3_bucket.terraform_state"
          ]
        }
      ]
    },
    {
      "mode": "managed",
      "type": "aws_s3_bucket_public_access_block",
      "name": "terraform_state",
      "provider": "provider[\"registry.terraform.io/hashicorp/aws\"]",
      "instances": [
        {
          "schema_version": 0,
          "attributes": {
            "block_public_acls": true,
            "block_public_policy": true,
            "bucket": "inia-terraform-state",
            "id": "inia-terraform-state",
            "ignore_public_acls": true,
            "restrict_public_buckets": true
          },
          "sensitive_attributes": [],
          "private": "bnVsbA==",
          "dependencies": [
            "aws_s3_bucket.terraform_state"
          ]
        }
      ]
    },
    {
      "mode": "managed",
      "type": "aws_s3_bucket_server_side_encryption_configuration",
      "name": "terraform_state",
      "provider": "provider[\"registry.terraform.io/hashicorp/aws\"]",
      "instances": [
        {
          "schema_version": 0,
          "attributes": {
            "bucket": "inia-terraform-state",
            "expected_bucket_owner": "",
            "id": "inia-terraform-state",
            "rule": [
              {
                "apply_server_side_encryption_by_default": [
                  {
                    "kms_master_key_id": "",
                    "sse_algorithm": "AES256"
                  }
                ],
                "bucket_key_enabled": false
              }
            ]
          },
          "sensitive_attributes": [],
          "private": "bnVsbA==",
          "dependencies": [
            "aws_s3_bucket.terraform_state"
          ]
        }
      ]
    },
    {
      "mode": "managed",
      "type": "aws_s3_bucket_versioning",
      "name": "terraform_state",
      "provider": "provider[\"registry.terraform.io/hashicorp/aws\"]",
      "instances": [
        {
          "schema_version": 0,
          "attributes": {
            "bucket": "inia-terraform-state",
            "expected_bucket_owner": "",
            "id": "inia-terraform-state",
            "mfa": null,
            "versioning_configuration": [
              {
                "mfa_delete": "",
                "status": "Enabled"
              }
            ]
          },
          "sensitive_attributes": [],
          "private": "bnVsbA==",
          "dependencies": [
            "aws_s3_bucket.terraform_state"
          ]
        }
      ]
    },
    {
      "module": "module.autoscaling",
      "mode": "managed",
      "type": "aws_appautoscaling_policy",
      "name": "backend_cpu",
      "provider": "provider[\"registry.terraform.io/hashicorp/aws\"]",
      "instances": [
        {
          "index_key": 0,
          "schema_version": 0,
          "attributes": {
            "alarm_arns": [
              "arn:aws:cloudwatch:us-east-1:126588786097:alarm:TargetTracking-service/inia-prod-cluster/inia-prod-backend-service-AlarmHigh-9ee30e96-4bf0-4117-ba38-96278bada404",
              "arn:aws:cloudwatch:us-east-1:126588786097:alarm:TargetTracking-service/inia-prod-cluster/inia-prod-backend-service-AlarmLow-12ff2172-5bcc-4b09-810f-c65f36a599c3"
            ],
            "arn": "arn:aws:autoscaling:us-east-1:126588786097:scalingPolicy:5bcc78d4-4304-4518-8d3d-a32fcd4dede2:resource/ecs/service/inia-prod-cluster/inia-prod-backend-service:policyName/inia-prod-backend-cpu-scaling",
            "id": "inia-prod-backend-cpu-scaling",
            "name": "inia-prod-backend-cpu-scaling",
            "policy_type": "TargetTrackingScaling",
            "resource_id": "service/inia-prod-cluster/inia-prod-backend-service",
            "scalable_dimension": "ecs:service:DesiredCount",
            "service_namespace": "ecs",
            "step_scaling_policy_configuration": [],
            "target_tracking_scaling_policy_configuration": [
              {
                "customized_metric_specification": [],
                "disable_scale_in": false,
                "predefined_metric_specification": [
                  {
                    "predefined_metric_type": "ECSServiceAverageCPUUtilization",
                    "resource_label": ""
                  }
                ],
                "scale_in_cooldown": 300,
                "scale_out_cooldown": 60,
                "target_value": 70
              }
            ]
          },
          "sensitive_attributes": [],
          "private": "bnVsbA==",
          "dependencies": [
            "data.aws_availability_zones.available",
            "module.acm.aws_acm_certificate.main",
            "module.autoscaling.aws_appautoscaling_target.backend",
            "module.ecr.aws_ecr_repository.backend",
            "module.ecr.aws_ecr_repository.frontend",
            "module.ecr.aws_ecr_repository.middleware",
            "module.ecs.aws_cloudwatch_log_group.backend",
            "module.ecs.aws_cloudwatch_log_group.frontend",
            "module.ecs.aws_cloudwatch_log_group.middleware",
            "module.ecs.aws_ecs_cluster.main",
            "module.ecs.aws_ecs_service.backend",
            "module.ecs.aws_ecs_service.frontend",
            "module.ecs.aws_ecs_service.middleware",
            "module.ecs.aws_ecs_task_definition.backend",
            "module.ecs.aws_ecs_task_definition.frontend",
            "module.ecs.aws_ecs_task_definition.middleware",
            "module.ecs.aws_lb.main",
            "module.ecs.aws_lb_listener.http_forward",
            "module.ecs.aws_lb_listener.http_redirect",
            "module.ecs.aws_lb_listener.https",
            "module.ecs.aws_lb_listener_rule.backend",
            "module.ecs.aws_lb_listener_rule.backend_health",
            "module.ecs.aws_lb_listener_rule.middleware",
            "module.ecs.aws_lb_listener_rule.swagger",
            "module.ecs.aws_lb_target_group.backend",
            "module.ecs.aws_lb_target_group.frontend",
            "module.ecs.aws_lb_target_group.middleware",
            "module.ecs.aws_route53_record.main",
            "module.ecs.aws_route53_zone.main",
            "module.ecs.data.aws_region.current",
            "module.ecs.data.aws_route53_zone.existing",
            "module.iam.aws_iam_role.ecs_task",
            "module.iam.aws_iam_role.ecs_task_execution",
            "module.iam.data.aws_iam_role.ecs_task_execution_existing",
            "module.iam.data.aws_iam_role.ecs_task_existing",
            "module.rds.aws_db_instance.main",
            "module.rds.aws_db_subnet_group.main",
            "module.rds.data.aws_iam_role.rds_enhanced_monitoring",
            "module.secrets.aws_secretsmanager_secret.db_password",
            "module.secrets.aws_secretsmanager_secret.jwt_secret",
            "module.security_groups.aws_security_group.alb",
            "module.security_groups.aws_security_group.ecs",
            "module.security_groups.aws_security_group.rds",
            "module.vpc.aws_subnet.private",
            "module.vpc.aws_subnet.public",
            "module.vpc.aws_vpc.main"
          ]
        }
      ]
    },
    {
      "module": "module.autoscaling",
      "mode": "managed",
      "type": "aws_appautoscaling_policy",
      "name": "backend_memory",
      "provider": "provider[\"registry.terraform.io/hashicorp/aws\"]",
      "instances": [
        {
          "index_key": 0,
          "schema_version": 0,
          "attributes": {
            "alarm_arns": [
              "arn:aws:cloudwatch:us-east-1:126588786097:alarm:TargetTracking-service/inia-prod-cluster/inia-prod-backend-service-AlarmHigh-0a77afb1-53b5-4206-a499-747e914e0d6a",
              "arn:aws:cloudwatch:us-east-1:126588786097:alarm:TargetTracking-service/inia-prod-cluster/inia-prod-backend-service-AlarmLow-16e16062-e145-4934-be43-7025a14ab8df"
            ],
            "arn": "arn:aws:autoscaling:us-east-1:126588786097:scalingPolicy:5bcc78d4-4304-4518-8d3d-a32fcd4dede2:resource/ecs/service/inia-prod-cluster/inia-prod-backend-service:policyName/inia-prod-backend-memory-scaling",
            "id": "inia-prod-backend-memory-scaling",
            "name": "inia-prod-backend-memory-scaling",
            "policy_type": "TargetTrackingScaling",
            "resource_id": "service/inia-prod-cluster/inia-prod-backend-service",
            "scalable_dimension": "ecs:service:DesiredCount",
            "service_namespace": "ecs",
            "step_scaling_policy_configuration": [],
            "target_tracking_scaling_policy_configuration": [
              {
                "customized_metric_specification": [],
                "disable_scale_in": false,
                "predefined_metric_specification": [
                  {
                    "predefined_metric_type": "ECSServiceAverageMemoryUtilization",
                    "resource_label": ""
                  }
                ],
                "scale_in_cooldown": 300,
                "scale_out_cooldown": 60,
                "target_value": 75
              }
            ]
          },
          "sensitive_attributes": [],
          "private": "bnVsbA==",
          "dependencies": [
            "data.aws_availability_zones.available",
            "module.acm.aws_acm_certificate.main",
            "module.autoscaling.aws_appautoscaling_target.backend",
            "module.ecr.aws_ecr_repository.backend",
            "module.ecr.aws_ecr_repository.frontend",
            "module.ecr.aws_ecr_repository.middleware",
            "module.ecs.aws_cloudwatch_log_group.backend",
            "module.ecs.aws_cloudwatch_log_group.frontend",
            "module.ecs.aws_cloudwatch_log_group.middleware",
            "module.ecs.aws_ecs_cluster.main",
            "module.ecs.aws_ecs_service.backend",
            "module.ecs.aws_ecs_service.frontend",
            "module.ecs.aws_ecs_service.middleware",
            "module.ecs.aws_ecs_task_definition.backend",
            "module.ecs.aws_ecs_task_definition.frontend",
            "module.ecs.aws_ecs_task_definition.middleware",
            "module.ecs.aws_lb.main",
            "module.ecs.aws_lb_listener.http_forward",
            "module.ecs.aws_lb_listener.http_redirect",
            "module.ecs.aws_lb_listener.https",
            "module.ecs.aws_lb_listener_rule.backend",
            "module.ecs.aws_lb_listener_rule.backend_health",
            "module.ecs.aws_lb_listener_rule.middleware",
            "module.ecs.aws_lb_listener_rule.swagger",
            "module.ecs.aws_lb_target_group.backend",
            "module.ecs.aws_lb_target_group.frontend",
            "module.ecs.aws_lb_target_group.middleware",
            "module.ecs.aws_route53_record.main",
            "module.ecs.aws_route53_zone.main",
            "module.ecs.data.aws_region.current",
            "module.ecs.data.aws_route53_zone.existing",
            "module.iam.aws_iam_role.ecs_task",
            "module.iam.aws_iam_role.ecs_task_execution",
            "module.iam.data.aws_iam_role.ecs_task_execution_existing",
            "module.iam.data.aws_iam_role.ecs_task_existing",
            "module.rds.aws_db_instance.main",
            "module.rds.aws_db_subnet_group.main",
            "module.rds.data.aws_iam_role.rds_enhanced_monitoring",
            "module.secrets.aws_secretsmanager_secret.db_password",
            "module.secrets.aws_secretsmanager_secret.jwt_secret",
            "module.security_groups.aws_security_group.alb",
            "module.security_groups.aws_security_group.ecs",
            "module.security_groups.aws_security_group.rds",
            "module.vpc.aws_subnet.private",
            "module.vpc.aws_subnet.public",
            "module.vpc.aws_vpc.main"
          ]
        }
      ]
    },
    {
      "module": "module.autoscaling",
      "mode": "managed",
      "type": "aws_appautoscaling_policy",
      "name": "frontend_cpu",
      "provider": "provider[\"registry.terraform.io/hashicorp/aws\"]",
      "instances": [
        {
          "index_key": 0,
          "schema_version": 0,
          "attributes": {
            "alarm_arns": [
              "arn:aws:cloudwatch:us-east-1:126588786097:alarm:TargetTracking-service/inia-prod-cluster/inia-prod-frontend-service-AlarmHigh-2ea23f5e-bc12-4d01-8c0c-45be84197896",
              "arn:aws:cloudwatch:us-east-1:126588786097:alarm:TargetTracking-service/inia-prod-cluster/inia-prod-frontend-service-AlarmLow-8a721521-b80f-47b4-b1f4-ac24fd705a97"
            ],
            "arn": "arn:aws:autoscaling:us-east-1:126588786097:scalingPolicy:2c293b3f-0466-4b5c-97dc-190b3594f92c:resource/ecs/service/inia-prod-cluster/inia-prod-frontend-service:policyName/inia-prod-frontend-cpu-scaling",
            "id": "inia-prod-frontend-cpu-scaling",
            "name": "inia-prod-frontend-cpu-scaling",
            "policy_type": "TargetTrackingScaling",
            "resource_id": "service/inia-prod-cluster/inia-prod-frontend-service",
            "scalable_dimension": "ecs:service:DesiredCount",
            "service_namespace": "ecs",
            "step_scaling_policy_configuration": [],
            "target_tracking_scaling_policy_configuration": [
              {
                "customized_metric_specification": [],
                "disable_scale_in": false,
                "predefined_metric_specification": [
                  {
                    "predefined_metric_type": "ECSServiceAverageCPUUtilization",
                    "resource_label": ""
                  }
                ],
                "scale_in_cooldown": 300,
                "scale_out_cooldown": 60,
                "target_value": 70
              }
            ]
          },
          "sensitive_attributes": [],
          "private": "bnVsbA==",
          "dependencies": [
            "data.aws_availability_zones.available",
            "module.acm.aws_acm_certificate.main",
            "module.autoscaling.aws_appautoscaling_target.frontend",
            "module.ecr.aws_ecr_repository.backend",
            "module.ecr.aws_ecr_repository.frontend",
            "module.ecr.aws_ecr_repository.middleware",
            "module.ecs.aws_cloudwatch_log_group.backend",
            "module.ecs.aws_cloudwatch_log_group.frontend",
            "module.ecs.aws_cloudwatch_log_group.middleware",
            "module.ecs.aws_ecs_cluster.main",
            "module.ecs.aws_ecs_service.backend",
            "module.ecs.aws_ecs_service.frontend",
            "module.ecs.aws_ecs_service.middleware",
            "module.ecs.aws_ecs_task_definition.backend",
            "module.ecs.aws_ecs_task_definition.frontend",
            "module.ecs.aws_ecs_task_definition.middleware",
            "module.ecs.aws_lb.main",
            "module.ecs.aws_lb_listener.http_forward",
            "module.ecs.aws_lb_listener.http_redirect",
            "module.ecs.aws_lb_listener.https",
            "module.ecs.aws_lb_listener_rule.backend",
            "module.ecs.aws_lb_listener_rule.backend_health",
            "module.ecs.aws_lb_listener_rule.middleware",
            "module.ecs.aws_lb_listener_rule.swagger",
            "module.ecs.aws_lb_target_group.backend",
            "module.ecs.aws_lb_target_group.frontend",
            "module.ecs.aws_lb_target_group.middleware",
            "module.ecs.aws_route53_record.main",
            "module.ecs.aws_route53_zone.main",
            "module.ecs.data.aws_region.current",
            "module.ecs.data.aws_route53_zone.existing",
            "module.iam.aws_iam_role.ecs_task",
            "module.iam.aws_iam_role.ecs_task_execution",
            "module.iam.data.aws_iam_role.ecs_task_execution_existing",
            "module.iam.data.aws_iam_role.ecs_task_existing",
            "module.rds.aws_db_instance.main",
            "module.rds.aws_db_subnet_group.main",
            "module.rds.data.aws_iam_role.rds_enhanced_monitoring",
            "module.secrets.aws_secretsmanager_secret.db_password",
            "module.secrets.aws_secretsmanager_secret.jwt_secret",
            "module.security_groups.aws_security_group.alb",
            "module.security_groups.aws_security_group.ecs",
            "module.security_groups.aws_security_group.rds",
            "module.vpc.aws_subnet.private",
            "module.vpc.aws_subnet.public",
            "module.vpc.aws_vpc.main"
          ]
        }
      ]
    },
    {
      "module": "module.autoscaling",
      "mode": "managed",
      "type": "aws_appautoscaling_policy",
      "name": "middleware_cpu",
      "provider": "provider[\"registry.terraform.io/hashicorp/aws\"]",
      "instances": [
        {
          "index_key": 0,
          "schema_version": 0,
          "attributes": {
            "alarm_arns": [
              "arn:aws:cloudwatch:us-east-1:126588786097:alarm:TargetTracking-service/inia-prod-cluster/inia-prod-middleware-service-AlarmHigh-228a0291-0648-4a46-8fad-97a8ced75728",
              "arn:aws:cloudwatch:us-east-1:126588786097:alarm:TargetTracking-service/inia-prod-cluster/inia-prod-middleware-service-AlarmLow-ec90a7d1-09d2-461d-a37a-1bf93433fc89"
            ],
            "arn": "arn:aws:autoscaling:us-east-1:126588786097:scalingPolicy:1fb7af0f-319f-4cc4-9816-1b64fa2aafb6:resource/ecs/service/inia-prod-cluster/inia-prod-middleware-service:policyName/inia-prod-middleware-cpu-scaling",
            "id": "inia-prod-middleware-cpu-scaling",
            "name": "inia-prod-middleware-cpu-scaling",
            "policy_type": "TargetTrackingScaling",
            "resource_id": "service/inia-prod-cluster/inia-prod-middleware-service",
            "scalable_dimension": "ecs:service:DesiredCount",
            "service_namespace": "ecs",
            "step_scaling_policy_configuration": [],
            "target_tracking_scaling_policy_configuration": [
              {
                "customized_metric_specification": [],
                "disable_scale_in": false,
                "predefined_metric_specification": [
                  {
                    "predefined_metric_type": "ECSServiceAverageCPUUtilization",
                    "resource_label": ""
                  }
                ],
                "scale_in_cooldown": 300,
                "scale_out_cooldown": 60,
                "target_value": 70
              }
            ]
          },
          "sensitive_attributes": [],
          "private": "bnVsbA==",
          "dependencies": [
            "data.aws_availability_zones.available",
            "module.acm.aws_acm_certificate.main",
            "module.autoscaling.aws_appautoscaling_target.middleware",
            "module.ecr.aws_ecr_repository.backend",
            "module.ecr.aws_ecr_repository.frontend",
            "module.ecr.aws_ecr_repository.middleware",
            "module.ecs.aws_cloudwatch_log_group.backend",
            "module.ecs.aws_cloudwatch_log_group.frontend",
            "module.ecs.aws_cloudwatch_log_group.middleware",
            "module.ecs.aws_ecs_cluster.main",
            "module.ecs.aws_ecs_service.backend",
            "module.ecs.aws_ecs_service.frontend",
            "module.ecs.aws_ecs_service.middleware",
            "module.ecs.aws_ecs_task_definition.backend",
            "module.ecs.aws_ecs_task_definition.frontend",
            "module.ecs.aws_ecs_task_definition.middleware",
            "module.ecs.aws_lb.main",
            "module.ecs.aws_lb_listener.http_forward",
            "module.ecs.aws_lb_listener.http_redirect",
            "module.ecs.aws_lb_listener.https",
            "module.ecs.aws_lb_listener_rule.backend",
            "module.ecs.aws_lb_listener_rule.backend_health",
            "module.ecs.aws_lb_listener_rule.middleware",
            "module.ecs.aws_lb_listener_rule.swagger",
            "module.ecs.aws_lb_target_group.backend",
            "module.ecs.aws_lb_target_group.frontend",
            "module.ecs.aws_lb_target_group.middleware",
            "module.ecs.aws_route53_record.main",
            "module.ecs.aws_route53_zone.main",
            "module.ecs.data.aws_region.current",
            "module.ecs.data.aws_route53_zone.existing",
            "module.iam.aws_iam_role.ecs_task",
            "module.iam.aws_iam_role.ecs_task_execution",
            "module.iam.data.aws_iam_role.ecs_task_execution_existing",
            "module.iam.data.aws_iam_role.ecs_task_existing",
            "module.rds.aws_db_instance.main",
            "module.rds.aws_db_subnet_group.main",
            "module.rds.data.aws_iam_role.rds_enhanced_monitoring",
            "module.secrets.aws_secretsmanager_secret.db_password",
            "module.secrets.aws_secretsmanager_secret.jwt_secret",
            "module.security_groups.aws_security_group.alb",
            "module.security_groups.aws_security_group.ecs",
            "module.security_groups.aws_security_group.rds",
            "module.vpc.aws_subnet.private",
            "module.vpc.aws_subnet.public",
            "module.vpc.aws_vpc.main"
          ]
        }
      ]
    },
    {
      "module": "module.autoscaling",
      "mode": "managed",
      "type": "aws_appautoscaling_policy",
      "name": "middleware_memory",
      "provider": "provider[\"registry.terraform.io/hashicorp/aws\"]",
      "instances": [
        {
          "index_key": 0,
          "schema_version": 0,
          "attributes": {
            "alarm_arns": [
              "arn:aws:cloudwatch:us-east-1:126588786097:alarm:TargetTracking-service/inia-prod-cluster/inia-prod-middleware-service-AlarmHigh-a297a775-e074-46df-8c47-51c8a852c401",
              "arn:aws:cloudwatch:us-east-1:126588786097:alarm:TargetTracking-service/inia-prod-cluster/inia-prod-middleware-service-AlarmLow-8414c589-7a3f-42c2-bba9-abdf89f23d28"
            ],
            "arn": "arn:aws:autoscaling:us-east-1:126588786097:scalingPolicy:1fb7af0f-319f-4cc4-9816-1b64fa2aafb6:resource/ecs/service/inia-prod-cluster/inia-prod-middleware-service:policyName/inia-prod-middleware-memory-scaling",
            "id": "inia-prod-middleware-memory-scaling",
            "name": "inia-prod-middleware-memory-scaling",
            "policy_type": "TargetTrackingScaling",
            "resource_id": "service/inia-prod-cluster/inia-prod-middleware-service",
            "scalable_dimension": "ecs:service:DesiredCount",
            "service_namespace": "ecs",
            "step_scaling_policy_configuration": [],
            "target_tracking_scaling_policy_configuration": [
              {
                "customized_metric_specification": [],
                "disable_scale_in": false,
                "predefined_metric_specification": [
                  {
                    "predefined_metric_type": "ECSServiceAverageMemoryUtilization",
                    "resource_label": ""
                  }
                ],
                "scale_in_cooldown": 300,
                "scale_out_cooldown": 60,
                "target_value": 75
              }
            ]
          },
          "sensitive_attributes": [],
          "private": "bnVsbA==",
          "dependencies": [
            "data.aws_availability_zones.available",
            "module.acm.aws_acm_certificate.main",
            "module.autoscaling.aws_appautoscaling_target.middleware",
            "module.ecr.aws_ecr_repository.backend",
            "module.ecr.aws_ecr_repository.frontend",
            "module.ecr.aws_ecr_repository.middleware",
            "module.ecs.aws_cloudwatch_log_group.backend",
            "module.ecs.aws_cloudwatch_log_group.frontend",
            "module.ecs.aws_cloudwatch_log_group.middleware",
            "module.ecs.aws_ecs_cluster.main",
            "module.ecs.aws_ecs_service.backend",
            "module.ecs.aws_ecs_service.frontend",
            "module.ecs.aws_ecs_service.middleware",
            "module.ecs.aws_ecs_task_definition.backend",
            "module.ecs.aws_ecs_task_definition.frontend",
            "module.ecs.aws_ecs_task_definition.middleware",
            "module.ecs.aws_lb.main",
            "module.ecs.aws_lb_listener.http_forward",
            "module.ecs.aws_lb_listener.http_redirect",
            "module.ecs.aws_lb_listener.https",
            "module.ecs.aws_lb_listener_rule.backend",
            "module.ecs.aws_lb_listener_rule.backend_health",
            "module.ecs.aws_lb_listener_rule.middleware",
            "module.ecs.aws_lb_listener_rule.swagger",
            "module.ecs.aws_lb_target_group.backend",
            "module.ecs.aws_lb_target_group.frontend",
            "module.ecs.aws_lb_target_group.middleware",
            "module.ecs.aws_route53_record.main",
            "module.ecs.aws_route53_zone.main",
            "module.ecs.data.aws_region.current",
            "module.ecs.data.aws_route53_zone.existing",
            "module.iam.aws_iam_role.ecs_task",
            "module.iam.aws_iam_role.ecs_task_execution",
            "module.iam.data.aws_iam_role.ecs_task_execution_existing",
            "module.iam.data.aws_iam_role.ecs_task_existing",
            "module.rds.aws_db_instance.main",
            "module.rds.aws_db_subnet_group.main",
            "module.rds.data.aws_iam_role.rds_enhanced_monitoring",
            "module.secrets.aws_secretsmanager_secret.db_password",
            "module.secrets.aws_secretsmanager_secret.jwt_secret",
            "module.security_groups.aws_security_group.alb",
            "module.security_groups.aws_security_group.ecs",
            "module.security_groups.aws_security_group.rds",
            "module.vpc.aws_subnet.private",
            "module.vpc.aws_subnet.public",
            "module.vpc.aws_vpc.main"
          ]
        }
      ]
    },
    {
      "module": "module.autoscaling",
      "mode": "managed",
      "type": "aws_appautoscaling_target",
      "name": "backend",
      "provider": "provider[\"registry.terraform.io/hashicorp/aws\"]",
      "instances": [
        {
          "index_key": 0,
          "schema_version": 0,
          "attributes": {
            "arn": "arn:aws:application-autoscaling:us-east-1:126588786097:scalable-target/0ec55bcc78d4430445188d3da32fcd4dede2",
            "id": "service/inia-prod-cluster/inia-prod-backend-service",
            "max_capacity": 5,
            "min_capacity": 1,
            "resource_id": "service/inia-prod-cluster/inia-prod-backend-service",
            "role_arn": "arn:aws:iam::126588786097:role/aws-service-role/ecs.application-autoscaling.amazonaws.com/AWSServiceRoleForApplicationAutoScaling_ECSService",
            "scalable_dimension": "ecs:service:DesiredCount",
            "service_namespace": "ecs",
            "suspended_state": [
              {
                "dynamic_scaling_in_suspended": false,
                "dynamic_scaling_out_suspended": false,
                "scheduled_scaling_suspended": false
              }
            ],
            "tags": null,
            "tags_all": {
              "Environment": "prod",
              "ManagedBy": "Terraform",
              "Project": "IniaProject"
            }
          },
          "sensitive_attributes": [],
          "private": "bnVsbA==",
          "dependencies": [
            "data.aws_availability_zones.available",
            "module.acm.aws_acm_certificate.main",
            "module.ecr.aws_ecr_repository.backend",
            "module.ecr.aws_ecr_repository.frontend",
            "module.ecr.aws_ecr_repository.middleware",
            "module.ecs.aws_cloudwatch_log_group.backend",
            "module.ecs.aws_cloudwatch_log_group.frontend",
            "module.ecs.aws_cloudwatch_log_group.middleware",
            "module.ecs.aws_ecs_cluster.main",
            "module.ecs.aws_ecs_service.backend",
            "module.ecs.aws_ecs_service.frontend",
            "module.ecs.aws_ecs_service.middleware",
            "module.ecs.aws_ecs_task_definition.backend",
            "module.ecs.aws_ecs_task_definition.frontend",
            "module.ecs.aws_ecs_task_definition.middleware",
            "module.ecs.aws_lb.main",
            "module.ecs.aws_lb_listener.http_forward",
            "module.ecs.aws_lb_listener.http_redirect",
            "module.ecs.aws_lb_listener.https",
            "module.ecs.aws_lb_listener_rule.backend",
            "module.ecs.aws_lb_listener_rule.backend_health",
            "module.ecs.aws_lb_listener_rule.middleware",
            "module.ecs.aws_lb_listener_rule.swagger",
            "module.ecs.aws_lb_target_group.backend",
            "module.ecs.aws_lb_target_group.frontend",
            "module.ecs.aws_lb_target_group.middleware",
            "module.ecs.aws_route53_record.main",
            "module.ecs.aws_route53_zone.main",
            "module.ecs.data.aws_region.current",
            "module.ecs.data.aws_route53_zone.existing",
            "module.iam.aws_iam_role.ecs_task",
            "module.iam.aws_iam_role.ecs_task_execution",
            "module.iam.data.aws_iam_role.ecs_task_execution_existing",
            "module.iam.data.aws_iam_role.ecs_task_existing",
            "module.rds.aws_db_instance.main",
            "module.rds.aws_db_subnet_group.main",
            "module.rds.data.aws_iam_role.rds_enhanced_monitoring",
            "module.secrets.aws_secretsmanager_secret.db_password",
            "module.secrets.aws_secretsmanager_secret.jwt_secret",
            "module.security_groups.aws_security_group.alb",
            "module.security_groups.aws_security_group.ecs",
            "module.security_groups.aws_security_group.rds",
            "module.vpc.aws_subnet.private",
            "module.vpc.aws_subnet.public",
            "module.vpc.aws_vpc.main"
          ]
        }
      ]
    },
    {
      "module": "module.autoscaling",
      "mode": "managed",
      "type": "aws_appautoscaling_target",
      "name": "frontend",
      "provider": "provider[\"registry.terraform.io/hashicorp/aws\"]",
      "instances": [
        {
          "index_key": 0,
          "schema_version": 0,
          "attributes": {
            "arn": "arn:aws:application-autoscaling:us-east-1:126588786097:scalable-target/0ec52c293b3f04664b5c97dc190b3594f92c",
            "id": "service/inia-prod-cluster/inia-prod-frontend-service",
            "max_capacity": 3,
            "min_capacity": 1,
            "resource_id": "service/inia-prod-cluster/inia-prod-frontend-service",
            "role_arn": "arn:aws:iam::126588786097:role/aws-service-role/ecs.application-autoscaling.amazonaws.com/AWSServiceRoleForApplicationAutoScaling_ECSService",
            "scalable_dimension": "ecs:service:DesiredCount",
            "service_namespace": "ecs",
            "suspended_state": [
              {
                "dynamic_scaling_in_suspended": false,
                "dynamic_scaling_out_suspended": false,
                "scheduled_scaling_suspended": false
              }
            ],
            "tags": null,
            "tags_all": {
              "Environment": "prod",
              "ManagedBy": "Terraform",
              "Project": "IniaProject"
            }
          },
          "sensitive_attributes": [],
          "private": "bnVsbA==",
          "dependencies": [
            "data.aws_availability_zones.available",
            "module.acm.aws_acm_certificate.main",
            "module.ecr.aws_ecr_repository.backend",
            "module.ecr.aws_ecr_repository.frontend",
            "module.ecr.aws_ecr_repository.middleware",
            "module.ecs.aws_cloudwatch_log_group.backend",
            "module.ecs.aws_cloudwatch_log_group.frontend",
            "module.ecs.aws_cloudwatch_log_group.middleware",
            "module.ecs.aws_ecs_cluster.main",
            "module.ecs.aws_ecs_service.backend",
            "module.ecs.aws_ecs_service.frontend",
            "module.ecs.aws_ecs_service.middleware",
            "module.ecs.aws_ecs_task_definition.backend",
            "module.ecs.aws_ecs_task_definition.frontend",
            "module.ecs.aws_ecs_task_definition.middleware",
            "module.ecs.aws_lb.main",
            "module.ecs.aws_lb_listener.http_forward",
            "module.ecs.aws_lb_listener.http_redirect",
            "module.ecs.aws_lb_listener.https",
            "module.ecs.aws_lb_listener_rule.backend",
            "module.ecs.aws_lb_listener_rule.backend_health",
            "module.ecs.aws_lb_listener_rule.middleware",
            "module.ecs.aws_lb_listener_rule.swagger",
            "module.ecs.aws_lb_target_group.backend",
            "module.ecs.aws_lb_target_group.frontend",
            "module.ecs.aws_lb_target_group.middleware",
            "module.ecs.aws_route53_record.main",
            "module.ecs.aws_route53_zone.main",
            "module.ecs.data.aws_region.current",
            "module.ecs.data.aws_route53_zone.existing",
            "module.iam.aws_iam_role.ecs_task",
            "module.iam.aws_iam_role.ecs_task_execution",
            "module.iam.data.aws_iam_role.ecs_task_execution_existing",
            "module.iam.data.aws_iam_role.ecs_task_existing",
            "module.rds.aws_db_instance.main",
            "module.rds.aws_db_subnet_group.main",
            "module.rds.data.aws_iam_role.rds_enhanced_monitoring",
            "module.secrets.aws_secretsmanager_secret.db_password",
            "module.secrets.aws_secretsmanager_secret.jwt_secret",
            "module.security_groups.aws_security_group.alb",
            "module.security_groups.aws_security_group.ecs",
            "module.security_groups.aws_security_group.rds",
            "module.vpc.aws_subnet.private",
            "module.vpc.aws_subnet.public",
            "module.vpc.aws_vpc.main"
          ]
        }
      ]
    },
    {
      "module": "module.autoscaling",
      "mode": "managed",
      "type": "aws_appautoscaling_target",
      "name": "middleware",
      "provider": "provider[\"registry.terraform.io/hashicorp/aws\"]",
      "instances": [
        {
          "index_key": 0,
          "schema_version": 0,
          "attributes": {
            "arn": "arn:aws:application-autoscaling:us-east-1:126588786097:scalable-target/0ec51fb7af0f319f4cc498161b64fa2aafb6",
            "id": "service/inia-prod-cluster/inia-prod-middleware-service",
            "max_capacity": 5,
            "min_capacity": 1,
            "resource_id": "service/inia-prod-cluster/inia-prod-middleware-service",
            "role_arn": "arn:aws:iam::126588786097:role/aws-service-role/ecs.application-autoscaling.amazonaws.com/AWSServiceRoleForApplicationAutoScaling_ECSService",
            "scalable_dimension": "ecs:service:DesiredCount",
            "service_namespace": "ecs",
            "suspended_state": [
              {
                "dynamic_scaling_in_suspended": false,
                "dynamic_scaling_out_suspended": false,
                "scheduled_scaling_suspended": false
              }
            ],
            "tags": null,
            "tags_all": {
              "Environment": "prod",
              "ManagedBy": "Terraform",
              "Project": "IniaProject"
            }
          },
          "sensitive_attributes": [],
          "private": "bnVsbA==",
          "dependencies": [
            "data.aws_availability_zones.available",
            "module.acm.aws_acm_certificate.main",
            "module.ecr.aws_ecr_repository.backend",
            "module.ecr.aws_ecr_repository.frontend",
            "module.ecr.aws_ecr_repository.middleware",
            "module.ecs.aws_cloudwatch_log_group.backend",
            "module.ecs.aws_cloudwatch_log_group.frontend",
            "module.ecs.aws_cloudwatch_log_group.middleware",
            "module.ecs.aws_ecs_cluster.main",
            "module.ecs.aws_ecs_service.backend",
            "module.ecs.aws_ecs_service.frontend",
            "module.ecs.aws_ecs_service.middleware",
            "module.ecs.aws_ecs_task_definition.backend",
            "module.ecs.aws_ecs_task_definition.frontend",
            "module.ecs.aws_ecs_task_definition.middleware",
            "module.ecs.aws_lb.main",
            "module.ecs.aws_lb_listener.http_forward",
            "module.ecs.aws_lb_listener.http_redirect",
            "module.ecs.aws_lb_listener.https",
            "module.ecs.aws_lb_listener_rule.backend",
            "module.ecs.aws_lb_listener_rule.backend_health",
            "module.ecs.aws_lb_listener_rule.middleware",
            "module.ecs.aws_lb_listener_rule.swagger",
            "module.ecs.aws_lb_target_group.backend",
            "module.ecs.aws_lb_target_group.frontend",
            "module.ecs.aws_lb_target_group.middleware",
            "module.ecs.aws_route53_record.main",
            "module.ecs.aws_route53_zone.main",
            "module.ecs.data.aws_region.current",
            "module.ecs.data.aws_route53_zone.existing",
            "module.iam.aws_iam_role.ecs_task",
            "module.iam.aws_iam_role.ecs_task_execution",
            "module.iam.data.aws_iam_role.ecs_task_execution_existing",
            "module.iam.data.aws_iam_role.ecs_task_existing",
            "module.rds.aws_db_instance.main",
            "module.rds.aws_db_subnet_group.main",
            "module.rds.data.aws_iam_role.rds_enhanced_monitoring",
            "module.secrets.aws_secretsmanager_secret.db_password",
            "module.secrets.aws_secretsmanager_secret.jwt_secret",
            "module.security_groups.aws_security_group.alb",
            "module.security_groups.aws_security_group.ecs",
            "module.security_groups.aws_security_group.rds",
            "module.vpc.aws_subnet.private",
            "module.vpc.aws_subnet.public",
            "module.vpc.aws_vpc.main"
          ]
        }
      ]
    },
    {
      "module": "module.cloudwatch_alarms",
      "mode": "managed",
      "type": "aws_cloudwatch_metric_alarm",
      "name": "alb_5xx_errors",
      "provider": "provider[\"registry.terraform.io/hashicorp/aws\"]",
      "instances": [
        {
          "index_key": 0,
          "schema_version": 1,
          "attributes": {
            "actions_enabled": true,
            "alarm_actions": null,
            "alarm_description": "ALB is returning more than 10 5xx errors in 5 minutes",
            "alarm_name": "inia-prod-alb-5xx-errors",
            "arn": "arn:aws:cloudwatch:us-east-1:126588786097:alarm:inia-prod-alb-5xx-errors",
            "comparison_operator": "GreaterThanThreshold",
            "datapoints_to_alarm": 0,
            "dimensions": {
              "LoadBalancer": "app/inia-prod-alb/9e5f326344bb536e"
            },
            "evaluate_low_sample_count_percentiles": "",
            "evaluation_periods": 2,
            "extended_statistic": "",
            "id": "inia-prod-alb-5xx-errors",
            "insufficient_data_actions": null,
            "metric_name": "HTTPCode_Target_5XX_Count",
            "metric_query": [],
            "namespace": "AWS/ApplicationELB",
            "ok_actions": null,
            "period": 300,
            "statistic": "Sum",
            "tags": null,
            "tags_all": {
              "Environment": "prod",
              "ManagedBy": "Terraform",
              "Project": "IniaProject"
            },
            "threshold": 10,
            "threshold_metric_id": "",
            "treat_missing_data": "notBreaching",
            "unit": ""
          },
          "sensitive_attributes": [],
          "private": "eyJzY2hlbWFfdmVyc2lvbiI6IjEifQ==",
          "dependencies": [
            "data.aws_availability_zones.available",
            "module.acm.aws_acm_certificate.main",
            "module.cloudwatch_alarms.aws_sns_topic.alarms",
            "module.ecr.aws_ecr_repository.backend",
            "module.ecr.aws_ecr_repository.frontend",
            "module.ecr.aws_ecr_repository.middleware",
            "module.ecs.aws_cloudwatch_log_group.backend",
            "module.ecs.aws_cloudwatch_log_group.frontend",
            "module.ecs.aws_cloudwatch_log_group.middleware",
            "module.ecs.aws_ecs_cluster.main",
            "module.ecs.aws_ecs_service.backend",
            "module.ecs.aws_ecs_service.frontend",
            "module.ecs.aws_ecs_service.middleware",
            "module.ecs.aws_ecs_task_definition.backend",
            "module.ecs.aws_ecs_task_definition.frontend",
            "module.ecs.aws_ecs_task_definition.middleware",
            "module.ecs.aws_lb.main",
            "module.ecs.aws_lb_listener.http_forward",
            "module.ecs.aws_lb_listener.http_redirect",
            "module.ecs.aws_lb_listener.https",
            "module.ecs.aws_lb_listener_rule.backend",
            "module.ecs.aws_lb_listener_rule.backend_health",
            "module.ecs.aws_lb_listener_rule.middleware",
            "module.ecs.aws_lb_listener_rule.swagger",
            "module.ecs.aws_lb_target_group.backend",
            "module.ecs.aws_lb_target_group.frontend",
            "module.ecs.aws_lb_target_group.middleware",
            "module.ecs.aws_route53_record.main",
            "module.ecs.aws_route53_zone.main",
            "module.ecs.data.aws_region.current",
            "module.ecs.data.aws_route53_zone.existing",
            "module.iam.aws_iam_role.ecs_task",
            "module.iam.aws_iam_role.ecs_task_execution",
            "module.iam.data.aws_iam_role.ecs_task_execution_existing",
            "module.iam.data.aws_iam_role.ecs_task_existing",
            "module.rds.aws_db_instance.main",
            "module.rds.aws_db_subnet_group.main",
            "module.rds.data.aws_iam_role.rds_enhanced_monitoring",
            "module.secrets.aws_secretsmanager_secret.db_password",
            "module.secrets.aws_secretsmanager_secret.jwt_secret",
            "module.security_groups.aws_security_group.alb",
            "module.security_groups.aws_security_group.ecs",
            "module.security_groups.aws_security_group.rds",
            "module.vpc.aws_subnet.private",
            "module.vpc.aws_subnet.public",
            "module.vpc.aws_vpc.main"
          ]
        }
      ]
    },
    {
      "module": "module.cloudwatch_alarms",
      "mode": "managed",
      "type": "aws_cloudwatch_metric_alarm",
      "name": "alb_high_latency",
      "provider": "provider[\"registry.terraform.io/hashicorp/aws\"]",
      "instances": [
        {
          "index_key": 0,
          "schema_version": 1,
          "attributes": {
            "actions_enabled": true,
            "alarm_actions": null,
            "alarm_description": "ALB average response time is above 2 seconds",
            "alarm_name": "inia-prod-alb-high-latency",
            "arn": "arn:aws:cloudwatch:us-east-1:126588786097:alarm:inia-prod-alb-high-latency",
            "comparison_operator": "GreaterThanThreshold",
            "datapoints_to_alarm": 0,
            "dimensions": {
              "LoadBalancer": "app/inia-prod-alb/9e5f326344bb536e"
            },
            "evaluate_low_sample_count_percentiles": "",
            "evaluation_periods": 2,
            "extended_statistic": "",
            "id": "inia-prod-alb-high-latency",
            "insufficient_data_actions": null,
            "metric_name": "TargetResponseTime",
            "metric_query": [],
            "namespace": "AWS/ApplicationELB",
            "ok_actions": null,
            "period": 300,
            "statistic": "Average",
            "tags": null,
            "tags_all": {
              "Environment": "prod",
              "ManagedBy": "Terraform",
              "Project": "IniaProject"
            },
            "threshold": 2,
            "threshold_metric_id": "",
            "treat_missing_data": "notBreaching",
            "unit": ""
          },
          "sensitive_attributes": [],
          "private": "eyJzY2hlbWFfdmVyc2lvbiI6IjEifQ==",
          "dependencies": [
            "data.aws_availability_zones.available",
            "module.acm.aws_acm_certificate.main",
            "module.cloudwatch_alarms.aws_sns_topic.alarms",
            "module.ecr.aws_ecr_repository.backend",
            "module.ecr.aws_ecr_repository.frontend",
            "module.ecr.aws_ecr_repository.middleware",
            "module.ecs.aws_cloudwatch_log_group.backend",
            "module.ecs.aws_cloudwatch_log_group.frontend",
            "module.ecs.aws_cloudwatch_log_group.middleware",
            "module.ecs.aws_ecs_cluster.main",
            "module.ecs.aws_ecs_service.backend",
            "module.ecs.aws_ecs_service.frontend",
            "module.ecs.aws_ecs_service.middleware",
            "module.ecs.aws_ecs_task_definition.backend",
            "module.ecs.aws_ecs_task_definition.frontend",
            "module.ecs.aws_ecs_task_definition.middleware",
            "module.ecs.aws_lb.main",
            "module.ecs.aws_lb_listener.http_forward",
            "module.ecs.aws_lb_listener.http_redirect",
            "module.ecs.aws_lb_listener.https",
            "module.ecs.aws_lb_listener_rule.backend",
            "module.ecs.aws_lb_listener_rule.backend_health",
            "module.ecs.aws_lb_listener_rule.middleware",
            "module.ecs.aws_lb_listener_rule.swagger",
            "module.ecs.aws_lb_target_group.backend",
            "module.ecs.aws_lb_target_group.frontend",
            "module.ecs.aws_lb_target_group.middleware",
            "module.ecs.aws_route53_record.main",
            "module.ecs.aws_route53_zone.main",
            "module.ecs.data.aws_region.current",
            "module.ecs.data.aws_route53_zone.existing",
            "module.iam.aws_iam_role.ecs_task",
            "module.iam.aws_iam_role.ecs_task_execution",
            "module.iam.data.aws_iam_role.ecs_task_execution_existing",
            "module.iam.data.aws_iam_role.ecs_task_existing",
            "module.rds.aws_db_instance.main",
            "module.rds.aws_db_subnet_group.main",
            "module.rds.data.aws_iam_role.rds_enhanced_monitoring",
            "module.secrets.aws_secretsmanager_secret.db_password",
            "module.secrets.aws_secretsmanager_secret.jwt_secret",
            "module.security_groups.aws_security_group.alb",
            "module.security_groups.aws_security_group.ecs",
            "module.security_groups.aws_security_group.rds",
            "module.vpc.aws_subnet.private",
            "module.vpc.aws_subnet.public",
            "module.vpc.aws_vpc.main"
          ]
        }
      ]
    },
    {
      "module": "module.cloudwatch_alarms",
      "mode": "managed",
      "type": "aws_cloudwatch_metric_alarm",
      "name": "alb_unhealthy_targets",
      "provider": "provider[\"registry.terraform.io/hashicorp/aws\"]",
      "instances": [
        {
          "index_key": 0,
          "schema_version": 1,
          "attributes": {
            "actions_enabled": true,
            "alarm_actions": null,
            "alarm_description": "ALB has unhealthy targets",
            "alarm_name": "inia-prod-alb-unhealthy-targets",
            "arn": "arn:aws:cloudwatch:us-east-1:126588786097:alarm:inia-prod-alb-unhealthy-targets",
            "comparison_operator": "GreaterThanThreshold",
            "datapoints_to_alarm": 0,
            "dimensions": {
              "LoadBalancer": "app/inia-prod-alb/9e5f326344bb536e",
              "TargetGroup": "targetgroup/inia-prod-backend-tg/bb3a0894be1e9202"
            },
            "evaluate_low_sample_count_percentiles": "",
            "evaluation_periods": 2,
            "extended_statistic": "",
            "id": "inia-prod-alb-unhealthy-targets",
            "insufficient_data_actions": null,
            "metric_name": "UnHealthyHostCount",
            "metric_query": [],
            "namespace": "AWS/ApplicationELB",
            "ok_actions": null,
            "period": 300,
            "statistic": "Maximum",
            "tags": null,
            "tags_all": {
              "Environment": "prod",
              "ManagedBy": "Terraform",
              "Project": "IniaProject"
            },
            "threshold": 0,
            "threshold_metric_id": "",
            "treat_missing_data": "notBreaching",
            "unit": ""
          },
          "sensitive_attributes": [],
          "private": "eyJzY2hlbWFfdmVyc2lvbiI6IjEifQ==",
          "dependencies": [
            "data.aws_availability_zones.available",
            "module.acm.aws_acm_certificate.main",
            "module.cloudwatch_alarms.aws_sns_topic.alarms",
            "module.ecr.aws_ecr_repository.backend",
            "module.ecr.aws_ecr_repository.frontend",
            "module.ecr.aws_ecr_repository.middleware",
            "module.ecs.aws_cloudwatch_log_group.backend",
            "module.ecs.aws_cloudwatch_log_group.frontend",
            "module.ecs.aws_cloudwatch_log_group.middleware",
            "module.ecs.aws_ecs_cluster.main",
            "module.ecs.aws_ecs_service.backend",
            "module.ecs.aws_ecs_service.frontend",
            "module.ecs.aws_ecs_service.middleware",
            "module.ecs.aws_ecs_task_definition.backend",
            "module.ecs.aws_ecs_task_definition.frontend",
            "module.ecs.aws_ecs_task_definition.middleware",
            "module.ecs.aws_lb.main",
            "module.ecs.aws_lb_listener.http_forward",
            "module.ecs.aws_lb_listener.http_redirect",
            "module.ecs.aws_lb_listener.https",
            "module.ecs.aws_lb_listener_rule.backend",
            "module.ecs.aws_lb_listener_rule.backend_health",
            "module.ecs.aws_lb_listener_rule.middleware",
            "module.ecs.aws_lb_listener_rule.swagger",
            "module.ecs.aws_lb_target_group.backend",
            "module.ecs.aws_lb_target_group.frontend",
            "module.ecs.aws_lb_target_group.middleware",
            "module.ecs.aws_route53_record.main",
            "module.ecs.aws_route53_zone.main",
            "module.ecs.data.aws_region.current",
            "module.ecs.data.aws_route53_zone.existing",
            "module.iam.aws_iam_role.ecs_task",
            "module.iam.aws_iam_role.ecs_task_execution",
            "module.iam.data.aws_iam_role.ecs_task_execution_existing",
            "module.iam.data.aws_iam_role.ecs_task_existing",
            "module.rds.aws_db_instance.main",
            "module.rds.aws_db_subnet_group.main",
            "module.rds.data.aws_iam_role.rds_enhanced_monitoring",
            "module.secrets.aws_secretsmanager_secret.db_password",
            "module.secrets.aws_secretsmanager_secret.jwt_secret",
            "module.security_groups.aws_security_group.alb",
            "module.security_groups.aws_security_group.ecs",
            "module.security_groups.aws_security_group.rds",
            "module.vpc.aws_subnet.private",
            "module.vpc.aws_subnet.public",
            "module.vpc.aws_vpc.main"
          ]
        }
      ]
    },
    {
      "module": "module.cloudwatch_alarms",
      "mode": "managed",
      "type": "aws_cloudwatch_metric_alarm",
      "name": "backend_cpu_high",
      "provider": "provider[\"registry.terraform.io/hashicorp/aws\"]",
      "instances": [
        {
          "index_key": 0,
          "schema_version": 1,
          "attributes": {
            "actions_enabled": true,
            "alarm_actions": null,
            "alarm_description": "Backend CPU utilization is above 80%",
            "alarm_name": "inia-prod-backend-cpu-high",
            "arn": "arn:aws:cloudwatch:us-east-1:126588786097:alarm:inia-prod-backend-cpu-high",
            "comparison_operator": "GreaterThanThreshold",
            "datapoints_to_alarm": 0,
            "dimensions": {
              "ClusterName": "inia-prod-cluster",
              "ServiceName": "inia-prod-backend-service"
            },
            "evaluate_low_sample_count_percentiles": "",
            "evaluation_periods": 2,
            "extended_statistic": "",
            "id": "inia-prod-backend-cpu-high",
            "insufficient_data_actions": null,
            "metric_name": "CPUUtilization",
            "metric_query": [],
            "namespace": "AWS/ECS",
            "ok_actions": null,
            "period": 300,
            "statistic": "Average",
            "tags": null,
            "tags_all": {
              "Environment": "prod",
              "ManagedBy": "Terraform",
              "Project": "IniaProject"
            },
            "threshold": 80,
            "threshold_metric_id": "",
            "treat_missing_data": "missing",
            "unit": ""
          },
          "sensitive_attributes": [],
          "private": "eyJzY2hlbWFfdmVyc2lvbiI6IjEifQ==",
          "dependencies": [
            "data.aws_availability_zones.available",
            "module.acm.aws_acm_certificate.main",
            "module.cloudwatch_alarms.aws_sns_topic.alarms",
            "module.ecr.aws_ecr_repository.backend",
            "module.ecr.aws_ecr_repository.frontend",
            "module.ecr.aws_ecr_repository.middleware",
            "module.ecs.aws_cloudwatch_log_group.backend",
            "module.ecs.aws_cloudwatch_log_group.frontend",
            "module.ecs.aws_cloudwatch_log_group.middleware",
            "module.ecs.aws_ecs_cluster.main",
            "module.ecs.aws_ecs_service.backend",
            "module.ecs.aws_ecs_service.frontend",
            "module.ecs.aws_ecs_service.middleware",
            "module.ecs.aws_ecs_task_definition.backend",
            "module.ecs.aws_ecs_task_definition.frontend",
            "module.ecs.aws_ecs_task_definition.middleware",
            "module.ecs.aws_lb.main",
            "module.ecs.aws_lb_listener.http_forward",
            "module.ecs.aws_lb_listener.http_redirect",
            "module.ecs.aws_lb_listener.https",
            "module.ecs.aws_lb_listener_rule.backend",
            "module.ecs.aws_lb_listener_rule.backend_health",
            "module.ecs.aws_lb_listener_rule.middleware",
            "module.ecs.aws_lb_listener_rule.swagger",
            "module.ecs.aws_lb_target_group.backend",
            "module.ecs.aws_lb_target_group.frontend",
            "module.ecs.aws_lb_target_group.middleware",
            "module.ecs.aws_route53_record.main",
            "module.ecs.aws_route53_zone.main",
            "module.ecs.data.aws_region.current",
            "module.ecs.data.aws_route53_zone.existing",
            "module.iam.aws_iam_role.ecs_task",
            "module.iam.aws_iam_role.ecs_task_execution",
            "module.iam.data.aws_iam_role.ecs_task_execution_existing",
            "module.iam.data.aws_iam_role.ecs_task_existing",
            "module.rds.aws_db_instance.main",
            "module.rds.aws_db_subnet_group.main",
            "module.rds.data.aws_iam_role.rds_enhanced_monitoring",
            "module.secrets.aws_secretsmanager_secret.db_password",
            "module.secrets.aws_secretsmanager_secret.jwt_secret",
            "module.security_groups.aws_security_group.alb",
            "module.security_groups.aws_security_group.ecs",
            "module.security_groups.aws_security_group.rds",
            "module.vpc.aws_subnet.private",
            "module.vpc.aws_subnet.public",
            "module.vpc.aws_vpc.main"
          ]
        }
      ]
    },
    {
      "module": "module.cloudwatch_alarms",
      "mode": "managed",
      "type": "aws_cloudwatch_metric_alarm",
      "name": "backend_memory_high",
      "provider": "provider[\"registry.terraform.io/hashicorp/aws\"]",
      "instances": [
        {
          "index_key": 0,
          "schema_version": 1,
          "attributes": {
            "actions_enabled": true,
            "alarm_actions": null,
            "alarm_description": "Backend Memory utilization is above 85%",
            "alarm_name": "inia-prod-backend-memory-high",
            "arn": "arn:aws:cloudwatch:us-east-1:126588786097:alarm:inia-prod-backend-memory-high",
            "comparison_operator": "GreaterThanThreshold",
            "datapoints_to_alarm": 0,
            "dimensions": {
              "ClusterName": "inia-prod-cluster",
              "ServiceName": "inia-prod-backend-service"
            },
            "evaluate_low_sample_count_percentiles": "",
            "evaluation_periods": 2,
            "extended_statistic": "",
            "id": "inia-prod-backend-memory-high",
            "insufficient_data_actions": null,
            "metric_name": "MemoryUtilization",
            "metric_query": [],
            "namespace": "AWS/ECS",
            "ok_actions": null,
            "period": 300,
            "statistic": "Average",
            "tags": null,
            "tags_all": {
              "Environment": "prod",
              "ManagedBy": "Terraform",
              "Project": "IniaProject"
            },
            "threshold": 85,
            "threshold_metric_id": "",
            "treat_missing_data": "missing",
            "unit": ""
          },
          "sensitive_attributes": [],
          "private": "eyJzY2hlbWFfdmVyc2lvbiI6IjEifQ==",
          "dependencies": [
            "data.aws_availability_zones.available",
            "module.acm.aws_acm_certificate.main",
            "module.cloudwatch_alarms.aws_sns_topic.alarms",
            "module.ecr.aws_ecr_repository.backend",
            "module.ecr.aws_ecr_repository.frontend",
            "module.ecr.aws_ecr_repository.middleware",
            "module.ecs.aws_cloudwatch_log_group.backend",
            "module.ecs.aws_cloudwatch_log_group.frontend",
            "module.ecs.aws_cloudwatch_log_group.middleware",
            "module.ecs.aws_ecs_cluster.main",
            "module.ecs.aws_ecs_service.backend",
            "module.ecs.aws_ecs_service.frontend",
            "module.ecs.aws_ecs_service.middleware",
            "module.ecs.aws_ecs_task_definition.backend",
            "module.ecs.aws_ecs_task_definition.frontend",
            "module.ecs.aws_ecs_task_definition.middleware",
            "module.ecs.aws_lb.main",
            "module.ecs.aws_lb_listener.http_forward",
            "module.ecs.aws_lb_listener.http_redirect",
            "module.ecs.aws_lb_listener.https",
            "module.ecs.aws_lb_listener_rule.backend",
            "module.ecs.aws_lb_listener_rule.backend_health",
            "module.ecs.aws_lb_listener_rule.middleware",
            "module.ecs.aws_lb_listener_rule.swagger",
            "module.ecs.aws_lb_target_group.backend",
            "module.ecs.aws_lb_target_group.frontend",
            "module.ecs.aws_lb_target_group.middleware",
            "module.ecs.aws_route53_record.main",
            "module.ecs.aws_route53_zone.main",
            "module.ecs.data.aws_region.current",
            "module.ecs.data.aws_route53_zone.existing",
            "module.iam.aws_iam_role.ecs_task",
            "module.iam.aws_iam_role.ecs_task_execution",
            "module.iam.data.aws_iam_role.ecs_task_execution_existing",
            "module.iam.data.aws_iam_role.ecs_task_existing",
            "module.rds.aws_db_instance.main",
            "module.rds.aws_db_subnet_group.main",
            "module.rds.data.aws_iam_role.rds_enhanced_monitoring",
            "module.secrets.aws_secretsmanager_secret.db_password",
            "module.secrets.aws_secretsmanager_secret.jwt_secret",
            "module.security_groups.aws_security_group.alb",
            "module.security_groups.aws_security_group.ecs",
            "module.security_groups.aws_security_group.rds",
            "module.vpc.aws_subnet.private",
            "module.vpc.aws_subnet.public",
            "module.vpc.aws_vpc.main"
          ]
        }
      ]
    },
    {
      "module": "module.cloudwatch_alarms",
      "mode": "managed",
      "type": "aws_cloudwatch_metric_alarm",
      "name": "middleware_cpu_high",
      "provider": "provider[\"registry.terraform.io/hashicorp/aws\"]",
      "instances": [
        {
          "index_key": 0,
          "schema_version": 1,
          "attributes": {
            "actions_enabled": true,
            "alarm_actions": null,
            "alarm_description": "Middleware CPU utilization is above 80%",
            "alarm_name": "inia-prod-middleware-cpu-high",
            "arn": "arn:aws:cloudwatch:us-east-1:126588786097:alarm:inia-prod-middleware-cpu-high",
            "comparison_operator": "GreaterThanThreshold",
            "datapoints_to_alarm": 0,
            "dimensions": {
              "ClusterName": "inia-prod-cluster",
              "ServiceName": "inia-prod-middleware-service"
            },
            "evaluate_low_sample_count_percentiles": "",
            "evaluation_periods": 2,
            "extended_statistic": "",
            "id": "inia-prod-middleware-cpu-high",
            "insufficient_data_actions": null,
            "metric_name": "CPUUtilization",
            "metric_query": [],
            "namespace": "AWS/ECS",
            "ok_actions": null,
            "period": 300,
            "statistic": "Average",
            "tags": null,
            "tags_all": {
              "Environment": "prod",
              "ManagedBy": "Terraform",
              "Project": "IniaProject"
            },
            "threshold": 80,
            "threshold_metric_id": "",
            "treat_missing_data": "missing",
            "unit": ""
          },
          "sensitive_attributes": [],
          "private": "eyJzY2hlbWFfdmVyc2lvbiI6IjEifQ==",
          "dependencies": [
            "data.aws_availability_zones.available",
            "module.acm.aws_acm_certificate.main",
            "module.cloudwatch_alarms.aws_sns_topic.alarms",
            "module.ecr.aws_ecr_repository.backend",
            "module.ecr.aws_ecr_repository.frontend",
            "module.ecr.aws_ecr_repository.middleware",
            "module.ecs.aws_cloudwatch_log_group.backend",
            "module.ecs.aws_cloudwatch_log_group.frontend",
            "module.ecs.aws_cloudwatch_log_group.middleware",
            "module.ecs.aws_ecs_cluster.main",
            "module.ecs.aws_ecs_service.backend",
            "module.ecs.aws_ecs_service.frontend",
            "module.ecs.aws_ecs_service.middleware",
            "module.ecs.aws_ecs_task_definition.backend",
            "module.ecs.aws_ecs_task_definition.frontend",
            "module.ecs.aws_ecs_task_definition.middleware",
            "module.ecs.aws_lb.main",
            "module.ecs.aws_lb_listener.http_forward",
            "module.ecs.aws_lb_listener.http_redirect",
            "module.ecs.aws_lb_listener.https",
            "module.ecs.aws_lb_listener_rule.backend",
            "module.ecs.aws_lb_listener_rule.backend_health",
            "module.ecs.aws_lb_listener_rule.middleware",
            "module.ecs.aws_lb_listener_rule.swagger",
            "module.ecs.aws_lb_target_group.backend",
            "module.ecs.aws_lb_target_group.frontend",
            "module.ecs.aws_lb_target_group.middleware",
            "module.ecs.aws_route53_record.main",
            "module.ecs.aws_route53_zone.main",
            "module.ecs.data.aws_region.current",
            "module.ecs.data.aws_route53_zone.existing",
            "module.iam.aws_iam_role.ecs_task",
            "module.iam.aws_iam_role.ecs_task_execution",
            "module.iam.data.aws_iam_role.ecs_task_execution_existing",
            "module.iam.data.aws_iam_role.ecs_task_existing",
            "module.rds.aws_db_instance.main",
            "module.rds.aws_db_subnet_group.main",
            "module.rds.data.aws_iam_role.rds_enhanced_monitoring",
            "module.secrets.aws_secretsmanager_secret.db_password",
            "module.secrets.aws_secretsmanager_secret.jwt_secret",
            "module.security_groups.aws_security_group.alb",
            "module.security_groups.aws_security_group.ecs",
            "module.security_groups.aws_security_group.rds",
            "module.vpc.aws_subnet.private",
            "module.vpc.aws_subnet.public",
            "module.vpc.aws_vpc.main"
          ]
        }
      ]
    },
    {
      "module": "module.cloudwatch_alarms",
      "mode": "managed",
      "type": "aws_cloudwatch_metric_alarm",
      "name": "middleware_memory_high",
      "provider": "provider[\"registry.terraform.io/hashicorp/aws\"]",
      "instances": [
        {
          "index_key": 0,
          "schema_version": 1,
          "attributes": {
            "actions_enabled": true,
            "alarm_actions": null,
            "alarm_description": "Middleware Memory utilization is above 85%",
            "alarm_name": "inia-prod-middleware-memory-high",
            "arn": "arn:aws:cloudwatch:us-east-1:126588786097:alarm:inia-prod-middleware-memory-high",
            "comparison_operator": "GreaterThanThreshold",
            "datapoints_to_alarm": 0,
            "dimensions": {
              "ClusterName": "inia-prod-cluster",
              "ServiceName": "inia-prod-middleware-service"
            },
            "evaluate_low_sample_count_percentiles": "",
            "evaluation_periods": 2,
            "extended_statistic": "",
            "id": "inia-prod-middleware-memory-high",
            "insufficient_data_actions": null,
            "metric_name": "MemoryUtilization",
            "metric_query": [],
            "namespace": "AWS/ECS",
            "ok_actions": null,
            "period": 300,
            "statistic": "Average",
            "tags": null,
            "tags_all": {
              "Environment": "prod",
              "ManagedBy": "Terraform",
              "Project": "IniaProject"
            },
            "threshold": 85,
            "threshold_metric_id": "",
            "treat_missing_data": "missing",
            "unit": ""
          },
          "sensitive_attributes": [],
          "private": "eyJzY2hlbWFfdmVyc2lvbiI6IjEifQ==",
          "dependencies": [
            "data.aws_availability_zones.available",
            "module.acm.aws_acm_certificate.main",
            "module.cloudwatch_alarms.aws_sns_topic.alarms",
            "module.ecr.aws_ecr_repository.backend",
            "module.ecr.aws_ecr_repository.frontend",
            "module.ecr.aws_ecr_repository.middleware",
            "module.ecs.aws_cloudwatch_log_group.backend",
            "module.ecs.aws_cloudwatch_log_group.frontend",
            "module.ecs.aws_cloudwatch_log_group.middleware",
            "module.ecs.aws_ecs_cluster.main",
            "module.ecs.aws_ecs_service.backend",
            "module.ecs.aws_ecs_service.frontend",
            "module.ecs.aws_ecs_service.middleware",
            "module.ecs.aws_ecs_task_definition.backend",
            "module.ecs.aws_ecs_task_definition.frontend",
            "module.ecs.aws_ecs_task_definition.middleware",
            "module.ecs.aws_lb.main",
            "module.ecs.aws_lb_listener.http_forward",
            "module.ecs.aws_lb_listener.http_redirect",
            "module.ecs.aws_lb_listener.https",
            "module.ecs.aws_lb_listener_rule.backend",
            "module.ecs.aws_lb_listener_rule.backend_health",
            "module.ecs.aws_lb_listener_rule.middleware",
            "module.ecs.aws_lb_listener_rule.swagger",
            "module.ecs.aws_lb_target_group.backend",
            "module.ecs.aws_lb_target_group.frontend",
            "module.ecs.aws_lb_target_group.middleware",
            "module.ecs.aws_route53_record.main",
            "module.ecs.aws_route53_zone.main",
            "module.ecs.data.aws_region.current",
            "module.ecs.data.aws_route53_zone.existing",
            "module.iam.aws_iam_role.ecs_task",
            "module.iam.aws_iam_role.ecs_task_execution",
            "module.iam.data.aws_iam_role.ecs_task_execution_existing",
            "module.iam.data.aws_iam_role.ecs_task_existing",
            "module.rds.aws_db_instance.main",
            "module.rds.aws_db_subnet_group.main",
            "module.rds.data.aws_iam_role.rds_enhanced_monitoring",
            "module.secrets.aws_secretsmanager_secret.db_password",
            "module.secrets.aws_secretsmanager_secret.jwt_secret",
            "module.security_groups.aws_security_group.alb",
            "module.security_groups.aws_security_group.ecs",
            "module.security_groups.aws_security_group.rds",
            "module.vpc.aws_subnet.private",
            "module.vpc.aws_subnet.public",
            "module.vpc.aws_vpc.main"
          ]
        }
      ]
    },
    {
      "module": "module.cloudwatch_alarms",
      "mode": "managed",
      "type": "aws_cloudwatch_metric_alarm",
      "name": "rds_connections_high",
      "provider": "provider[\"registry.terraform.io/hashicorp/aws\"]",
      "instances": [
        {
          "index_key": 0,
          "schema_version": 1,
          "attributes": {
            "actions_enabled": true,
            "alarm_actions": null,
            "alarm_description": "RDS has more than 80 database connections",
            "alarm_name": "inia-prod-rds-connections-high",
            "arn": "arn:aws:cloudwatch:us-east-1:126588786097:alarm:inia-prod-rds-connections-high",
            "comparison_operator": "GreaterThanThreshold",
            "datapoints_to_alarm": 0,
            "dimensions": {
              "DBInstanceIdentifier": "inia-prod-db"
            },
            "evaluate_low_sample_count_percentiles": "",
            "evaluation_periods": 2,
            "extended_statistic": "",
            "id": "inia-prod-rds-connections-high",
            "insufficient_data_actions": null,
            "metric_name": "DatabaseConnections",
            "metric_query": [],
            "namespace": "AWS/RDS",
            "ok_actions": null,
            "period": 300,
            "statistic": "Average",
            "tags": null,
            "tags_all": {
              "Environment": "prod",
              "ManagedBy": "Terraform",
              "Project": "IniaProject"
            },
            "threshold": 80,
            "threshold_metric_id": "",
            "treat_missing_data": "missing",
            "unit": ""
          },
          "sensitive_attributes": [],
          "private": "eyJzY2hlbWFfdmVyc2lvbiI6IjEifQ==",
          "dependencies": [
            "data.aws_availability_zones.available",
            "module.acm.aws_acm_certificate.main",
            "module.cloudwatch_alarms.aws_sns_topic.alarms",
            "module.ecr.aws_ecr_repository.backend",
            "module.ecr.aws_ecr_repository.frontend",
            "module.ecr.aws_ecr_repository.middleware",
            "module.ecs.aws_cloudwatch_log_group.backend",
            "module.ecs.aws_cloudwatch_log_group.frontend",
            "module.ecs.aws_cloudwatch_log_group.middleware",
            "module.ecs.aws_ecs_cluster.main",
            "module.ecs.aws_ecs_service.backend",
            "module.ecs.aws_ecs_service.frontend",
            "module.ecs.aws_ecs_service.middleware",
            "module.ecs.aws_ecs_task_definition.backend",
            "module.ecs.aws_ecs_task_definition.frontend",
            "module.ecs.aws_ecs_task_definition.middleware",
            "module.ecs.aws_lb.main",
            "module.ecs.aws_lb_listener.http_forward",
            "module.ecs.aws_lb_listener.http_redirect",
            "module.ecs.aws_lb_listener.https",
            "module.ecs.aws_lb_listener_rule.backend",
            "module.ecs.aws_lb_listener_rule.backend_health",
            "module.ecs.aws_lb_listener_rule.middleware",
            "module.ecs.aws_lb_listener_rule.swagger",
            "module.ecs.aws_lb_target_group.backend",
            "module.ecs.aws_lb_target_group.frontend",
            "module.ecs.aws_lb_target_group.middleware",
            "module.ecs.aws_route53_record.main",
            "module.ecs.aws_route53_zone.main",
            "module.ecs.data.aws_region.current",
            "module.ecs.data.aws_route53_zone.existing",
            "module.iam.aws_iam_role.ecs_task",
            "module.iam.aws_iam_role.ecs_task_execution",
            "module.iam.data.aws_iam_role.ecs_task_execution_existing",
            "module.iam.data.aws_iam_role.ecs_task_existing",
            "module.rds.aws_db_instance.main",
            "module.rds.aws_db_subnet_group.main",
            "module.rds.data.aws_iam_role.rds_enhanced_monitoring",
            "module.secrets.aws_secretsmanager_secret.db_password",
            "module.secrets.aws_secretsmanager_secret.jwt_secret",
            "module.security_groups.aws_security_group.alb",
            "module.security_groups.aws_security_group.ecs",
            "module.security_groups.aws_security_group.rds",
            "module.vpc.aws_subnet.private",
            "module.vpc.aws_subnet.public",
            "module.vpc.aws_vpc.main"
          ]
        }
      ]
    },
    {
      "module": "module.cloudwatch_alarms",
      "mode": "managed",
      "type": "aws_cloudwatch_metric_alarm",
      "name": "rds_cpu_high",
      "provider": "provider[\"registry.terraform.io/hashicorp/aws\"]",
      "instances": [
        {
          "index_key": 0,
          "schema_version": 1,
          "attributes": {
            "actions_enabled": true,
            "alarm_actions": null,
            "alarm_description": "RDS CPU utilization is above 80%",
            "alarm_name": "inia-prod-rds-cpu-high",
            "arn": "arn:aws:cloudwatch:us-east-1:126588786097:alarm:inia-prod-rds-cpu-high",
            "comparison_operator": "GreaterThanThreshold",
            "datapoints_to_alarm": 0,
            "dimensions": {
              "DBInstanceIdentifier": "inia-prod-db"
            },
            "evaluate_low_sample_count_percentiles": "",
            "evaluation_periods": 2,
            "extended_statistic": "",
            "id": "inia-prod-rds-cpu-high",
            "insufficient_data_actions": null,
            "metric_name": "CPUUtilization",
            "metric_query": [],
            "namespace": "AWS/RDS",
            "ok_actions": null,
            "period": 300,
            "statistic": "Average",
            "tags": null,
            "tags_all": {
              "Environment": "prod",
              "ManagedBy": "Terraform",
              "Project": "IniaProject"
            },
            "threshold": 80,
            "threshold_metric_id": "",
            "treat_missing_data": "missing",
            "unit": ""
          },
          "sensitive_attributes": [],
          "private": "eyJzY2hlbWFfdmVyc2lvbiI6IjEifQ==",
          "dependencies": [
            "data.aws_availability_zones.available",
            "module.acm.aws_acm_certificate.main",
            "module.cloudwatch_alarms.aws_sns_topic.alarms",
            "module.ecr.aws_ecr_repository.backend",
            "module.ecr.aws_ecr_repository.frontend",
            "module.ecr.aws_ecr_repository.middleware",
            "module.ecs.aws_cloudwatch_log_group.backend",
            "module.ecs.aws_cloudwatch_log_group.frontend",
            "module.ecs.aws_cloudwatch_log_group.middleware",
            "module.ecs.aws_ecs_cluster.main",
            "module.ecs.aws_ecs_service.backend",
            "module.ecs.aws_ecs_service.frontend",
            "module.ecs.aws_ecs_service.middleware",
            "module.ecs.aws_ecs_task_definition.backend",
            "module.ecs.aws_ecs_task_definition.frontend",
            "module.ecs.aws_ecs_task_definition.middleware",
            "module.ecs.aws_lb.main",
            "module.ecs.aws_lb_listener.http_forward",
            "module.ecs.aws_lb_listener.http_redirect",
            "module.ecs.aws_lb_listener.https",
            "module.ecs.aws_lb_listener_rule.backend",
            "module.ecs.aws_lb_listener_rule.backend_health",
            "module.ecs.aws_lb_listener_rule.middleware",
            "module.ecs.aws_lb_listener_rule.swagger",
            "module.ecs.aws_lb_target_group.backend",
            "module.ecs.aws_lb_target_group.frontend",
            "module.ecs.aws_lb_target_group.middleware",
            "module.ecs.aws_route53_record.main",
            "module.ecs.aws_route53_zone.main",
            "module.ecs.data.aws_region.current",
            "module.ecs.data.aws_route53_zone.existing",
            "module.iam.aws_iam_role.ecs_task",
            "module.iam.aws_iam_role.ecs_task_execution",
            "module.iam.data.aws_iam_role.ecs_task_execution_existing",
            "module.iam.data.aws_iam_role.ecs_task_existing",
            "module.rds.aws_db_instance.main",
            "module.rds.aws_db_subnet_group.main",
            "module.rds.data.aws_iam_role.rds_enhanced_monitoring",
            "module.secrets.aws_secretsmanager_secret.db_password",
            "module.secrets.aws_secretsmanager_secret.jwt_secret",
            "module.security_groups.aws_security_group.alb",
            "module.security_groups.aws_security_group.ecs",
            "module.security_groups.aws_security_group.rds",
            "module.vpc.aws_subnet.private",
            "module.vpc.aws_subnet.public",
            "module.vpc.aws_vpc.main"
          ]
        }
      ]
    },
    {
      "module": "module.cloudwatch_alarms",
      "mode": "managed",
      "type": "aws_cloudwatch_metric_alarm",
      "name": "rds_memory_low",
      "provider": "provider[\"registry.terraform.io/hashicorp/aws\"]",
      "instances": [
        {
          "index_key": 0,
          "schema_version": 1,
          "attributes": {
            "actions_enabled": true,
            "alarm_actions": null,
            "alarm_description": "RDS freeable memory is below 256 MB",
            "alarm_name": "inia-prod-rds-memory-low",
            "arn": "arn:aws:cloudwatch:us-east-1:126588786097:alarm:inia-prod-rds-memory-low",
            "comparison_operator": "LessThanThreshold",
            "datapoints_to_alarm": 0,
            "dimensions": {
              "DBInstanceIdentifier": "inia-prod-db"
            },
            "evaluate_low_sample_count_percentiles": "",
            "evaluation_periods": 2,
            "extended_statistic": "",
            "id": "inia-prod-rds-memory-low",
            "insufficient_data_actions": null,
            "metric_name": "FreeableMemory",
            "metric_query": [],
            "namespace": "AWS/RDS",
            "ok_actions": null,
            "period": 300,
            "statistic": "Average",
            "tags": null,
            "tags_all": {
              "Environment": "prod",
              "ManagedBy": "Terraform",
              "Project": "IniaProject"
            },
            "threshold": 268435456,
            "threshold_metric_id": "",
            "treat_missing_data": "missing",
            "unit": ""
          },
          "sensitive_attributes": [],
          "private": "eyJzY2hlbWFfdmVyc2lvbiI6IjEifQ==",
          "dependencies": [
            "data.aws_availability_zones.available",
            "module.acm.aws_acm_certificate.main",
            "module.cloudwatch_alarms.aws_sns_topic.alarms",
            "module.ecr.aws_ecr_repository.backend",
            "module.ecr.aws_ecr_repository.frontend",
            "module.ecr.aws_ecr_repository.middleware",
            "module.ecs.aws_cloudwatch_log_group.backend",
            "module.ecs.aws_cloudwatch_log_group.frontend",
            "module.ecs.aws_cloudwatch_log_group.middleware",
            "module.ecs.aws_ecs_cluster.main",
            "module.ecs.aws_ecs_service.backend",
            "module.ecs.aws_ecs_service.frontend",
            "module.ecs.aws_ecs_service.middleware",
            "module.ecs.aws_ecs_task_definition.backend",
            "module.ecs.aws_ecs_task_definition.frontend",
            "module.ecs.aws_ecs_task_definition.middleware",
            "module.ecs.aws_lb.main",
            "module.ecs.aws_lb_listener.http_forward",
            "module.ecs.aws_lb_listener.http_redirect",
            "module.ecs.aws_lb_listener.https",
            "module.ecs.aws_lb_listener_rule.backend",
            "module.ecs.aws_lb_listener_rule.backend_health",
            "module.ecs.aws_lb_listener_rule.middleware",
            "module.ecs.aws_lb_listener_rule.swagger",
            "module.ecs.aws_lb_target_group.backend",
            "module.ecs.aws_lb_target_group.frontend",
            "module.ecs.aws_lb_target_group.middleware",
            "module.ecs.aws_route53_record.main",
            "module.ecs.aws_route53_zone.main",
            "module.ecs.data.aws_region.current",
            "module.ecs.data.aws_route53_zone.existing",
            "module.iam.aws_iam_role.ecs_task",
            "module.iam.aws_iam_role.ecs_task_execution",
            "module.iam.data.aws_iam_role.ecs_task_execution_existing",
            "module.iam.data.aws_iam_role.ecs_task_existing",
            "module.rds.aws_db_instance.main",
            "module.rds.aws_db_subnet_group.main",
            "module.rds.data.aws_iam_role.rds_enhanced_monitoring",
            "module.secrets.aws_secretsmanager_secret.db_password",
            "module.secrets.aws_secretsmanager_secret.jwt_secret",
            "module.security_groups.aws_security_group.alb",
            "module.security_groups.aws_security_group.ecs",
            "module.security_groups.aws_security_group.rds",
            "module.vpc.aws_subnet.private",
            "module.vpc.aws_subnet.public",
            "module.vpc.aws_vpc.main"
          ]
        }
      ]
    },
    {
      "module": "module.cloudwatch_alarms",
      "mode": "managed",
      "type": "aws_cloudwatch_metric_alarm",
      "name": "rds_storage_low",
      "provider": "provider[\"registry.terraform.io/hashicorp/aws\"]",
      "instances": [
        {
          "index_key": 0,
          "schema_version": 1,
          "attributes": {
            "actions_enabled": true,
            "alarm_actions": null,
            "alarm_description": "RDS free storage space is below 2 GB",
            "alarm_name": "inia-prod-rds-storage-low",
            "arn": "arn:aws:cloudwatch:us-east-1:126588786097:alarm:inia-prod-rds-storage-low",
            "comparison_operator": "LessThanThreshold",
            "datapoints_to_alarm": 0,
            "dimensions": {
              "DBInstanceIdentifier": "inia-prod-db"
            },
            "evaluate_low_sample_count_percentiles": "",
            "evaluation_periods": 1,
            "extended_statistic": "",
            "id": "inia-prod-rds-storage-low",
            "insufficient_data_actions": null,
            "metric_name": "FreeStorageSpace",
            "metric_query": [],
            "namespace": "AWS/RDS",
            "ok_actions": null,
            "period": 300,
            "statistic": "Average",
            "tags": null,
            "tags_all": {
              "Environment": "prod",
              "ManagedBy": "Terraform",
              "Project": "IniaProject"
            },
            "threshold": 2147483648,
            "threshold_metric_id": "",
            "treat_missing_data": "missing",
            "unit": ""
          },
          "sensitive_attributes": [],
          "private": "eyJzY2hlbWFfdmVyc2lvbiI6IjEifQ==",
          "dependencies": [
            "data.aws_availability_zones.available",
            "module.acm.aws_acm_certificate.main",
            "module.cloudwatch_alarms.aws_sns_topic.alarms",
            "module.ecr.aws_ecr_repository.backend",
            "module.ecr.aws_ecr_repository.frontend",
            "module.ecr.aws_ecr_repository.middleware",
            "module.ecs.aws_cloudwatch_log_group.backend",
            "module.ecs.aws_cloudwatch_log_group.frontend",
            "module.ecs.aws_cloudwatch_log_group.middleware",
            "module.ecs.aws_ecs_cluster.main",
            "module.ecs.aws_ecs_service.backend",
            "module.ecs.aws_ecs_service.frontend",
            "module.ecs.aws_ecs_service.middleware",
            "module.ecs.aws_ecs_task_definition.backend",
            "module.ecs.aws_ecs_task_definition.frontend",
            "module.ecs.aws_ecs_task_definition.middleware",
            "module.ecs.aws_lb.main",
            "module.ecs.aws_lb_listener.http_forward",
            "module.ecs.aws_lb_listener.http_redirect",
            "module.ecs.aws_lb_listener.https",
            "module.ecs.aws_lb_listener_rule.backend",
            "module.ecs.aws_lb_listener_rule.backend_health",
            "module.ecs.aws_lb_listener_rule.middleware",
            "module.ecs.aws_lb_listener_rule.swagger",
            "module.ecs.aws_lb_target_group.backend",
            "module.ecs.aws_lb_target_group.frontend",
            "module.ecs.aws_lb_target_group.middleware",
            "module.ecs.aws_route53_record.main",
            "module.ecs.aws_route53_zone.main",
            "module.ecs.data.aws_region.current",
            "module.ecs.data.aws_route53_zone.existing",
            "module.iam.aws_iam_role.ecs_task",
            "module.iam.aws_iam_role.ecs_task_execution",
            "module.iam.data.aws_iam_role.ecs_task_execution_existing",
            "module.iam.data.aws_iam_role.ecs_task_existing",
            "module.rds.aws_db_instance.main",
            "module.rds.aws_db_subnet_group.main",
            "module.rds.data.aws_iam_role.rds_enhanced_monitoring",
            "module.secrets.aws_secretsmanager_secret.db_password",
            "module.secrets.aws_secretsmanager_secret.jwt_secret",
            "module.security_groups.aws_security_group.alb",
            "module.security_groups.aws_security_group.ecs",
            "module.security_groups.aws_security_group.rds",
            "module.vpc.aws_subnet.private",
            "module.vpc.aws_subnet.public",
            "module.vpc.aws_vpc.main"
          ]
        }
      ]
    },
    {
      "module": "module.ecr",
      "mode": "managed",
      "type": "aws_ecr_lifecycle_policy",
      "name": "backend",
      "provider": "provider[\"registry.terraform.io/hashicorp/aws\"]",
      "instances": [
        {
          "schema_version": 0,
          "attributes": {
            "id": "inia-prod-backend",
            "policy": "{\"rules\":[{\"action\":{\"type\":\"expire\"},\"description\":\"Keep last 10 images\",\"rulePriority\":1,\"selection\":{\"countNumber\":10,\"countType\":\"imageCountMoreThan\",\"tagStatus\":\"any\"}}]}",
            "registry_id": "126588786097",
            "repository": "inia-prod-backend"
          },
          "sensitive_attributes": [],
          "private": "bnVsbA==",
          "dependencies": [
            "module.ecr.aws_ecr_repository.backend"
          ]
        }
      ]
    },
    {
      "module": "module.ecr",
      "mode": "managed",
      "type": "aws_ecr_lifecycle_policy",
      "name": "frontend",
      "provider": "provider[\"registry.terraform.io/hashicorp/aws\"]",
      "instances": [
        {
          "schema_version": 0,
          "attributes": {
            "id": "inia-prod-frontend",
            "policy": "{\"rules\":[{\"action\":{\"type\":\"expire\"},\"description\":\"Keep last 10 images\",\"rulePriority\":1,\"selection\":{\"countNumber\":10,\"countType\":\"imageCountMoreThan\",\"tagStatus\":\"any\"}}]}",
            "registry_id": "126588786097",
            "repository": "inia-prod-frontend"
          },
          "sensitive_attributes": [],
          "private": "bnVsbA==",
          "dependencies": [
            "module.ecr.aws_ecr_repository.frontend"
          ]
        }
      ]
    },
    {
      "module": "module.ecr",
      "mode": "managed",
      "type": "aws_ecr_lifecycle_policy",
      "name": "middleware",
      "provider": "provider[\"registry.terraform.io/hashicorp/aws\"]",
      "instances": [
        {
          "schema_version": 0,
          "attributes": {
            "id": "inia-prod-middleware",
            "policy": "{\"rules\":[{\"action\":{\"type\":\"expire\"},\"description\":\"Keep last 10 images\",\"rulePriority\":1,\"selection\":{\"countNumber\":10,\"countType\":\"imageCountMoreThan\",\"tagStatus\":\"any\"}}]}",
            "registry_id": "126588786097",
            "repository": "inia-prod-middleware"
          },
          "sensitive_attributes": [],
          "private": "bnVsbA==",
          "dependencies": [
            "module.ecr.aws_ecr_repository.middleware"
          ]
        }
      ]
    },
    {
      "module": "module.ecr",
      "mode": "managed",
      "type": "aws_ecr_repository",
      "name": "backend",
      "provider": "provider[\"registry.terraform.io/hashicorp/aws\"]",
      "instances": [
        {
          "schema_version": 0,
          "attributes": {
            "arn": "arn:aws:ecr:us-east-1:126588786097:repository/inia-prod-backend",
            "encryption_configuration": [
              {
                "encryption_type": "AES256",
                "kms_key": ""
              }
            ],
            "force_delete": null,
            "id": "inia-prod-backend",
            "image_scanning_configuration": [
              {
                "scan_on_push": true
              }
            ],
            "image_tag_mutability": "MUTABLE",
            "name": "inia-prod-backend",
            "registry_id": "126588786097",
            "repository_url": "126588786097.dkr.ecr.us-east-1.amazonaws.com/inia-prod-backend",
            "tags": {
              "Name": "inia-prod-backend"
            },
            "tags_all": {
              "Environment": "prod",
              "ManagedBy": "Terraform",
              "Name": "inia-prod-backend",
              "Project": "IniaProject"
            },
            "timeouts": null
          },
          "sensitive_attributes": [],
          "private": "eyJlMmJmYjczMC1lY2FhLTExZTYtOGY4OC0zNDM2M2JjN2M0YzAiOnsiZGVsZXRlIjoxMjAwMDAwMDAwMDAwfX0="
        }
      ]
    },
    {
      "module": "module.ecr",
      "mode": "managed",
      "type": "aws_ecr_repository",
      "name": "frontend",
      "provider": "provider[\"registry.terraform.io/hashicorp/aws\"]",
      "instances": [
        {
          "schema_version": 0,
          "attributes": {
            "arn": "arn:aws:ecr:us-east-1:126588786097:repository/inia-prod-frontend",
            "encryption_configuration": [
              {
                "encryption_type": "AES256",
                "kms_key": ""
              }
            ],
            "force_delete": null,
            "id": "inia-prod-frontend",
            "image_scanning_configuration": [
              {
                "scan_on_push": true
              }
            ],
            "image_tag_mutability": "MUTABLE",
            "name": "inia-prod-frontend",
            "registry_id": "126588786097",
            "repository_url": "126588786097.dkr.ecr.us-east-1.amazonaws.com/inia-prod-frontend",
            "tags": {
              "Name": "inia-prod-frontend"
            },
            "tags_all": {
              "Environment": "prod",
              "ManagedBy": "Terraform",
              "Name": "inia-prod-frontend",
              "Project": "IniaProject"
            },
            "timeouts": null
          },
          "sensitive_attributes": [],
          "private": "eyJlMmJmYjczMC1lY2FhLTExZTYtOGY4OC0zNDM2M2JjN2M0YzAiOnsiZGVsZXRlIjoxMjAwMDAwMDAwMDAwfX0="
        }
      ]
    },
    {
      "module": "module.ecr",
      "mode": "managed",
      "type": "aws_ecr_repository",
      "name": "middleware",
      "provider": "provider[\"registry.terraform.io/hashicorp/aws\"]",
      "instances": [
        {
          "schema_version": 0,
          "attributes": {
            "arn": "arn:aws:ecr:us-east-1:126588786097:repository/inia-prod-middleware",
            "encryption_configuration": [
              {
                "encryption_type": "AES256",
                "kms_key": ""
              }
            ],
            "force_delete": null,
            "id": "inia-prod-middleware",
            "image_scanning_configuration": [
              {
                "scan_on_push": true
              }
            ],
            "image_tag_mutability": "MUTABLE",
            "name": "inia-prod-middleware",
            "registry_id": "126588786097",
            "repository_url": "126588786097.dkr.ecr.us-east-1.amazonaws.com/inia-prod-middleware",
            "tags": {
              "Name": "inia-prod-middleware"
            },
            "tags_all": {
              "Environment": "prod",
              "ManagedBy": "Terraform",
              "Name": "inia-prod-middleware",
              "Project": "IniaProject"
            },
            "timeouts": null
          },
          "sensitive_attributes": [],
          "private": "eyJlMmJmYjczMC1lY2FhLTExZTYtOGY4OC0zNDM2M2JjN2M0YzAiOnsiZGVsZXRlIjoxMjAwMDAwMDAwMDAwfX0="
        }
      ]
    },
    {
      "module": "module.ecs",
      "mode": "data",
      "type": "aws_region",
      "name": "current",
      "provider": "provider[\"registry.terraform.io/hashicorp/aws\"]",
      "instances": [
        {
          "schema_version": 0,
          "attributes": {
            "description": "US East (N. Virginia)",
            "endpoint": "ec2.us-east-1.amazonaws.com",
            "id": "us-east-1",
            "name": "us-east-1"
          },
          "sensitive_attributes": []
        }
      ]
    },
    {
      "module": "module.ecs",
      "mode": "managed",
      "type": "aws_cloudwatch_log_group",
      "name": "backend",
      "provider": "provider[\"registry.terraform.io/hashicorp/aws\"]",
      "instances": [
        {
          "schema_version": 0,
          "attributes": {
            "arn": "arn:aws:logs:us-east-1:126588786097:log-group:/ecs/inia-prod-backend",
            "id": "/ecs/inia-prod-backend",
            "kms_key_id": "",
            "log_group_class": "STANDARD",
            "name": "/ecs/inia-prod-backend",
            "name_prefix": "",
            "retention_in_days": 30,
            "skip_destroy": false,
            "tags": {
              "Name": "inia-prod-backend-logs"
            },
            "tags_all": {
              "Environment": "prod",
              "ManagedBy": "Terraform",
              "Name": "inia-prod-backend-logs",
              "Project": "IniaProject"
            }
          },
          "sensitive_attributes": [],
          "private": "bnVsbA=="
        }
      ]
    },
    {
      "module": "module.ecs",
      "mode": "managed",
      "type": "aws_cloudwatch_log_group",
      "name": "frontend",
      "provider": "provider[\"registry.terraform.io/hashicorp/aws\"]",
      "instances": [
        {
          "schema_version": 0,
          "attributes": {
            "arn": "arn:aws:logs:us-east-1:126588786097:log-group:/ecs/inia-prod-frontend",
            "id": "/ecs/inia-prod-frontend",
            "kms_key_id": "",
            "log_group_class": "STANDARD",
            "name": "/ecs/inia-prod-frontend",
            "name_prefix": "",
            "retention_in_days": 30,
            "skip_destroy": false,
            "tags": {
              "Name": "inia-prod-frontend-logs"
            },
            "tags_all": {
              "Environment": "prod",
              "ManagedBy": "Terraform",
              "Name": "inia-prod-frontend-logs",
              "Project": "IniaProject"
            }
          },
          "sensitive_attributes": [],
          "private": "bnVsbA=="
        }
      ]
    },
    {
      "module": "module.ecs",
      "mode": "managed",
      "type": "aws_cloudwatch_log_group",
      "name": "middleware",
      "provider": "provider[\"registry.terraform.io/hashicorp/aws\"]",
      "instances": [
        {
          "schema_version": 0,
          "attributes": {
            "arn": "arn:aws:logs:us-east-1:126588786097:log-group:/ecs/inia-prod-middleware",
            "id": "/ecs/inia-prod-middleware",
            "kms_key_id": "",
            "log_group_class": "STANDARD",
            "name": "/ecs/inia-prod-middleware",
            "name_prefix": "",
            "retention_in_days": 30,
            "skip_destroy": false,
            "tags": {
              "Name": "inia-prod-middleware-logs"
            },
            "tags_all": {
              "Environment": "prod",
              "ManagedBy": "Terraform",
              "Name": "inia-prod-middleware-logs",
              "Project": "IniaProject"
            }
          },
          "sensitive_attributes": [],
          "private": "bnVsbA=="
        }
      ]
    },
    {
      "module": "module.ecs",
      "mode": "managed",
      "type": "aws_ecs_cluster",
      "name": "main",
      "provider": "provider[\"registry.terraform.io/hashicorp/aws\"]",
      "instances": [
        {
          "schema_version": 0,
          "attributes": {
            "arn": "arn:aws:ecs:us-east-1:126588786097:cluster/inia-prod-cluster",
            "configuration": [],
            "id": "arn:aws:ecs:us-east-1:126588786097:cluster/inia-prod-cluster",
            "name": "inia-prod-cluster",
            "service_connect_defaults": [],
            "setting": [
              {
                "name": "containerInsights",
                "value": "disabled"
              }
            ],
            "tags": {
              "Name": "inia-prod-cluster"
            },
            "tags_all": {
              "Environment": "prod",
              "ManagedBy": "Terraform",
              "Name": "inia-prod-cluster",
              "Project": "IniaProject"
            }
          },
          "sensitive_attributes": [],
          "private": "bnVsbA=="
        }
      ]
    },
    {
      "module": "module.ecs",
      "mode": "managed",
      "type": "aws_ecs_service",
      "name": "backend",
      "provider": "provider[\"registry.terraform.io/hashicorp/aws\"]",
      "instances": [
        {
          "schema_version": 1,
          "attributes": {
            "alarms": [],
            "availability_zone_rebalancing": "DISABLED",
            "capacity_provider_strategy": [],
            "cluster": "arn:aws:ecs:us-east-1:126588786097:cluster/inia-prod-cluster",
            "deployment_circuit_breaker": [
              {
                "enable": true,
                "rollback": true
              }
            ],
            "deployment_controller": [
              {
                "type": "ECS"
              }
            ],
            "deployment_maximum_percent": 200,
            "deployment_minimum_healthy_percent": 100,
            "desired_count": 1,
            "enable_ecs_managed_tags": false,
            "enable_execute_command": false,
            "force_delete": null,
            "force_new_deployment": null,
            "health_check_grace_period_seconds": 0,
            "iam_role": "/aws-service-role/ecs.amazonaws.com/AWSServiceRoleForECS",
            "id": "arn:aws:ecs:us-east-1:126588786097:service/inia-prod-cluster/inia-prod-backend-service",
            "launch_type": "FARGATE",
            "load_balancer": [
              {
                "container_name": "backend",
                "container_port": 8080,
                "elb_name": "",
                "target_group_arn": "arn:aws:elasticloadbalancing:us-east-1:126588786097:targetgroup/inia-prod-backend-tg/bb3a0894be1e9202"
              }
            ],
            "name": "inia-prod-backend-service",
            "network_configuration": [
              {
                "assign_public_ip": false,
                "security_groups": [
                  "sg-0f037512e23d014d5"
                ],
                "subnets": [
                  "subnet-00d40c2dca3fff30e",
                  "subnet-067ae500f351ca244",
                  "subnet-090bf07382d2c9802",
                  "subnet-0dc39988d0e3a9d22",
                  "subnet-0e8eb60ce94dddb41",
                  "subnet-0fc7aea05fc28735a"
                ]
              }
            ],
            "ordered_placement_strategy": [],
            "placement_constraints": [],
            "platform_version": "LATEST",
            "propagate_tags": "NONE",
            "scheduling_strategy": "REPLICA",
            "service_connect_configuration": [],
            "service_registries": [],
            "tags": {
              "Name": "inia-prod-backend-service"
            },
            "tags_all": {
              "Environment": "prod",
              "ManagedBy": "Terraform",
              "Name": "inia-prod-backend-service",
              "Project": "IniaProject"
            },
            "task_definition": "arn:aws:ecs:us-east-1:126588786097:task-definition/inia-prod-backend:2",
            "timeouts": null,
            "triggers": {},
            "volume_configuration": [],
            "vpc_lattice_configurations": [],
            "wait_for_steady_state": false
          },
          "sensitive_attributes": [],
          "private": "eyJlMmJmYjczMC1lY2FhLTExZTYtOGY4OC0zNDM2M2JjN2M0YzAiOnsiY3JlYXRlIjoxMjAwMDAwMDAwMDAwLCJkZWxldGUiOjEyMDAwMDAwMDAwMDAsInVwZGF0ZSI6MTIwMDAwMDAwMDAwMH0sInNjaGVtYV92ZXJzaW9uIjoiMSJ9",
          "dependencies": [
            "data.aws_availability_zones.available",
            "module.acm.aws_acm_certificate.main",
            "module.ecr.aws_ecr_repository.backend",
            "module.ecs.aws_cloudwatch_log_group.backend",
            "module.ecs.aws_ecs_cluster.main",
            "module.ecs.aws_ecs_task_definition.backend",
            "module.ecs.aws_lb.main",
            "module.ecs.aws_lb_listener.http_forward",
            "module.ecs.aws_lb_listener.http_redirect",
            "module.ecs.aws_lb_listener.https",
            "module.ecs.aws_lb_listener_rule.backend",
            "module.ecs.aws_lb_listener_rule.backend_health",
            "module.ecs.aws_lb_listener_rule.swagger",
            "module.ecs.aws_lb_target_group.backend",
            "module.ecs.aws_lb_target_group.frontend",
            "module.ecs.data.aws_region.current",
            "module.iam.aws_iam_role.ecs_task",
            "module.iam.aws_iam_role.ecs_task_execution",
            "module.iam.data.aws_iam_role.ecs_task_execution_existing",
            "module.iam.data.aws_iam_role.ecs_task_existing",
            "module.rds.aws_db_instance.main",
            "module.rds.aws_db_subnet_group.main",
            "module.rds.data.aws_iam_role.rds_enhanced_monitoring",
            "module.secrets.aws_secretsmanager_secret.db_password",
            "module.secrets.aws_secretsmanager_secret.jwt_secret",
            "module.security_groups.aws_security_group.alb",
            "module.security_groups.aws_security_group.ecs",
            "module.security_groups.aws_security_group.rds",
            "module.vpc.aws_subnet.private",
            "module.vpc.aws_subnet.public",
            "module.vpc.aws_vpc.main"
          ]
        }
      ]
    },
    {
      "module": "module.ecs",
      "mode": "managed",
      "type": "aws_ecs_service",
      "name": "frontend",
      "provider": "provider[\"registry.terraform.io/hashicorp/aws\"]",
      "instances": [
        {
          "schema_version": 1,
          "attributes": {
            "alarms": [],
            "availability_zone_rebalancing": "DISABLED",
            "capacity_provider_strategy": [],
            "cluster": "arn:aws:ecs:us-east-1:126588786097:cluster/inia-prod-cluster",
            "deployment_circuit_breaker": [
              {
                "enable": true,
                "rollback": true
              }
            ],
            "deployment_controller": [
              {
                "type": "ECS"
              }
            ],
            "deployment_maximum_percent": 200,
            "deployment_minimum_healthy_percent": 100,
            "desired_count": 1,
            "enable_ecs_managed_tags": false,
            "enable_execute_command": false,
            "force_delete": null,
            "force_new_deployment": null,
            "health_check_grace_period_seconds": 0,
            "iam_role": "/aws-service-role/ecs.amazonaws.com/AWSServiceRoleForECS",
            "id": "arn:aws:ecs:us-east-1:126588786097:service/inia-prod-cluster/inia-prod-frontend-service",
            "launch_type": "FARGATE",
            "load_balancer": [
              {
                "container_name": "frontend",
                "container_port": 80,
                "elb_name": "",
                "target_group_arn": "arn:aws:elasticloadbalancing:us-east-1:126588786097:targetgroup/inia-prod-frontend-tg/bead890bde177b06"
              }
            ],
            "name": "inia-prod-frontend-service",
            "network_configuration": [
              {
                "assign_public_ip": false,
                "security_groups": [
                  "sg-0f037512e23d014d5"
                ],
                "subnets": [
                  "subnet-00d40c2dca3fff30e",
                  "subnet-067ae500f351ca244",
                  "subnet-090bf07382d2c9802",
                  "subnet-0dc39988d0e3a9d22",
                  "subnet-0e8eb60ce94dddb41",
                  "subnet-0fc7aea05fc28735a"
                ]
              }
            ],
            "ordered_placement_strategy": [],
            "placement_constraints": [],
            "platform_version": "LATEST",
            "propagate_tags": "NONE",
            "scheduling_strategy": "REPLICA",
            "service_connect_configuration": [],
            "service_registries": [],
            "tags": {
              "Name": "inia-prod-frontend-service"
            },
            "tags_all": {
              "Environment": "prod",
              "ManagedBy": "Terraform",
              "Name": "inia-prod-frontend-service",
              "Project": "IniaProject"
            },
            "task_definition": "arn:aws:ecs:us-east-1:126588786097:task-definition/inia-prod-frontend:2",
            "timeouts": null,
            "triggers": {},
            "volume_configuration": [],
            "vpc_lattice_configurations": [],
            "wait_for_steady_state": false
          },
          "sensitive_attributes": [],
          "private": "eyJlMmJmYjczMC1lY2FhLTExZTYtOGY4OC0zNDM2M2JjN2M0YzAiOnsiY3JlYXRlIjoxMjAwMDAwMDAwMDAwLCJkZWxldGUiOjEyMDAwMDAwMDAwMDAsInVwZGF0ZSI6MTIwMDAwMDAwMDAwMH0sInNjaGVtYV92ZXJzaW9uIjoiMSJ9",
          "dependencies": [
            "data.aws_availability_zones.available",
            "module.acm.aws_acm_certificate.main",
            "module.ecr.aws_ecr_repository.frontend",
            "module.ecs.aws_cloudwatch_log_group.frontend",
            "module.ecs.aws_ecs_cluster.main",
            "module.ecs.aws_ecs_task_definition.frontend",
            "module.ecs.aws_lb.main",
            "module.ecs.aws_lb_listener.http_forward",
            "module.ecs.aws_lb_listener.http_redirect",
            "module.ecs.aws_lb_listener.https",
            "module.ecs.aws_lb_target_group.frontend",
            "module.ecs.data.aws_region.current",
            "module.iam.aws_iam_role.ecs_task",
            "module.iam.aws_iam_role.ecs_task_execution",
            "module.iam.data.aws_iam_role.ecs_task_execution_existing",
            "module.iam.data.aws_iam_role.ecs_task_existing",
            "module.security_groups.aws_security_group.alb",
            "module.security_groups.aws_security_group.ecs",
            "module.vpc.aws_subnet.private",
            "module.vpc.aws_subnet.public",
            "module.vpc.aws_vpc.main"
          ]
        }
      ]
    },
    {
      "module": "module.ecs",
      "mode": "managed",
      "type": "aws_ecs_service",
      "name": "middleware",
      "provider": "provider[\"registry.terraform.io/hashicorp/aws\"]",
      "instances": [
        {
          "schema_version": 1,
          "attributes": {
            "alarms": [],
            "availability_zone_rebalancing": "DISABLED",
            "capacity_provider_strategy": [],
            "cluster": "arn:aws:ecs:us-east-1:126588786097:cluster/inia-prod-cluster",
            "deployment_circuit_breaker": [
              {
                "enable": true,
                "rollback": true
              }
            ],
            "deployment_controller": [
              {
                "type": "ECS"
              }
            ],
            "deployment_maximum_percent": 200,
            "deployment_minimum_healthy_percent": 100,
            "desired_count": 1,
            "enable_ecs_managed_tags": false,
            "enable_execute_command": false,
            "force_delete": null,
            "force_new_deployment": null,
            "health_check_grace_period_seconds": 0,
            "iam_role": "/aws-service-role/ecs.amazonaws.com/AWSServiceRoleForECS",
            "id": "arn:aws:ecs:us-east-1:126588786097:service/inia-prod-cluster/inia-prod-middleware-service",
            "launch_type": "FARGATE",
            "load_balancer": [
              {
                "container_name": "middleware",
                "container_port": 9099,
                "elb_name": "",
                "target_group_arn": "arn:aws:elasticloadbalancing:us-east-1:126588786097:targetgroup/inia-prod-middleware-tg/5bf9267f18c3f572"
              }
            ],
            "name": "inia-prod-middleware-service",
            "network_configuration": [
              {
                "assign_public_ip": false,
                "security_groups": [
                  "sg-0f037512e23d014d5"
                ],
                "subnets": [
                  "subnet-00d40c2dca3fff30e",
                  "subnet-067ae500f351ca244",
                  "subnet-090bf07382d2c9802",
                  "subnet-0dc39988d0e3a9d22",
                  "subnet-0e8eb60ce94dddb41",
                  "subnet-0fc7aea05fc28735a"
                ]
              }
            ],
            "ordered_placement_strategy": [],
            "placement_constraints": [],
            "platform_version": "LATEST",
            "propagate_tags": "NONE",
            "scheduling_strategy": "REPLICA",
            "service_connect_configuration": [],
            "service_registries": [],
            "tags": {
              "Name": "inia-prod-middleware-service"
            },
            "tags_all": {
              "Environment": "prod",
              "ManagedBy": "Terraform",
              "Name": "inia-prod-middleware-service",
              "Project": "IniaProject"
            },
            "task_definition": "arn:aws:ecs:us-east-1:126588786097:task-definition/inia-prod-middleware:2",
            "timeouts": null,
            "triggers": {},
            "volume_configuration": [],
            "vpc_lattice_configurations": [],
            "wait_for_steady_state": false
          },
          "sensitive_attributes": [],
          "private": "eyJlMmJmYjczMC1lY2FhLTExZTYtOGY4OC0zNDM2M2JjN2M0YzAiOnsiY3JlYXRlIjoxMjAwMDAwMDAwMDAwLCJkZWxldGUiOjEyMDAwMDAwMDAwMDAsInVwZGF0ZSI6MTIwMDAwMDAwMDAwMH0sInNjaGVtYV92ZXJzaW9uIjoiMSJ9",
          "dependencies": [
            "data.aws_availability_zones.available",
            "module.acm.aws_acm_certificate.main",
            "module.ecr.aws_ecr_repository.middleware",
            "module.ecs.aws_cloudwatch_log_group.middleware",
            "module.ecs.aws_ecs_cluster.main",
            "module.ecs.aws_ecs_task_definition.middleware",
            "module.ecs.aws_lb.main",
            "module.ecs.aws_lb_listener.http_forward",
            "module.ecs.aws_lb_listener.http_redirect",
            "module.ecs.aws_lb_listener.https",
            "module.ecs.aws_lb_listener_rule.middleware",
            "module.ecs.aws_lb_target_group.frontend",
            "module.ecs.aws_lb_target_group.middleware",
            "module.ecs.data.aws_region.current",
            "module.iam.aws_iam_role.ecs_task",
            "module.iam.aws_iam_role.ecs_task_execution",
            "module.iam.data.aws_iam_role.ecs_task_execution_existing",
            "module.iam.data.aws_iam_role.ecs_task_existing",
            "module.rds.aws_db_instance.main",
            "module.rds.aws_db_subnet_group.main",
            "module.rds.data.aws_iam_role.rds_enhanced_monitoring",
            "module.secrets.aws_secretsmanager_secret.db_password",
            "module.security_groups.aws_security_group.alb",
            "module.security_groups.aws_security_group.ecs",
            "module.security_groups.aws_security_group.rds",
            "module.vpc.aws_subnet.private",
            "module.vpc.aws_subnet.public",
            "module.vpc.aws_vpc.main"
          ]
        }
      ]
    },
    {
      "module": "module.ecs",
      "mode": "managed",
      "type": "aws_ecs_task_definition",
      "name": "backend",
      "provider": "provider[\"registry.terraform.io/hashicorp/aws\"]",
      "instances": [
        {
          "schema_version": 1,
          "attributes": {
            "arn": "arn:aws:ecs:us-east-1:126588786097:task-definition/inia-prod-backend:2",
            "arn_without_revision": "arn:aws:ecs:us-east-1:126588786097:task-definition/inia-prod-backend",
            "container_definitions": "[{\"environment\":[{\"name\":\"DB_USER\",\"value\":\"postgres\"},{\"name\":\"JWT_EXPIRATION\",\"value\":\"86400000\"},{\"name\":\"PYTHON_MIDDLEWARE_BASE_URL\",\"value\":\"http://inia-prod-alb-1018419614.us-east-1.elb.amazonaws.com/middleware\"},{\"name\":\"SERVER_PORT\",\"value\":\"8080\"},{\"name\":\"SPRING_DATASOURCE_URL\",\"value\":\"jdbc:postgresql://inia-prod-db.cave2yk2svaf.us-east-1.rds.amazonaws.com:5432/Inia\"},{\"name\":\"SPRING_PROFILES_ACTIVE\",\"value\":\"prod\"}],\"essential\":true,\"healthCheck\":{\"command\":[\"CMD-SHELL\",\"curl -f http://localhost:8080/actuator/health || exit 1\"],\"interval\":30,\"retries\":3,\"startPeriod\":60,\"timeout\":5},\"image\":\"126588786097.dkr.ecr.us-east-1.amazonaws.com/inia-prod-backend:latest\",\"logConfiguration\":{\"logDriver\":\"awslogs\",\"options\":{\"awslogs-group\":\"/ecs/inia-prod-backend\",\"awslogs-region\":\"us-east-1\",\"awslogs-stream-prefix\":\"ecs\"}},\"mountPoints\":[],\"name\":\"backend\",\"portMappings\":[{\"containerPort\":8080,\"hostPort\":8080,\"protocol\":\"tcp\"}],\"secrets\":[{\"name\":\"DB_PASS\",\"valueFrom\":\"arn:aws:secretsmanager:us-east-1:126588786097:secret:inia-prod-db-password-H2WAMo\"},{\"name\":\"JWT_SECRET\",\"valueFrom\":\"arn:aws:secretsmanager:us-east-1:126588786097:secret:inia-prod-jwt-secret-JOjNyg\"}],\"systemControls\":[],\"volumesFrom\":[]}]",
            "cpu": "512",
            "enable_fault_injection": false,
            "ephemeral_storage": [],
            "execution_role_arn": "arn:aws:iam::126588786097:role/inia-prod-ecs-task-execution-role",
            "family": "inia-prod-backend",
            "id": "inia-prod-backend",
            "inference_accelerator": [],
            "ipc_mode": "",
            "memory": "1024",
            "network_mode": "awsvpc",
            "pid_mode": "",
            "placement_constraints": [],
            "proxy_configuration": [],
            "requires_compatibilities": [
              "FARGATE"
            ],
            "revision": 2,
            "runtime_platform": [],
            "skip_destroy": false,
            "tags": {
              "Name": "inia-prod-backend-task"
            },
            "tags_all": {
              "Environment": "prod",
              "ManagedBy": "Terraform",
              "Name": "inia-prod-backend-task",
              "Project": "IniaProject"
            },
            "task_role_arn": "arn:aws:iam::126588786097:role/inia-prod-ecs-task-role",
            "track_latest": false,
            "volume": []
          },
          "sensitive_attributes": [
            [
              {
                "type": "get_attr",
                "value": "container_definitions"
              }
            ]
          ],
          "private": "eyJzY2hlbWFfdmVyc2lvbiI6IjEifQ==",
          "dependencies": [
            "data.aws_availability_zones.available",
            "module.acm.aws_acm_certificate.main",
            "module.ecr.aws_ecr_repository.backend",
            "module.ecs.aws_cloudwatch_log_group.backend",
            "module.ecs.aws_lb.main",
            "module.ecs.data.aws_region.current",
            "module.iam.aws_iam_role.ecs_task",
            "module.iam.aws_iam_role.ecs_task_execution",
            "module.iam.data.aws_iam_role.ecs_task_execution_existing",
            "module.iam.data.aws_iam_role.ecs_task_existing",
            "module.rds.aws_db_instance.main",
            "module.rds.aws_db_subnet_group.main",
            "module.rds.data.aws_iam_role.rds_enhanced_monitoring",
            "module.secrets.aws_secretsmanager_secret.db_password",
            "module.secrets.aws_secretsmanager_secret.jwt_secret",
            "module.security_groups.aws_security_group.alb",
            "module.security_groups.aws_security_group.ecs",
            "module.security_groups.aws_security_group.rds",
            "module.vpc.aws_subnet.private",
            "module.vpc.aws_subnet.public",
            "module.vpc.aws_vpc.main"
          ]
        }
      ]
    },
    {
      "module": "module.ecs",
      "mode": "managed",
      "type": "aws_ecs_task_definition",
      "name": "frontend",
      "provider": "provider[\"registry.terraform.io/hashicorp/aws\"]",
      "instances": [
        {
          "schema_version": 1,
          "attributes": {
            "arn": "arn:aws:ecs:us-east-1:126588786097:task-definition/inia-prod-frontend:2",
            "arn_without_revision": "arn:aws:ecs:us-east-1:126588786097:task-definition/inia-prod-frontend",
            "container_definitions": "[{\"environment\":[{\"name\":\"BACKEND_URL\",\"value\":\"http://inia-prod-alb-1018419614.us-east-1.elb.amazonaws.com/Inia\"},{\"name\":\"MIDDLEWARE_URL\",\"value\":\"http://inia-prod-alb-1018419614.us-east-1.elb.amazonaws.com/middleware\"},{\"name\":\"USE_ECS_NGINX\",\"value\":\"true\"}],\"essential\":true,\"healthCheck\":{\"command\":[\"CMD-SHELL\",\"wget --quiet --tries=1 --spider http://localhost/health || exit 1\"],\"interval\":30,\"retries\":3,\"startPeriod\":30,\"timeout\":5},\"image\":\"126588786097.dkr.ecr.us-east-1.amazonaws.com/inia-prod-frontend:latest\",\"logConfiguration\":{\"logDriver\":\"awslogs\",\"options\":{\"awslogs-group\":\"/ecs/inia-prod-frontend\",\"awslogs-region\":\"us-east-1\",\"awslogs-stream-prefix\":\"ecs\"}},\"mountPoints\":[],\"name\":\"frontend\",\"portMappings\":[{\"containerPort\":80,\"hostPort\":80,\"protocol\":\"tcp\"}],\"systemControls\":[],\"volumesFrom\":[]}]",
            "cpu": "256",
            "enable_fault_injection": false,
            "ephemeral_storage": [],
            "execution_role_arn": "arn:aws:iam::126588786097:role/inia-prod-ecs-task-execution-role",
            "family": "inia-prod-frontend",
            "id": "inia-prod-frontend",
            "inference_accelerator": [],
            "ipc_mode": "",
            "memory": "512",
            "network_mode": "awsvpc",
            "pid_mode": "",
            "placement_constraints": [],
            "proxy_configuration": [],
            "requires_compatibilities": [
              "FARGATE"
            ],
            "revision": 2,
            "runtime_platform": [],
            "skip_destroy": false,
            "tags": {
              "Name": "inia-prod-frontend-task"
            },
            "tags_all": {
              "Environment": "prod",
              "ManagedBy": "Terraform",
              "Name": "inia-prod-frontend-task",
              "Project": "IniaProject"
            },
            "task_role_arn": "arn:aws:iam::126588786097:role/inia-prod-ecs-task-role",
            "track_latest": false,
            "volume": []
          },
          "sensitive_attributes": [],
          "private": "eyJzY2hlbWFfdmVyc2lvbiI6IjEifQ==",
          "dependencies": [
            "data.aws_availability_zones.available",
            "module.acm.aws_acm_certificate.main",
            "module.ecr.aws_ecr_repository.frontend",
            "module.ecs.aws_cloudwatch_log_group.frontend",
            "module.ecs.aws_lb.main",
            "module.ecs.data.aws_region.current",
            "module.iam.aws_iam_role.ecs_task",
            "module.iam.aws_iam_role.ecs_task_execution",
            "module.iam.data.aws_iam_role.ecs_task_execution_existing",
            "module.iam.data.aws_iam_role.ecs_task_existing",
            "module.security_groups.aws_security_group.alb",
            "module.vpc.aws_subnet.public",
            "module.vpc.aws_vpc.main"
          ]
        }
      ]
    },
    {
      "module": "module.ecs",
      "mode": "managed",
      "type": "aws_ecs_task_definition",
      "name": "middleware",
      "provider": "provider[\"registry.terraform.io/hashicorp/aws\"]",
      "instances": [
        {
          "schema_version": 1,
          "attributes": {
            "arn": "arn:aws:ecs:us-east-1:126588786097:task-definition/inia-prod-middleware:2",
            "arn_without_revision": "arn:aws:ecs:us-east-1:126588786097:task-definition/inia-prod-middleware",
            "container_definitions": "[{\"environment\":[{\"name\":\"CORS_ORIGINS\",\"value\":\"https://zimmzimmgames.com,https://www.zimmzimmgames.com\"},{\"name\":\"DB_HOST\",\"value\":\"inia-prod-db.cave2yk2svaf.us-east-1.rds.amazonaws.com\"},{\"name\":\"DB_MAX_OVERFLOW\",\"value\":\"20\"},{\"name\":\"DB_NAME\",\"value\":\"Inia\"},{\"name\":\"DB_POOL_RECYCLE\",\"value\":\"3600\"},{\"name\":\"DB_POOL_SIZE\",\"value\":\"10\"},{\"name\":\"DB_PORT\",\"value\":\"5432\"},{\"name\":\"DB_USER\",\"value\":\"postgres\"},{\"name\":\"LOG_LEVEL\",\"value\":\"info\"},{\"name\":\"MAX_CONCURRENT_REQUESTS\",\"value\":\"50\"},{\"name\":\"MAX_REQUEST_TIMEOUT\",\"value\":\"300\"},{\"name\":\"PYTHONPATH\",\"value\":\"/app\"},{\"name\":\"PYTHONUNBUFFERED\",\"value\":\"1\"},{\"name\":\"PY_MIDDLEWARE_PORT\",\"value\":\"9099\"},{\"name\":\"RATE_LIMIT_REQUESTS\",\"value\":\"100\"},{\"name\":\"RATE_LIMIT_WINDOW\",\"value\":\"60\"},{\"name\":\"THREAD_POOL_WORKERS\",\"value\":\"10\"},{\"name\":\"UVICORN_WORKERS\",\"value\":\"2\"}],\"essential\":true,\"healthCheck\":{\"command\":[\"CMD-SHELL\",\"python -c 'import requests; r=requests.get(\\\"http://localhost:9099/health\\\", timeout=2); exit(0 if r.status_code==200 else 1)' || exit 1\"],\"interval\":30,\"retries\":3,\"startPeriod\":60,\"timeout\":5},\"image\":\"126588786097.dkr.ecr.us-east-1.amazonaws.com/inia-prod-middleware:latest\",\"logConfiguration\":{\"logDriver\":\"awslogs\",\"options\":{\"awslogs-region\":\"us-east-1\",\"awslogs-stream-prefix\":\"ecs\",\"awslogs-group\":\"/ecs/inia-prod-middleware\"}},\"mountPoints\":[],\"name\":\"middleware\",\"portMappings\":[{\"containerPort\":9099,\"hostPort\":9099,\"protocol\":\"tcp\"}],\"secrets\":[{\"name\":\"DB_PASSWORD\",\"valueFrom\":\"arn:aws:secretsmanager:us-east-1:126588786097:secret:inia-prod-db-password-H2WAMo\"}],\"systemControls\":[],\"volumesFrom\":[]}]",
            "cpu": "512",
            "enable_fault_injection": false,
            "ephemeral_storage": [],
            "execution_role_arn": "arn:aws:iam::126588786097:role/inia-prod-ecs-task-execution-role",
            "family": "inia-prod-middleware",
            "id": "inia-prod-middleware",
            "inference_accelerator": [],
            "ipc_mode": "",
            "memory": "1024",
            "network_mode": "awsvpc",
            "pid_mode": "",
            "placement_constraints": [],
            "proxy_configuration": [],
            "requires_compatibilities": [
              "FARGATE"
            ],
            "revision": 2,
            "runtime_platform": [],
            "skip_destroy": false,
            "tags": {
              "Name": "inia-prod-middleware-task"
            },
            "tags_all": {
              "Environment": "prod",
              "ManagedBy": "Terraform",
              "Name": "inia-prod-middleware-task",
              "Project": "IniaProject"
            },
            "task_role_arn": "arn:aws:iam::126588786097:role/inia-prod-ecs-task-role",
            "track_latest": false,
            "volume": []
          },
          "sensitive_attributes": [
            [
              {
                "type": "get_attr",
                "value": "container_definitions"
              }
            ]
          ],
          "private": "eyJzY2hlbWFfdmVyc2lvbiI6IjEifQ==",
          "dependencies": [
            "data.aws_availability_zones.available",
            "module.ecr.aws_ecr_repository.middleware",
            "module.ecs.aws_cloudwatch_log_group.middleware",
            "module.ecs.data.aws_region.current",
            "module.iam.aws_iam_role.ecs_task",
            "module.iam.aws_iam_role.ecs_task_execution",
            "module.iam.data.aws_iam_role.ecs_task_execution_existing",
            "module.iam.data.aws_iam_role.ecs_task_existing",
            "module.rds.aws_db_instance.main",
            "module.rds.aws_db_subnet_group.main",
            "module.rds.data.aws_iam_role.rds_enhanced_monitoring",
            "module.secrets.aws_secretsmanager_secret.db_password",
            "module.security_groups.aws_security_group.alb",
            "module.security_groups.aws_security_group.ecs",
            "module.security_groups.aws_security_group.rds",
            "module.vpc.aws_subnet.private",
            "module.vpc.aws_vpc.main"
          ]
        }
      ]
    },
    {
      "module": "module.ecs",
      "mode": "managed",
      "type": "aws_lb",
      "name": "main",
      "provider": "provider[\"registry.terraform.io/hashicorp/aws\"]",
      "instances": [
        {
          "schema_version": 0,
          "attributes": {
            "access_logs": [
              {
                "bucket": "",
                "enabled": false,
                "prefix": ""
              }
            ],
            "arn": "arn:aws:elasticloadbalancing:us-east-1:126588786097:loadbalancer/app/inia-prod-alb/9e5f326344bb536e",
            "arn_suffix": "app/inia-prod-alb/9e5f326344bb536e",
            "client_keep_alive": 3600,
            "connection_logs": [
              {
                "bucket": "",
                "enabled": false,
                "prefix": ""
              }
            ],
            "customer_owned_ipv4_pool": "",
            "desync_mitigation_mode": "defensive",
            "dns_name": "inia-prod-alb-1018419614.us-east-1.elb.amazonaws.com",
            "dns_record_client_routing_policy": null,
            "drop_invalid_header_fields": false,
            "enable_cross_zone_load_balancing": true,
            "enable_deletion_protection": false,
            "enable_http2": true,
            "enable_tls_version_and_cipher_suite_headers": false,
            "enable_waf_fail_open": false,
            "enable_xff_client_port": false,
            "enable_zonal_shift": false,
            "enforce_security_group_inbound_rules_on_private_link_traffic": "",
            "id": "arn:aws:elasticloadbalancing:us-east-1:126588786097:loadbalancer/app/inia-prod-alb/9e5f326344bb536e",
            "idle_timeout": 60,
            "internal": false,
            "ip_address_type": "ipv4",
            "ipam_pools": [],
            "load_balancer_type": "application",
            "minimum_load_balancer_capacity": [],
            "name": "inia-prod-alb",
            "name_prefix": "",
            "preserve_host_header": false,
            "security_groups": [
              "sg-03944b952c67b0efe"
            ],
            "subnet_mapping": [
              {
                "allocation_id": "",
                "ipv6_address": "",
                "outpost_id": "",
                "private_ipv4_address": "",
                "subnet_id": "subnet-01cdc4f0db93fa289"
              },
              {
                "allocation_id": "",
                "ipv6_address": "",
                "outpost_id": "",
                "private_ipv4_address": "",
                "subnet_id": "subnet-03dd367e5fb6889db"
              },
              {
                "allocation_id": "",
                "ipv6_address": "",
                "outpost_id": "",
                "private_ipv4_address": "",
                "subnet_id": "subnet-06a4e02efee99885e"
              },
              {
                "allocation_id": "",
                "ipv6_address": "",
                "outpost_id": "",
                "private_ipv4_address": "",
                "subnet_id": "subnet-0acff79684d6c01e1"
              },
              {
                "allocation_id": "",
                "ipv6_address": "",
                "outpost_id": "",
                "private_ipv4_address": "",
                "subnet_id": "subnet-0b48a768fccdb4175"
              },
              {
                "allocation_id": "",
                "ipv6_address": "",
                "outpost_id": "",
                "private_ipv4_address": "",
                "subnet_id": "subnet-0f1c73aafa964ff54"
              }
            ],
            "subnets": [
              "subnet-01cdc4f0db93fa289",
              "subnet-03dd367e5fb6889db",
              "subnet-06a4e02efee99885e",
              "subnet-0acff79684d6c01e1",
              "subnet-0b48a768fccdb4175",
              "subnet-0f1c73aafa964ff54"
            ],
            "tags": {
              "Name": "inia-prod-alb"
            },
            "tags_all": {
              "Environment": "prod",
              "ManagedBy": "Terraform",
              "Name": "inia-prod-alb",
              "Project": "IniaProject"
            },
            "timeouts": null,
            "vpc_id": "vpc-0b5836a65d91bc84e",
            "xff_header_processing_mode": "append",
            "zone_id": "Z35SXDOTRQ7X7K"
          },
          "sensitive_attributes": [],
          "private": "eyJlMmJmYjczMC1lY2FhLTExZTYtOGY4OC0zNDM2M2JjN2M0YzAiOnsiY3JlYXRlIjo2MDAwMDAwMDAwMDAsImRlbGV0ZSI6NjAwMDAwMDAwMDAwLCJ1cGRhdGUiOjYwMDAwMDAwMDAwMH19",
          "dependencies": [
            "data.aws_availability_zones.available",
            "module.security_groups.aws_security_group.alb",
            "module.vpc.aws_subnet.public",
            "module.vpc.aws_vpc.main"
          ]
        }
      ]
    },
    {
      "module": "module.ecs",
      "mode": "managed",
      "type": "aws_lb_listener",
      "name": "http_forward",
      "provider": "provider[\"registry.terraform.io/hashicorp/aws\"]",
      "instances": [
        {
          "index_key": 0,
          "schema_version": 0,
          "attributes": {
            "alpn_policy": null,
            "arn": "arn:aws:elasticloadbalancing:us-east-1:126588786097:listener/app/inia-prod-alb/9e5f326344bb536e/0626d403bbe7ab7a",
            "certificate_arn": null,
            "default_action": [
              {
                "authenticate_cognito": [],
                "authenticate_oidc": [],
                "fixed_response": [],
                "forward": [],
                "order": 1,
                "redirect": [],
                "target_group_arn": "arn:aws:elasticloadbalancing:us-east-1:126588786097:targetgroup/inia-prod-frontend-tg/bead890bde177b06",
                "type": "forward"
              }
            ],
            "id": "arn:aws:elasticloadbalancing:us-east-1:126588786097:listener/app/inia-prod-alb/9e5f326344bb536e/0626d403bbe7ab7a",
            "load_balancer_arn": "arn:aws:elasticloadbalancing:us-east-1:126588786097:loadbalancer/app/inia-prod-alb/9e5f326344bb536e",
            "mutual_authentication": [],
            "port": 80,
            "protocol": "HTTP",
            "routing_http_request_x_amzn_mtls_clientcert_header_name": null,
            "routing_http_request_x_amzn_mtls_clientcert_issuer_header_name": null,
            "routing_http_request_x_amzn_mtls_clientcert_leaf_header_name": null,
            "routing_http_request_x_amzn_mtls_clientcert_serial_number_header_name": null,
            "routing_http_request_x_amzn_mtls_clientcert_subject_header_name": null,
            "routing_http_request_x_amzn_mtls_clientcert_validity_header_name": null,
            "routing_http_request_x_amzn_tls_cipher_suite_header_name": null,
            "routing_http_request_x_amzn_tls_version_header_name": null,
            "routing_http_response_access_control_allow_credentials_header_value": "",
            "routing_http_response_access_control_allow_headers_header_value": "",
            "routing_http_response_access_control_allow_methods_header_value": "",
            "routing_http_response_access_control_allow_origin_header_value": "",
            "routing_http_response_access_control_expose_headers_header_value": "",
            "routing_http_response_access_control_max_age_header_value": "",
            "routing_http_response_content_security_policy_header_value": "",
            "routing_http_response_server_enabled": true,
            "routing_http_response_strict_transport_security_header_value": "",
            "routing_http_response_x_content_type_options_header_value": "",
            "routing_http_response_x_frame_options_header_value": "",
            "ssl_policy": "",
            "tags": {},
            "tags_all": {
              "Environment": "prod",
              "ManagedBy": "Terraform",
              "Project": "IniaProject"
            },
            "tcp_idle_timeout_seconds": null,
            "timeouts": null
          },
          "sensitive_attributes": [],
          "private": "eyJlMmJmYjczMC1lY2FhLTExZTYtOGY4OC0zNDM2M2JjN2M0YzAiOnsiY3JlYXRlIjozMDAwMDAwMDAwMDAsInVwZGF0ZSI6MzAwMDAwMDAwMDAwfX0=",
          "dependencies": [
            "data.aws_availability_zones.available",
            "module.acm.aws_acm_certificate.main",
            "module.ecs.aws_lb.main",
            "module.ecs.aws_lb_target_group.frontend",
            "module.security_groups.aws_security_group.alb",
            "module.vpc.aws_subnet.public",
            "module.vpc.aws_vpc.main"
          ]
        }
      ]
    },
    {
      "module": "module.ecs",
      "mode": "managed",
      "type": "aws_lb_listener_rule",
      "name": "backend",
      "provider": "provider[\"registry.terraform.io/hashicorp/aws\"]",
      "instances": [
        {
          "schema_version": 0,
          "attributes": {
            "action": [
              {
                "authenticate_cognito": [],
                "authenticate_oidc": [],
                "fixed_response": [],
                "forward": [],
                "order": 1,
                "redirect": [],
                "target_group_arn": "arn:aws:elasticloadbalancing:us-east-1:126588786097:targetgroup/inia-prod-backend-tg/bb3a0894be1e9202",
                "type": "forward"
              }
            ],
            "arn": "arn:aws:elasticloadbalancing:us-east-1:126588786097:listener-rule/app/inia-prod-alb/9e5f326344bb536e/0626d403bbe7ab7a/c81b9a8d53bcca1f",
            "condition": [
              {
                "host_header": [],
                "http_header": [],
                "http_request_method": [],
                "path_pattern": [
                  {
                    "values": [
                      "/Inia/*"
                    ]
                  }
                ],
                "query_string": [],
                "source_ip": []
              }
            ],
            "id": "arn:aws:elasticloadbalancing:us-east-1:126588786097:listener-rule/app/inia-prod-alb/9e5f326344bb536e/0626d403bbe7ab7a/c81b9a8d53bcca1f",
            "listener_arn": "arn:aws:elasticloadbalancing:us-east-1:126588786097:listener/app/inia-prod-alb/9e5f326344bb536e/0626d403bbe7ab7a",
            "priority": 100,
            "tags": {},
            "tags_all": {
              "Environment": "prod",
              "ManagedBy": "Terraform",
              "Project": "IniaProject"
            }
          },
          "sensitive_attributes": [],
          "private": "bnVsbA==",
          "dependencies": [
            "data.aws_availability_zones.available",
            "module.acm.aws_acm_certificate.main",
            "module.ecs.aws_lb.main",
            "module.ecs.aws_lb_listener.http_forward",
            "module.ecs.aws_lb_listener.https",
            "module.ecs.aws_lb_target_group.backend",
            "module.ecs.aws_lb_target_group.frontend",
            "module.security_groups.aws_security_group.alb",
            "module.vpc.aws_subnet.public",
            "module.vpc.aws_vpc.main"
          ]
        }
      ]
    },
    {
      "module": "module.ecs",
      "mode": "managed",
      "type": "aws_lb_listener_rule",
      "name": "backend_health",
      "provider": "provider[\"registry.terraform.io/hashicorp/aws\"]",
      "instances": [
        {
          "schema_version": 0,
          "attributes": {
            "action": [
              {
                "authenticate_cognito": [],
                "authenticate_oidc": [],
                "fixed_response": [],
                "forward": [],
                "order": 1,
                "redirect": [],
                "target_group_arn": "arn:aws:elasticloadbalancing:us-east-1:126588786097:targetgroup/inia-prod-backend-tg/bb3a0894be1e9202",
                "type": "forward"
              }
            ],
            "arn": "arn:aws:elasticloadbalancing:us-east-1:126588786097:listener-rule/app/inia-prod-alb/9e5f326344bb536e/0626d403bbe7ab7a/2891933387789cc7",
            "condition": [
              {
                "host_header": [],
                "http_header": [],
                "http_request_method": [],
                "path_pattern": [
                  {
                    "values": [
                      "/Inia/actuator/health*"
                    ]
                  }
                ],
                "query_string": [],
                "source_ip": []
              }
            ],
            "id": "arn:aws:elasticloadbalancing:us-east-1:126588786097:listener-rule/app/inia-prod-alb/9e5f326344bb536e/0626d403bbe7ab7a/2891933387789cc7",
            "listener_arn": "arn:aws:elasticloadbalancing:us-east-1:126588786097:listener/app/inia-prod-alb/9e5f326344bb536e/0626d403bbe7ab7a",
            "priority": 110,
            "tags": {},
            "tags_all": {
              "Environment": "prod",
              "ManagedBy": "Terraform",
              "Project": "IniaProject"
            }
          },
          "sensitive_attributes": [],
          "private": "bnVsbA==",
          "dependencies": [
            "data.aws_availability_zones.available",
            "module.acm.aws_acm_certificate.main",
            "module.ecs.aws_lb.main",
            "module.ecs.aws_lb_listener.http_forward",
            "module.ecs.aws_lb_listener.https",
            "module.ecs.aws_lb_target_group.backend",
            "module.ecs.aws_lb_target_group.frontend",
            "module.security_groups.aws_security_group.alb",
            "module.vpc.aws_subnet.public",
            "module.vpc.aws_vpc.main"
          ]
        }
      ]
    },
    {
      "module": "module.ecs",
      "mode": "managed",
      "type": "aws_lb_listener_rule",
      "name": "middleware",
      "provider": "provider[\"registry.terraform.io/hashicorp/aws\"]",
      "instances": [
        {
          "schema_version": 0,
          "attributes": {
            "action": [
              {
                "authenticate_cognito": [],
                "authenticate_oidc": [],
                "fixed_response": [],
                "forward": [],
                "order": 1,
                "redirect": [],
                "target_group_arn": "arn:aws:elasticloadbalancing:us-east-1:126588786097:targetgroup/inia-prod-middleware-tg/5bf9267f18c3f572",
                "type": "forward"
              }
            ],
            "arn": "arn:aws:elasticloadbalancing:us-east-1:126588786097:listener-rule/app/inia-prod-alb/9e5f326344bb536e/0626d403bbe7ab7a/7c1c73c5357f244f",
            "condition": [
              {
                "host_header": [],
                "http_header": [],
                "http_request_method": [],
                "path_pattern": [
                  {
                    "values": [
                      "/middleware/*"
                    ]
                  }
                ],
                "query_string": [],
                "source_ip": []
              }
            ],
            "id": "arn:aws:elasticloadbalancing:us-east-1:126588786097:listener-rule/app/inia-prod-alb/9e5f326344bb536e/0626d403bbe7ab7a/7c1c73c5357f244f",
            "listener_arn": "arn:aws:elasticloadbalancing:us-east-1:126588786097:listener/app/inia-prod-alb/9e5f326344bb536e/0626d403bbe7ab7a",
            "priority": 200,
            "tags": {},
            "tags_all": {
              "Environment": "prod",
              "ManagedBy": "Terraform",
              "Project": "IniaProject"
            }
          },
          "sensitive_attributes": [],
          "private": "bnVsbA==",
          "dependencies": [
            "data.aws_availability_zones.available",
            "module.acm.aws_acm_certificate.main",
            "module.ecs.aws_lb.main",
            "module.ecs.aws_lb_listener.http_forward",
            "module.ecs.aws_lb_listener.https",
            "module.ecs.aws_lb_target_group.frontend",
            "module.ecs.aws_lb_target_group.middleware",
            "module.security_groups.aws_security_group.alb",
            "module.vpc.aws_subnet.public",
            "module.vpc.aws_vpc.main"
          ]
        }
      ]
    },
    {
      "module": "module.ecs",
      "mode": "managed",
      "type": "aws_lb_listener_rule",
      "name": "swagger",
      "provider": "provider[\"registry.terraform.io/hashicorp/aws\"]",
      "instances": [
        {
          "schema_version": 0,
          "attributes": {
            "action": [
              {
                "authenticate_cognito": [],
                "authenticate_oidc": [],
                "fixed_response": [],
                "forward": [],
                "order": 1,
                "redirect": [],
                "target_group_arn": "arn:aws:elasticloadbalancing:us-east-1:126588786097:targetgroup/inia-prod-backend-tg/bb3a0894be1e9202",
                "type": "forward"
              }
            ],
            "arn": "arn:aws:elasticloadbalancing:us-east-1:126588786097:listener-rule/app/inia-prod-alb/9e5f326344bb536e/0626d403bbe7ab7a/acdc1d3e65308af7",
            "condition": [
              {
                "host_header": [],
                "http_header": [],
                "http_request_method": [],
                "path_pattern": [
                  {
                    "values": [
                      "/Inia/swagger*",
                      "/Inia/swagger-resources*",
                      "/Inia/swagger/*",
                      "/Inia/v3/api-docs*",
                      "/Inia/v3/api-docs/*"
                    ]
                  }
                ],
                "query_string": [],
                "source_ip": []
              }
            ],
            "id": "arn:aws:elasticloadbalancing:us-east-1:126588786097:listener-rule/app/inia-prod-alb/9e5f326344bb536e/0626d403bbe7ab7a/acdc1d3e65308af7",
            "listener_arn": "arn:aws:elasticloadbalancing:us-east-1:126588786097:listener/app/inia-prod-alb/9e5f326344bb536e/0626d403bbe7ab7a",
            "priority": 90,
            "tags": {},
            "tags_all": {
              "Environment": "prod",
              "ManagedBy": "Terraform",
              "Project": "IniaProject"
            }
          },
          "sensitive_attributes": [],
          "private": "bnVsbA==",
          "dependencies": [
            "data.aws_availability_zones.available",
            "module.acm.aws_acm_certificate.main",
            "module.ecs.aws_lb.main",
            "module.ecs.aws_lb_listener.http_forward",
            "module.ecs.aws_lb_listener.https",
            "module.ecs.aws_lb_target_group.backend",
            "module.ecs.aws_lb_target_group.frontend",
            "module.security_groups.aws_security_group.alb",
            "module.vpc.aws_subnet.public",
            "module.vpc.aws_vpc.main"
          ]
        }
      ]
    },
    {
      "module": "module.ecs",
      "mode": "managed",
      "type": "aws_lb_target_group",
      "name": "backend",
      "provider": "provider[\"registry.terraform.io/hashicorp/aws\"]",
      "instances": [
        {
          "schema_version": 0,
          "attributes": {
            "arn": "arn:aws:elasticloadbalancing:us-east-1:126588786097:targetgroup/inia-prod-backend-tg/bb3a0894be1e9202",
            "arn_suffix": "targetgroup/inia-prod-backend-tg/bb3a0894be1e9202",
            "connection_termination": null,
            "deregistration_delay": "30",
            "health_check": [
              {
                "enabled": true,
                "healthy_threshold": 2,
                "interval": 30,
                "matcher": "200",
                "path": "/Inia/actuator/health",
                "port": "traffic-port",
                "protocol": "HTTP",
                "timeout": 5,
                "unhealthy_threshold": 3
              }
            ],
            "id": "arn:aws:elasticloadbalancing:us-east-1:126588786097:targetgroup/inia-prod-backend-tg/bb3a0894be1e9202",
            "ip_address_type": "ipv4",
            "lambda_multi_value_headers_enabled": false,
            "load_balancer_arns": [
              "arn:aws:elasticloadbalancing:us-east-1:126588786097:loadbalancer/app/inia-prod-alb/9e5f326344bb536e"
            ],
            "load_balancing_algorithm_type": "round_robin",
            "load_balancing_anomaly_mitigation": "off",
            "load_balancing_cross_zone_enabled": "use_load_balancer_configuration",
            "name": "inia-prod-backend-tg",
            "name_prefix": "",
            "port": 8080,
            "preserve_client_ip": null,
            "protocol": "HTTP",
            "protocol_version": "HTTP1",
            "proxy_protocol_v2": false,
            "slow_start": 0,
            "stickiness": [
              {
                "cookie_duration": 86400,
                "cookie_name": "",
                "enabled": false,
                "type": "lb_cookie"
              }
            ],
            "tags": {
              "Name": "inia-prod-backend-tg"
            },
            "tags_all": {
              "Environment": "prod",
              "ManagedBy": "Terraform",
              "Name": "inia-prod-backend-tg",
              "Project": "IniaProject"
            },
            "target_failover": [
              {
                "on_deregistration": null,
                "on_unhealthy": null
              }
            ],
            "target_group_health": [
              {
                "dns_failover": [
                  {
                    "minimum_healthy_targets_count": "1",
                    "minimum_healthy_targets_percentage": "off"
                  }
                ],
                "unhealthy_state_routing": [
                  {
                    "minimum_healthy_targets_count": 1,
                    "minimum_healthy_targets_percentage": "off"
                  }
                ]
              }
            ],
            "target_health_state": [
              {
                "enable_unhealthy_connection_termination": null,
                "unhealthy_draining_interval": null
              }
            ],
            "target_type": "ip",
            "vpc_id": "vpc-0b5836a65d91bc84e"
          },
          "sensitive_attributes": [],
          "private": "bnVsbA==",
          "dependencies": [
            "module.vpc.aws_vpc.main"
          ]
        }
      ]
    },
    {
      "module": "module.ecs",
      "mode": "managed",
      "type": "aws_lb_target_group",
      "name": "frontend",
      "provider": "provider[\"registry.terraform.io/hashicorp/aws\"]",
      "instances": [
        {
          "schema_version": 0,
          "attributes": {
            "arn": "arn:aws:elasticloadbalancing:us-east-1:126588786097:targetgroup/inia-prod-frontend-tg/bead890bde177b06",
            "arn_suffix": "targetgroup/inia-prod-frontend-tg/bead890bde177b06",
            "connection_termination": null,
            "deregistration_delay": "30",
            "health_check": [
              {
                "enabled": true,
                "healthy_threshold": 2,
                "interval": 30,
                "matcher": "200",
                "path": "/health",
                "port": "traffic-port",
                "protocol": "HTTP",
                "timeout": 5,
                "unhealthy_threshold": 3
              }
            ],
            "id": "arn:aws:elasticloadbalancing:us-east-1:126588786097:targetgroup/inia-prod-frontend-tg/bead890bde177b06",
            "ip_address_type": "ipv4",
            "lambda_multi_value_headers_enabled": false,
            "load_balancer_arns": [
              "arn:aws:elasticloadbalancing:us-east-1:126588786097:loadbalancer/app/inia-prod-alb/9e5f326344bb536e"
            ],
            "load_balancing_algorithm_type": "round_robin",
            "load_balancing_anomaly_mitigation": "off",
            "load_balancing_cross_zone_enabled": "use_load_balancer_configuration",
            "name": "inia-prod-frontend-tg",
            "name_prefix": "",
            "port": 80,
            "preserve_client_ip": null,
            "protocol": "HTTP",
            "protocol_version": "HTTP1",
            "proxy_protocol_v2": false,
            "slow_start": 0,
            "stickiness": [
              {
                "cookie_duration": 86400,
                "cookie_name": "",
                "enabled": false,
                "type": "lb_cookie"
              }
            ],
            "tags": {
              "Name": "inia-prod-frontend-tg"
            },
            "tags_all": {
              "Environment": "prod",
              "ManagedBy": "Terraform",
              "Name": "inia-prod-frontend-tg",
              "Project": "IniaProject"
            },
            "target_failover": [
              {
                "on_deregistration": null,
                "on_unhealthy": null
              }
            ],
            "target_group_health": [
              {
                "dns_failover": [
                  {
                    "minimum_healthy_targets_count": "1",
                    "minimum_healthy_targets_percentage": "off"
                  }
                ],
                "unhealthy_state_routing": [
                  {
                    "minimum_healthy_targets_count": 1,
                    "minimum_healthy_targets_percentage": "off"
                  }
                ]
              }
            ],
            "target_health_state": [
              {
                "enable_unhealthy_connection_termination": null,
                "unhealthy_draining_interval": null
              }
            ],
            "target_type": "ip",
            "vpc_id": "vpc-0b5836a65d91bc84e"
          },
          "sensitive_attributes": [],
          "private": "bnVsbA==",
          "dependencies": [
            "module.vpc.aws_vpc.main"
          ]
        }
      ]
    },
    {
      "module": "module.ecs",
      "mode": "managed",
      "type": "aws_lb_target_group",
      "name": "middleware",
      "provider": "provider[\"registry.terraform.io/hashicorp/aws\"]",
      "instances": [
        {
          "schema_version": 0,
          "attributes": {
            "arn": "arn:aws:elasticloadbalancing:us-east-1:126588786097:targetgroup/inia-prod-middleware-tg/5bf9267f18c3f572",
            "arn_suffix": "targetgroup/inia-prod-middleware-tg/5bf9267f18c3f572",
            "connection_termination": null,
            "deregistration_delay": "30",
            "health_check": [
              {
                "enabled": true,
                "healthy_threshold": 2,
                "interval": 30,
                "matcher": "200",
                "path": "/middleware/health",
                "port": "traffic-port",
                "protocol": "HTTP",
                "timeout": 5,
                "unhealthy_threshold": 3
              }
            ],
            "id": "arn:aws:elasticloadbalancing:us-east-1:126588786097:targetgroup/inia-prod-middleware-tg/5bf9267f18c3f572",
            "ip_address_type": "ipv4",
            "lambda_multi_value_headers_enabled": false,
            "load_balancer_arns": [
              "arn:aws:elasticloadbalancing:us-east-1:126588786097:loadbalancer/app/inia-prod-alb/9e5f326344bb536e"
            ],
            "load_balancing_algorithm_type": "round_robin",
            "load_balancing_anomaly_mitigation": "off",
            "load_balancing_cross_zone_enabled": "use_load_balancer_configuration",
            "name": "inia-prod-middleware-tg",
            "name_prefix": "",
            "port": 9099,
            "preserve_client_ip": null,
            "protocol": "HTTP",
            "protocol_version": "HTTP1",
            "proxy_protocol_v2": false,
            "slow_start": 0,
            "stickiness": [
              {
                "cookie_duration": 86400,
                "cookie_name": "",
                "enabled": false,
                "type": "lb_cookie"
              }
            ],
            "tags": {
              "Name": "inia-prod-middleware-tg"
            },
            "tags_all": {
              "Environment": "prod",
              "ManagedBy": "Terraform",
              "Name": "inia-prod-middleware-tg",
              "Project": "IniaProject"
            },
            "target_failover": [
              {
                "on_deregistration": null,
                "on_unhealthy": null
              }
            ],
            "target_group_health": [
              {
                "dns_failover": [
                  {
                    "minimum_healthy_targets_count": "1",
                    "minimum_healthy_targets_percentage": "off"
                  }
                ],
                "unhealthy_state_routing": [
                  {
                    "minimum_healthy_targets_count": 1,
                    "minimum_healthy_targets_percentage": "off"
                  }
                ]
              }
            ],
            "target_health_state": [
              {
                "enable_unhealthy_connection_termination": null,
                "unhealthy_draining_interval": null
              }
            ],
            "target_type": "ip",
            "vpc_id": "vpc-0b5836a65d91bc84e"
          },
          "sensitive_attributes": [],
          "private": "bnVsbA==",
          "dependencies": [
            "module.vpc.aws_vpc.main"
          ]
        }
      ]
    },
    {
      "module": "module.iam",
      "mode": "managed",
      "type": "aws_iam_policy",
      "name": "cloudwatch_logs",
      "provider": "provider[\"registry.terraform.io/hashicorp/aws\"]",
      "instances": [
        {
          "index_key": 0,
          "schema_version": 0,
          "attributes": {
            "arn": "arn:aws:iam::126588786097:policy/inia-prod-cloudwatch-logs",
            "attachment_count": 0,
            "description": "Policy to allow ECS tasks to write to CloudWatch Logs",
            "id": "arn:aws:iam::126588786097:policy/inia-prod-cloudwatch-logs",
            "name": "inia-prod-cloudwatch-logs",
            "name_prefix": "",
            "path": "/",
            "policy": "{\"Statement\":[{\"Action\":[\"logs:CreateLogGroup\",\"logs:CreateLogStream\",\"logs:PutLogEvents\"],\"Effect\":\"Allow\",\"Resource\":\"arn:aws:logs:*:126588786097:log-group:/ecs/inia-prod-*\"}],\"Version\":\"2012-10-17\"}",
            "policy_id": "ANPAR26KHSWYWRCKE2VZK",
            "tags": null,
            "tags_all": {
              "Environment": "prod",
              "ManagedBy": "Terraform",
              "Project": "IniaProject"
            }
          },
          "sensitive_attributes": [],
          "private": "bnVsbA==",
          "dependencies": [
            "data.aws_caller_identity.current"
          ]
        }
      ]
    },
    {
      "module": "module.iam",
      "mode": "managed",
      "type": "aws_iam_policy",
      "name": "ecr_access",
      "provider": "provider[\"registry.terraform.io/hashicorp/aws\"]",
      "instances": [
        {
          "index_key": 0,
          "schema_version": 0,
          "attributes": {
            "arn": "arn:aws:iam::126588786097:policy/inia-prod-ecr-access",
            "attachment_count": 0,
            "description": "Policy to allow ECS tasks to pull images from ECR",
            "id": "arn:aws:iam::126588786097:policy/inia-prod-ecr-access",
            "name": "inia-prod-ecr-access",
            "name_prefix": "",
            "path": "/",
            "policy": "{\"Statement\":[{\"Action\":[\"ecr:GetAuthorizationToken\",\"ecr:BatchCheckLayerAvailability\",\"ecr:GetDownloadUrlForLayer\",\"ecr:BatchGetImage\"],\"Effect\":\"Allow\",\"Resource\":\"*\"}],\"Version\":\"2012-10-17\"}",
            "policy_id": "ANPAR26KHSWY52CPH4ZON",
            "tags": null,
            "tags_all": {
              "Environment": "prod",
              "ManagedBy": "Terraform",
              "Project": "IniaProject"
            }
          },
          "sensitive_attributes": [],
          "private": "bnVsbA=="
        }
      ]
    },
    {
      "module": "module.iam",
      "mode": "managed",
      "type": "aws_iam_policy",
      "name": "secrets_manager_access",
      "provider": "provider[\"registry.terraform.io/hashicorp/aws\"]",
      "instances": [
        {
          "index_key": 0,
          "schema_version": 0,
          "attributes": {
            "arn": "arn:aws:iam::126588786097:policy/inia-prod-secrets-manager-access",
            "attachment_count": 0,
            "description": "Policy to allow ECS tasks to read secrets from Secrets Manager",
            "id": "arn:aws:iam::126588786097:policy/inia-prod-secrets-manager-access",
            "name": "inia-prod-secrets-manager-access",
            "name_prefix": "",
            "path": "/",
            "policy": "{\"Statement\":[{\"Action\":[\"secretsmanager:GetSecretValue\",\"secretsmanager:DescribeSecret\"],\"Effect\":\"Allow\",\"Resource\":[\"arn:aws:secretsmanager:us-east-1:126588786097:secret:inia-prod-db-password-H2WAMo\",\"arn:aws:secretsmanager:us-east-1:126588786097:secret:inia-prod-jwt-secret-JOjNyg\"]}],\"Version\":\"2012-10-17\"}",
            "policy_id": "ANPAR26KHSWYSZETGBX4S",
            "tags": null,
            "tags_all": {
              "Environment": "prod",
              "ManagedBy": "Terraform",
              "Project": "IniaProject"
            }
          },
          "sensitive_attributes": [
            [
              {
                "type": "get_attr",
                "value": "policy"
              }
            ]
          ],
          "private": "bnVsbA==",
          "dependencies": [
            "module.secrets.aws_secretsmanager_secret.db_password",
            "module.secrets.aws_secretsmanager_secret.jwt_secret"
          ]
        }
      ]
    },
    {
      "module": "module.iam",
      "mode": "managed",
      "type": "aws_iam_role",
      "name": "ecs_task",
      "provider": "provider[\"registry.terraform.io/hashicorp/aws\"]",
      "instances": [
        {
          "index_key": 0,
          "schema_version": 0,
          "attributes": {
            "arn": "arn:aws:iam::126588786097:role/inia-prod-ecs-task-role",
            "assume_role_policy": "{\"Statement\":[{\"Action\":\"sts:AssumeRole\",\"Effect\":\"Allow\",\"Principal\":{\"Service\":\"ecs-tasks.amazonaws.com\"}}],\"Version\":\"2012-10-17\"}",
            "create_date": "2025-12-20T23:17:39Z",
            "description": "",
            "force_detach_policies": false,
            "id": "inia-prod-ecs-task-role",
            "inline_policy": [],
            "managed_policy_arns": [],
            "max_session_duration": 3600,
            "name": "inia-prod-ecs-task-role",
            "name_prefix": "",
            "path": "/",
            "permissions_boundary": "",
            "tags": {
              "Name": "inia-prod-ecs-task-role"
            },
            "tags_all": {
              "Environment": "prod",
              "ManagedBy": "Terraform",
              "Name": "inia-prod-ecs-task-role",
              "Project": "IniaProject"
            },
            "unique_id": "AROAR26KHSWYVCLSRDSGE"
          },
          "sensitive_attributes": [],
          "private": "bnVsbA=="
        }
      ]
    },
    {
      "module": "module.iam",
      "mode": "managed",
      "type": "aws_iam_role",
      "name": "ecs_task_execution",
      "provider": "provider[\"registry.terraform.io/hashicorp/aws\"]",
      "instances": [
        {
          "index_key": 0,
          "schema_version": 0,
          "attributes": {
            "arn": "arn:aws:iam::126588786097:role/inia-prod-ecs-task-execution-role",
            "assume_role_policy": "{\"Statement\":[{\"Action\":\"sts:AssumeRole\",\"Effect\":\"Allow\",\"Principal\":{\"Service\":\"ecs-tasks.amazonaws.com\"}}],\"Version\":\"2012-10-17\"}",
            "create_date": "2025-12-20T23:17:39Z",
            "description": "",
            "force_detach_policies": false,
            "id": "inia-prod-ecs-task-execution-role",
            "inline_policy": [],
            "managed_policy_arns": [],
            "max_session_duration": 3600,
            "name": "inia-prod-ecs-task-execution-role",
            "name_prefix": "",
            "path": "/",
            "permissions_boundary": "",
            "tags": {
              "Name": "inia-prod-ecs-task-execution-role"
            },
            "tags_all": {
              "Environment": "prod",
              "ManagedBy": "Terraform",
              "Name": "inia-prod-ecs-task-execution-role",
              "Project": "IniaProject"
            },
            "unique_id": "AROAR26KHSWYSKWSWX434"
          },
          "sensitive_attributes": [],
          "private": "bnVsbA=="
        }
      ]
    },
    {
      "module": "module.iam",
      "mode": "managed",
      "type": "aws_iam_role_policy_attachment",
      "name": "cloudwatch_logs",
      "provider": "provider[\"registry.terraform.io/hashicorp/aws\"]",
      "instances": [
        {
          "index_key": 0,
          "schema_version": 0,
          "attributes": {
            "id": "inia-prod-ecs-task-execution-role-20251220231740339100000001",
            "policy_arn": "arn:aws:iam::126588786097:policy/inia-prod-cloudwatch-logs",
            "role": "inia-prod-ecs-task-execution-role"
          },
          "sensitive_attributes": [],
          "private": "bnVsbA==",
          "dependencies": [
            "data.aws_caller_identity.current",
            "module.iam.aws_iam_policy.cloudwatch_logs",
            "module.iam.aws_iam_role.ecs_task_execution"
          ]
        }
      ]
    },
    {
      "module": "module.iam",
      "mode": "managed",
      "type": "aws_iam_role_policy_attachment",
      "name": "ecr_access",
      "provider": "provider[\"registry.terraform.io/hashicorp/aws\"]",
      "instances": [
        {
          "index_key": 0,
          "schema_version": 0,
          "attributes": {
            "id": "inia-prod-ecs-task-execution-role-20251220231740346500000002",
            "policy_arn": "arn:aws:iam::126588786097:policy/inia-prod-ecr-access",
            "role": "inia-prod-ecs-task-execution-role"
          },
          "sensitive_attributes": [],
          "private": "bnVsbA==",
          "dependencies": [
            "module.iam.aws_iam_policy.ecr_access",
            "module.iam.aws_iam_role.ecs_task_execution"
          ]
        }
      ]
    },
    {
      "module": "module.iam",
      "mode": "managed",
      "type": "aws_iam_role_policy_attachment",
      "name": "ecs_task_execution_policy",
      "provider": "provider[\"registry.terraform.io/hashicorp/aws\"]",
      "instances": [
        {
          "index_key": 0,
          "schema_version": 0,
          "attributes": {
            "id": "inia-prod-ecs-task-execution-role-20251220231740420700000004",
            "policy_arn": "arn:aws:iam::aws:policy/service-role/AmazonECSTaskExecutionRolePolicy",
            "role": "inia-prod-ecs-task-execution-role"
          },
          "sensitive_attributes": [],
          "private": "bnVsbA==",
          "dependencies": [
            "module.iam.aws_iam_role.ecs_task_execution"
          ]
        }
      ]
    },
    {
      "module": "module.iam",
      "mode": "managed",
      "type": "aws_iam_role_policy_attachment",
      "name": "secrets_manager_access",
      "provider": "provider[\"registry.terraform.io/hashicorp/aws\"]",
      "instances": [
        {
          "index_key": 0,
          "schema_version": 0,
          "attributes": {
            "id": "inia-prod-ecs-task-execution-role-20251220231740364300000003",
            "policy_arn": "arn:aws:iam::126588786097:policy/inia-prod-secrets-manager-access",
            "role": "inia-prod-ecs-task-execution-role"
          },
          "sensitive_attributes": [],
          "private": "bnVsbA==",
          "dependencies": [
            "module.iam.aws_iam_policy.secrets_manager_access",
            "module.iam.aws_iam_role.ecs_task_execution",
            "module.iam.data.aws_iam_role.ecs_task_execution_existing",
            "module.secrets.aws_secretsmanager_secret.db_password",
            "module.secrets.aws_secretsmanager_secret.jwt_secret"
          ]
        }
      ]
    },
    {
      "module": "module.rds",
      "mode": "managed",
      "type": "aws_db_instance",
      "name": "main",
      "provider": "provider[\"registry.terraform.io/hashicorp/aws\"]",
      "instances": [
        {
          "schema_version": 2,
          "attributes": {
            "address": "inia-prod-db.cave2yk2svaf.us-east-1.rds.amazonaws.com",
            "allocated_storage": 20,
            "allow_major_version_upgrade": null,
            "apply_immediately": false,
            "arn": "arn:aws:rds:us-east-1:126588786097:db:inia-prod-db",
            "auto_minor_version_upgrade": true,
            "availability_zone": "us-east-1a",
            "backup_retention_period": 7,
            "backup_target": "region",
            "backup_window": "03:00-04:00",
            "blue_green_update": [],
            "ca_cert_identifier": "rds-ca-rsa2048-g1",
            "character_set_name": "",
            "copy_tags_to_snapshot": false,
            "custom_iam_instance_profile": "",
            "customer_owned_ip_enabled": false,
            "database_insights_mode": "standard",
            "db_name": "Inia",
            "db_subnet_group_name": "inia-prod-db-subnet-group",
            "dedicated_log_volume": false,
            "delete_automated_backups": true,
            "deletion_protection": true,
            "domain": "",
            "domain_auth_secret_arn": "",
            "domain_dns_ips": [],
            "domain_fqdn": "",
            "domain_iam_role_name": "",
            "domain_ou": "",
            "enabled_cloudwatch_logs_exports": [],
            "endpoint": "inia-prod-db.cave2yk2svaf.us-east-1.rds.amazonaws.com:5432",
            "engine": "postgres",
            "engine_lifecycle_support": "open-source-rds-extended-support",
            "engine_version": "15.15",
            "engine_version_actual": "15.15",
            "final_snapshot_identifier": "inia-prod-db-final-snapshot-2025-12-20-2317",
            "hosted_zone_id": "Z2R2ITUGPM61AM",
            "iam_database_authentication_enabled": false,
            "id": "db-KIGVRL72PYMILRTGQYVJ6GNADM",
            "identifier": "inia-prod-db",
            "identifier_prefix": "",
            "instance_class": "db.t3.micro",
            "iops": 0,
            "kms_key_id": "arn:aws:kms:us-east-1:126588786097:key/ab9f6b27-7ece-4edf-a7c7-325bdb1acb59",
            "latest_restorable_time": "2025-12-20T23:12:23Z",
            "license_model": "postgresql-license",
            "listener_endpoint": [],
            "maintenance_window": "mon:04:00-mon:05:00",
            "manage_master_user_password": null,
            "master_user_secret": [],
            "master_user_secret_kms_key_id": null,
            "max_allocated_storage": 40,
            "monitoring_interval": 0,
            "monitoring_role_arn": "",
            "multi_az": false,
            "nchar_character_set_name": "",
            "network_type": "IPV4",
            "option_group_name": "default:postgres-15",
            "parameter_group_name": "default.postgres15",
            "password": "Inia2024SecurePass!",
            "password_wo": null,
            "password_wo_version": null,
            "performance_insights_enabled": false,
            "performance_insights_kms_key_id": "",
            "performance_insights_retention_period": 0,
            "port": 5432,
            "publicly_accessible": false,
            "replica_mode": "",
            "replicas": [],
            "replicate_source_db": "",
            "resource_id": "db-KIGVRL72PYMILRTGQYVJ6GNADM",
            "restore_to_point_in_time": [],
            "s3_import": [],
            "skip_final_snapshot": false,
            "snapshot_identifier": null,
            "status": "available",
            "storage_encrypted": true,
            "storage_throughput": 0,
            "storage_type": "gp2",
            "tags": {
              "Name": "inia-prod-db"
            },
            "tags_all": {
              "Environment": "prod",
              "ManagedBy": "Terraform",
              "Name": "inia-prod-db",
              "Project": "IniaProject"
            },
            "timeouts": null,
            "timezone": "",
            "upgrade_storage_config": null,
            "username": "postgres",
            "vpc_security_group_ids": [
              "sg-0e1233d88d9f68a59"
            ]
          },
          "sensitive_attributes": [
            [
              {
                "type": "get_attr",
                "value": "password"
              }
            ],
            [
              {
                "type": "get_attr",
                "value": "username"
              }
            ]
          ],
          "private": "eyJlMmJmYjczMC1lY2FhLTExZTYtOGY4OC0zNDM2M2JjN2M0YzAiOnsiY3JlYXRlIjozMDAwMDAwMDAwMDAwLCJkZWxldGUiOjM2MDAwMDAwMDAwMDAsInVwZGF0ZSI6NDgwMDAwMDAwMDAwMH0sInNjaGVtYV92ZXJzaW9uIjoiMiJ9",
          "dependencies": [
            "data.aws_availability_zones.available",
            "module.rds.aws_db_subnet_group.main",
            "module.rds.data.aws_iam_role.rds_enhanced_monitoring",
            "module.security_groups.aws_security_group.alb",
            "module.security_groups.aws_security_group.ecs",
            "module.security_groups.aws_security_group.rds",
            "module.vpc.aws_subnet.private",
            "module.vpc.aws_vpc.main"
          ]
        }
      ]
    },
    {
      "module": "module.rds",
      "mode": "managed",
      "type": "aws_db_subnet_group",
      "name": "main",
      "provider": "provider[\"registry.terraform.io/hashicorp/aws\"]",
      "instances": [
        {
          "schema_version": 0,
          "attributes": {
            "arn": "arn:aws:rds:us-east-1:126588786097:subgrp:inia-prod-db-subnet-group",
            "description": "Managed by Terraform",
            "id": "inia-prod-db-subnet-group",
            "name": "inia-prod-db-subnet-group",
            "name_prefix": "",
            "subnet_ids": [
              "subnet-00d40c2dca3fff30e",
              "subnet-067ae500f351ca244",
              "subnet-090bf07382d2c9802",
              "subnet-0dc39988d0e3a9d22",
              "subnet-0e8eb60ce94dddb41",
              "subnet-0fc7aea05fc28735a"
            ],
            "supported_network_types": [
              "IPV4"
            ],
            "tags": {
              "Name": "inia-prod-db-subnet-group"
            },
            "tags_all": {
              "Environment": "prod",
              "ManagedBy": "Terraform",
              "Name": "inia-prod-db-subnet-group",
              "Project": "IniaProject"
            },
            "vpc_id": "vpc-0b5836a65d91bc84e"
          },
          "sensitive_attributes": [],
          "private": "bnVsbA==",
          "dependencies": [
            "data.aws_availability_zones.available",
            "module.vpc.aws_subnet.private",
            "module.vpc.aws_vpc.main"
          ]
        }
      ]
    },
    {
      "module": "module.secrets",
      "mode": "managed",
      "type": "aws_secretsmanager_secret",
      "name": "db_password",
      "provider": "provider[\"registry.terraform.io/hashicorp/aws\"]",
      "instances": [
        {
          "schema_version": 0,
          "attributes": {
            "arn": "arn:aws:secretsmanager:us-east-1:126588786097:secret:inia-prod-db-password-H2WAMo",
            "description": "Database password for RDS PostgreSQL",
            "force_overwrite_replica_secret": false,
            "id": "arn:aws:secretsmanager:us-east-1:126588786097:secret:inia-prod-db-password-H2WAMo",
            "kms_key_id": "",
            "name": "inia-prod-db-password",
            "name_prefix": "",
            "policy": "",
            "recovery_window_in_days": 7,
            "replica": [],
            "tags": {
              "Name": "inia-prod-db-password"
            },
            "tags_all": {
              "Environment": "prod",
              "ManagedBy": "Terraform",
              "Name": "inia-prod-db-password",
              "Project": "IniaProject"
            }
          },
          "sensitive_attributes": [],
          "private": "bnVsbA=="
        }
      ]
    },
    {
      "module": "module.secrets",
      "mode": "managed",
      "type": "aws_secretsmanager_secret",
      "name": "jwt_secret",
      "provider": "provider[\"registry.terraform.io/hashicorp/aws\"]",
      "instances": [
        {
          "schema_version": 0,
          "attributes": {
            "arn": "arn:aws:secretsmanager:us-east-1:126588786097:secret:inia-prod-jwt-secret-JOjNyg",
            "description": "JWT secret key for application authentication",
            "force_overwrite_replica_secret": false,
            "id": "arn:aws:secretsmanager:us-east-1:126588786097:secret:inia-prod-jwt-secret-JOjNyg",
            "kms_key_id": "",
            "name": "inia-prod-jwt-secret",
            "name_prefix": "",
            "policy": "",
            "recovery_window_in_days": 7,
            "replica": [],
            "tags": {
              "Name": "inia-prod-jwt-secret"
            },
            "tags_all": {
              "Environment": "prod",
              "ManagedBy": "Terraform",
              "Name": "inia-prod-jwt-secret",
              "Project": "IniaProject"
            }
          },
          "sensitive_attributes": [],
          "private": "bnVsbA=="
        }
      ]
    },
    {
      "module": "module.secrets",
      "mode": "managed",
      "type": "aws_secretsmanager_secret_version",
      "name": "db_password",
      "provider": "provider[\"registry.terraform.io/hashicorp/aws\"]",
      "instances": [
        {
          "schema_version": 0,
          "attributes": {
            "arn": "arn:aws:secretsmanager:us-east-1:126588786097:secret:inia-prod-db-password-H2WAMo",
            "has_secret_string_wo": null,
            "id": "arn:aws:secretsmanager:us-east-1:126588786097:secret:inia-prod-db-password-H2WAMo|terraform-20251220220108871300000004",
            "secret_binary": "",
            "secret_id": "arn:aws:secretsmanager:us-east-1:126588786097:secret:inia-prod-db-password-H2WAMo",
            "secret_string": "Inia2024SecurePass!",
            "secret_string_wo": null,
            "secret_string_wo_version": null,
            "version_id": "terraform-20251220220108871300000004",
            "version_stages": [
              "AWSCURRENT"
            ]
          },
          "sensitive_attributes": [
            [
              {
                "type": "get_attr",
                "value": "secret_string"
              }
            ]
          ],
          "private": "bnVsbA==",
          "dependencies": [
            "module.secrets.aws_secretsmanager_secret.db_password"
          ]
        }
      ]
    },
    {
      "module": "module.secrets",
      "mode": "managed",
      "type": "aws_secretsmanager_secret_version",
      "name": "jwt_secret",
      "provider": "provider[\"registry.terraform.io/hashicorp/aws\"]",
      "instances": [
        {
          "schema_version": 0,
          "attributes": {
            "arn": "arn:aws:secretsmanager:us-east-1:126588786097:secret:inia-prod-jwt-secret-JOjNyg",
            "has_secret_string_wo": null,
            "id": "arn:aws:secretsmanager:us-east-1:126588786097:secret:inia-prod-jwt-secret-JOjNyg|terraform-20251220220108518600000003",
            "secret_binary": "",
            "secret_id": "arn:aws:secretsmanager:us-east-1:126588786097:secret:inia-prod-jwt-secret-JOjNyg",
            "secret_string": "inia-jwt-secret-key-2024-change-in-production",
            "secret_string_wo": null,
            "secret_string_wo_version": null,
            "version_id": "terraform-20251220220108518600000003",
            "version_stages": [
              "AWSCURRENT"
            ]
          },
          "sensitive_attributes": [
            [
              {
                "type": "get_attr",
                "value": "secret_string"
              }
            ]
          ],
          "private": "bnVsbA==",
          "dependencies": [
            "module.secrets.aws_secretsmanager_secret.jwt_secret"
          ]
        }
      ]
    },
    {
      "module": "module.security_groups",
      "mode": "managed",
      "type": "aws_security_group",
      "name": "alb",
      "provider": "provider[\"registry.terraform.io/hashicorp/aws\"]",
      "instances": [
        {
          "schema_version": 1,
          "attributes": {
            "arn": "arn:aws:ec2:us-east-1:126588786097:security-group/sg-03944b952c67b0efe",
            "description": "Security group for Application Load Balancer",
            "egress": [
              {
                "cidr_blocks": [
                  "0.0.0.0/0"
                ],
                "description": "Allow all outbound traffic",
                "from_port": 0,
                "ipv6_cidr_blocks": [],
                "prefix_list_ids": [],
                "protocol": "-1",
                "security_groups": [],
                "self": false,
                "to_port": 0
              }
            ],
            "id": "sg-03944b952c67b0efe",
            "ingress": [
              {
                "cidr_blocks": [
                  "0.0.0.0/0"
                ],
                "description": "HTTP",
                "from_port": 80,
                "ipv6_cidr_blocks": [],
                "prefix_list_ids": [],
                "protocol": "tcp",
                "security_groups": [],
                "self": false,
                "to_port": 80
              },
              {
                "cidr_blocks": [
                  "0.0.0.0/0"
                ],
                "description": "HTTPS",
                "from_port": 443,
                "ipv6_cidr_blocks": [],
                "prefix_list_ids": [],
                "protocol": "tcp",
                "security_groups": [],
                "self": false,
                "to_port": 443
              }
            ],
            "name": "inia-prod-alb-sg",
            "name_prefix": "",
            "owner_id": "126588786097",
            "revoke_rules_on_delete": false,
            "tags": {
              "Name": "inia-prod-alb-sg"
            },
            "tags_all": {
              "Environment": "prod",
              "ManagedBy": "Terraform",
              "Name": "inia-prod-alb-sg",
              "Project": "IniaProject"
            },
            "timeouts": null,
            "vpc_id": "vpc-0b5836a65d91bc84e"
          },
          "sensitive_attributes": [],
          "private": "eyJlMmJmYjczMC1lY2FhLTExZTYtOGY4OC0zNDM2M2JjN2M0YzAiOnsiY3JlYXRlIjo2MDAwMDAwMDAwMDAsImRlbGV0ZSI6OTAwMDAwMDAwMDAwfSwic2NoZW1hX3ZlcnNpb24iOiIxIn0=",
          "dependencies": [
            "module.vpc.aws_vpc.main"
          ]
        }
      ]
    },
    {
      "module": "module.security_groups",
      "mode": "managed",
      "type": "aws_security_group",
      "name": "ecs",
      "provider": "provider[\"registry.terraform.io/hashicorp/aws\"]",
      "instances": [
        {
          "schema_version": 1,
          "attributes": {
            "arn": "arn:aws:ec2:us-east-1:126588786097:security-group/sg-0f037512e23d014d5",
            "description": "Security group for ECS tasks",
            "egress": [
              {
                "cidr_blocks": [
                  "0.0.0.0/0"
                ],
                "description": "Allow all outbound traffic",
                "from_port": 0,
                "ipv6_cidr_blocks": [],
                "prefix_list_ids": [],
                "protocol": "-1",
                "security_groups": [],
                "self": false,
                "to_port": 0
              }
            ],
            "id": "sg-0f037512e23d014d5",
            "ingress": [
              {
                "cidr_blocks": [],
                "description": "Allow internal communication between ECS tasks",
                "from_port": 0,
                "ipv6_cidr_blocks": [],
                "prefix_list_ids": [],
                "protocol": "tcp",
                "security_groups": [],
                "self": true,
                "to_port": 65535
              },
              {
                "cidr_blocks": [],
                "description": "Allow traffic from ALB",
                "from_port": 0,
                "ipv6_cidr_blocks": [],
                "prefix_list_ids": [],
                "protocol": "tcp",
                "security_groups": [
                  "sg-03944b952c67b0efe"
                ],
                "self": false,
                "to_port": 65535
              }
            ],
            "name": "inia-prod-ecs-sg",
            "name_prefix": "",
            "owner_id": "126588786097",
            "revoke_rules_on_delete": false,
            "tags": {
              "Name": "inia-prod-ecs-sg"
            },
            "tags_all": {
              "Environment": "prod",
              "ManagedBy": "Terraform",
              "Name": "inia-prod-ecs-sg",
              "Project": "IniaProject"
            },
            "timeouts": null,
            "vpc_id": "vpc-0b5836a65d91bc84e"
          },
          "sensitive_attributes": [],
          "private": "eyJlMmJmYjczMC1lY2FhLTExZTYtOGY4OC0zNDM2M2JjN2M0YzAiOnsiY3JlYXRlIjo2MDAwMDAwMDAwMDAsImRlbGV0ZSI6OTAwMDAwMDAwMDAwfSwic2NoZW1hX3ZlcnNpb24iOiIxIn0=",
          "dependencies": [
            "module.security_groups.aws_security_group.alb",
            "module.vpc.aws_vpc.main"
          ]
        }
      ]
    },
    {
      "module": "module.security_groups",
      "mode": "managed",
      "type": "aws_security_group",
      "name": "rds",
      "provider": "provider[\"registry.terraform.io/hashicorp/aws\"]",
      "instances": [
        {
          "schema_version": 1,
          "attributes": {
            "arn": "arn:aws:ec2:us-east-1:126588786097:security-group/sg-0e1233d88d9f68a59",
            "description": "Security group for RDS database",
            "egress": [
              {
                "cidr_blocks": [
                  "0.0.0.0/0"
                ],
                "description": "Allow all outbound traffic",
                "from_port": 0,
                "ipv6_cidr_blocks": [],
                "prefix_list_ids": [],
                "protocol": "-1",
                "security_groups": [],
                "self": false,
                "to_port": 0
              }
            ],
            "id": "sg-0e1233d88d9f68a59",
            "ingress": [
              {
                "cidr_blocks": [],
                "description": "PostgreSQL from ECS tasks",
                "from_port": 5432,
                "ipv6_cidr_blocks": [],
                "prefix_list_ids": [],
                "protocol": "tcp",
                "security_groups": [
                  "sg-0f037512e23d014d5"
                ],
                "self": false,
                "to_port": 5432
              }
            ],
            "name": "inia-prod-rds-sg",
            "name_prefix": "",
            "owner_id": "126588786097",
            "revoke_rules_on_delete": false,
            "tags": {
              "Name": "inia-prod-rds-sg"
            },
            "tags_all": {
              "Environment": "prod",
              "ManagedBy": "Terraform",
              "Name": "inia-prod-rds-sg",
              "Project": "IniaProject"
            },
            "timeouts": null,
            "vpc_id": "vpc-0b5836a65d91bc84e"
          },
          "sensitive_attributes": [],
          "private": "eyJlMmJmYjczMC1lY2FhLTExZTYtOGY4OC0zNDM2M2JjN2M0YzAiOnsiY3JlYXRlIjo2MDAwMDAwMDAwMDAsImRlbGV0ZSI6OTAwMDAwMDAwMDAwfSwic2NoZW1hX3ZlcnNpb24iOiIxIn0=",
          "dependencies": [
            "module.security_groups.aws_security_group.alb",
            "module.security_groups.aws_security_group.ecs",
            "module.vpc.aws_vpc.main"
          ]
        }
      ]
    },
    {
      "module": "module.vpc",
      "mode": "managed",
      "type": "aws_eip",
      "name": "nat",
      "provider": "provider[\"registry.terraform.io/hashicorp/aws\"]",
      "instances": [
        {
          "index_key": 0,
          "schema_version": 0,
          "attributes": {
            "address": null,
            "allocation_id": "eipalloc-006f5c90b32c40c36",
            "arn": "arn:aws:ec2:us-east-1:126588786097:elastic-ip/eipalloc-006f5c90b32c40c36",
            "associate_with_private_ip": null,
            "association_id": "eipassoc-0c1240eb758502b81",
            "carrier_ip": "",
            "customer_owned_ip": "",
            "customer_owned_ipv4_pool": "",
            "domain": "vpc",
            "id": "eipalloc-006f5c90b32c40c36",
            "instance": "",
            "ipam_pool_id": null,
            "network_border_group": "us-east-1",
            "network_interface": "eni-03a6ad1241e8771bb",
            "private_dns": "ip-10-0-0-230.ec2.internal",
            "private_ip": "10.0.0.230",
            "ptr_record": "",
            "public_dns": "ec2-18-211-146-78.compute-1.amazonaws.com",
            "public_ip": "18.211.146.78",
            "public_ipv4_pool": "amazon",
            "tags": {
              "Name": "inia-prod-nat-eip-1"
            },
            "tags_all": {
              "Environment": "prod",
              "ManagedBy": "Terraform",
              "Name": "inia-prod-nat-eip-1",
              "Project": "IniaProject"
            },
            "timeouts": null,
            "vpc": true
          },
          "sensitive_attributes": [],
          "private": "eyJlMmJmYjczMC1lY2FhLTExZTYtOGY4OC0zNDM2M2JjN2M0YzAiOnsiZGVsZXRlIjoxODAwMDAwMDAwMDAsInJlYWQiOjkwMDAwMDAwMDAwMCwidXBkYXRlIjozMDAwMDAwMDAwMDB9fQ==",
          "dependencies": [
            "module.vpc.aws_internet_gateway.main",
            "module.vpc.aws_vpc.main"
          ]
        }
      ]
    },
    {
      "module": "module.vpc",
      "mode": "managed",
      "type": "aws_internet_gateway",
      "name": "main",
      "provider": "provider[\"registry.terraform.io/hashicorp/aws\"]",
      "instances": [
        {
          "schema_version": 0,
          "attributes": {
            "arn": "arn:aws:ec2:us-east-1:126588786097:internet-gateway/igw-01c15573fa955cd13",
            "id": "igw-01c15573fa955cd13",
            "owner_id": "126588786097",
            "tags": {
              "Name": "inia-prod-igw"
            },
            "tags_all": {
              "Environment": "prod",
              "ManagedBy": "Terraform",
              "Name": "inia-prod-igw",
              "Project": "IniaProject"
            },
            "timeouts": null,
            "vpc_id": "vpc-0b5836a65d91bc84e"
          },
          "sensitive_attributes": [],
          "private": "eyJlMmJmYjczMC1lY2FhLTExZTYtOGY4OC0zNDM2M2JjN2M0YzAiOnsiY3JlYXRlIjoxMjAwMDAwMDAwMDAwLCJkZWxldGUiOjEyMDAwMDAwMDAwMDAsInVwZGF0ZSI6MTIwMDAwMDAwMDAwMH19",
          "dependencies": [
            "module.vpc.aws_vpc.main"
          ]
        }
      ]
    },
    {
      "module": "module.vpc",
      "mode": "managed",
      "type": "aws_nat_gateway",
      "name": "main",
      "provider": "provider[\"registry.terraform.io/hashicorp/aws\"]",
      "instances": [
        {
          "index_key": 0,
          "schema_version": 0,
          "attributes": {
            "allocation_id": "eipalloc-006f5c90b32c40c36",
            "association_id": "eipassoc-0c1240eb758502b81",
            "connectivity_type": "public",
            "id": "nat-0c7e92b0e46ea6cc2",
            "network_interface_id": "eni-03a6ad1241e8771bb",
            "private_ip": "10.0.0.230",
            "public_ip": "18.211.146.78",
            "secondary_allocation_ids": [],
            "secondary_private_ip_address_count": 0,
            "secondary_private_ip_addresses": [],
            "subnet_id": "subnet-0acff79684d6c01e1",
            "tags": {
              "Name": "inia-prod-nat-1"
            },
            "tags_all": {
              "Environment": "prod",
              "ManagedBy": "Terraform",
              "Name": "inia-prod-nat-1",
              "Project": "IniaProject"
            },
            "timeouts": null
          },
          "sensitive_attributes": [],
          "private": "eyJlMmJmYjczMC1lY2FhLTExZTYtOGY4OC0zNDM2M2JjN2M0YzAiOnsiY3JlYXRlIjo2MDAwMDAwMDAwMDAsImRlbGV0ZSI6MTgwMDAwMDAwMDAwMCwidXBkYXRlIjo2MDAwMDAwMDAwMDB9fQ==",
          "dependencies": [
            "data.aws_availability_zones.available",
            "module.vpc.aws_eip.nat",
            "module.vpc.aws_internet_gateway.main",
            "module.vpc.aws_subnet.public",
            "module.vpc.aws_vpc.main"
          ]
        }
      ]
    },
    {
      "module": "module.vpc",
      "mode": "managed",
      "type": "aws_route_table",
      "name": "private",
      "provider": "provider[\"registry.terraform.io/hashicorp/aws\"]",
      "instances": [
        {
          "index_key": 0,
          "schema_version": 0,
          "attributes": {
            "arn": "arn:aws:ec2:us-east-1:126588786097:route-table/rtb-0811be1b10db89d66",
            "id": "rtb-0811be1b10db89d66",
            "owner_id": "126588786097",
            "propagating_vgws": [],
            "route": [
              {
                "carrier_gateway_id": "",
                "cidr_block": "0.0.0.0/0",
                "core_network_arn": "",
                "destination_prefix_list_id": "",
                "egress_only_gateway_id": "",
                "gateway_id": "",
                "ipv6_cidr_block": "",
                "local_gateway_id": "",
                "nat_gateway_id": "nat-0c7e92b0e46ea6cc2",
                "network_interface_id": "",
                "transit_gateway_id": "",
                "vpc_endpoint_id": "",
                "vpc_peering_connection_id": ""
              }
            ],
            "tags": {
              "Name": "inia-prod-private-rt-1"
            },
            "tags_all": {
              "Environment": "prod",
              "ManagedBy": "Terraform",
              "Name": "inia-prod-private-rt-1",
              "Project": "IniaProject"
            },
            "timeouts": null,
            "vpc_id": "vpc-0b5836a65d91bc84e"
          },
          "sensitive_attributes": [],
          "private": "eyJlMmJmYjczMC1lY2FhLTExZTYtOGY4OC0zNDM2M2JjN2M0YzAiOnsiY3JlYXRlIjozMDAwMDAwMDAwMDAsImRlbGV0ZSI6MzAwMDAwMDAwMDAwLCJ1cGRhdGUiOjEyMDAwMDAwMDAwMH19",
          "dependencies": [
            "data.aws_availability_zones.available",
            "module.vpc.aws_eip.nat",
            "module.vpc.aws_internet_gateway.main",
            "module.vpc.aws_nat_gateway.main",
            "module.vpc.aws_subnet.public",
            "module.vpc.aws_vpc.main"
          ]
        },
        {
          "index_key": 1,
          "schema_version": 0,
          "attributes": {
            "arn": "arn:aws:ec2:us-east-1:126588786097:route-table/rtb-0f5220d4b42505743",
            "id": "rtb-0f5220d4b42505743",
            "owner_id": "126588786097",
            "propagating_vgws": [],
            "route": [
              {
                "carrier_gateway_id": "",
                "cidr_block": "0.0.0.0/0",
                "core_network_arn": "",
                "destination_prefix_list_id": "",
                "egress_only_gateway_id": "",
                "gateway_id": "",
                "ipv6_cidr_block": "",
                "local_gateway_id": "",
                "nat_gateway_id": "nat-0c7e92b0e46ea6cc2",
                "network_interface_id": "",
                "transit_gateway_id": "",
                "vpc_endpoint_id": "",
                "vpc_peering_connection_id": ""
              }
            ],
            "tags": {
              "Name": "inia-prod-private-rt-2"
            },
            "tags_all": {
              "Environment": "prod",
              "ManagedBy": "Terraform",
              "Name": "inia-prod-private-rt-2",
              "Project": "IniaProject"
            },
            "timeouts": null,
            "vpc_id": "vpc-0b5836a65d91bc84e"
          },
          "sensitive_attributes": [],
          "private": "eyJlMmJmYjczMC1lY2FhLTExZTYtOGY4OC0zNDM2M2JjN2M0YzAiOnsiY3JlYXRlIjozMDAwMDAwMDAwMDAsImRlbGV0ZSI6MzAwMDAwMDAwMDAwLCJ1cGRhdGUiOjEyMDAwMDAwMDAwMH19",
          "dependencies": [
            "data.aws_availability_zones.available",
            "module.vpc.aws_eip.nat",
            "module.vpc.aws_internet_gateway.main",
            "module.vpc.aws_nat_gateway.main",
            "module.vpc.aws_subnet.public",
            "module.vpc.aws_vpc.main"
          ]
        },
        {
          "index_key": 2,
          "schema_version": 0,
          "attributes": {
            "arn": "arn:aws:ec2:us-east-1:126588786097:route-table/rtb-0fd30f5f15178b38e",
            "id": "rtb-0fd30f5f15178b38e",
            "owner_id": "126588786097",
            "propagating_vgws": [],
            "route": [
              {
                "carrier_gateway_id": "",
                "cidr_block": "0.0.0.0/0",
                "core_network_arn": "",
                "destination_prefix_list_id": "",
                "egress_only_gateway_id": "",
                "gateway_id": "",
                "ipv6_cidr_block": "",
                "local_gateway_id": "",
                "nat_gateway_id": "nat-0c7e92b0e46ea6cc2",
                "network_interface_id": "",
                "transit_gateway_id": "",
                "vpc_endpoint_id": "",
                "vpc_peering_connection_id": ""
              }
            ],
            "tags": {
              "Name": "inia-prod-private-rt-3"
            },
            "tags_all": {
              "Environment": "prod",
              "ManagedBy": "Terraform",
              "Name": "inia-prod-private-rt-3",
              "Project": "IniaProject"
            },
            "timeouts": null,
            "vpc_id": "vpc-0b5836a65d91bc84e"
          },
          "sensitive_attributes": [],
          "private": "eyJlMmJmYjczMC1lY2FhLTExZTYtOGY4OC0zNDM2M2JjN2M0YzAiOnsiY3JlYXRlIjozMDAwMDAwMDAwMDAsImRlbGV0ZSI6MzAwMDAwMDAwMDAwLCJ1cGRhdGUiOjEyMDAwMDAwMDAwMH19",
          "dependencies": [
            "data.aws_availability_zones.available",
            "module.vpc.aws_eip.nat",
            "module.vpc.aws_internet_gateway.main",
            "module.vpc.aws_nat_gateway.main",
            "module.vpc.aws_subnet.public",
            "module.vpc.aws_vpc.main"
          ]
        },
        {
          "index_key": 3,
          "schema_version": 0,
          "attributes": {
            "arn": "arn:aws:ec2:us-east-1:126588786097:route-table/rtb-01d6412004905569e",
            "id": "rtb-01d6412004905569e",
            "owner_id": "126588786097",
            "propagating_vgws": [],
            "route": [
              {
                "carrier_gateway_id": "",
                "cidr_block": "0.0.0.0/0",
                "core_network_arn": "",
                "destination_prefix_list_id": "",
                "egress_only_gateway_id": "",
                "gateway_id": "",
                "ipv6_cidr_block": "",
                "local_gateway_id": "",
                "nat_gateway_id": "nat-0c7e92b0e46ea6cc2",
                "network_interface_id": "",
                "transit_gateway_id": "",
                "vpc_endpoint_id": "",
                "vpc_peering_connection_id": ""
              }
            ],
            "tags": {
              "Name": "inia-prod-private-rt-4"
            },
            "tags_all": {
              "Environment": "prod",
              "ManagedBy": "Terraform",
              "Name": "inia-prod-private-rt-4",
              "Project": "IniaProject"
            },
            "timeouts": null,
            "vpc_id": "vpc-0b5836a65d91bc84e"
          },
          "sensitive_attributes": [],
          "private": "eyJlMmJmYjczMC1lY2FhLTExZTYtOGY4OC0zNDM2M2JjN2M0YzAiOnsiY3JlYXRlIjozMDAwMDAwMDAwMDAsImRlbGV0ZSI6MzAwMDAwMDAwMDAwLCJ1cGRhdGUiOjEyMDAwMDAwMDAwMH19",
          "dependencies": [
            "data.aws_availability_zones.available",
            "module.vpc.aws_eip.nat",
            "module.vpc.aws_internet_gateway.main",
            "module.vpc.aws_nat_gateway.main",
            "module.vpc.aws_subnet.public",
            "module.vpc.aws_vpc.main"
          ]
        },
        {
          "index_key": 4,
          "schema_version": 0,
          "attributes": {
            "arn": "arn:aws:ec2:us-east-1:126588786097:route-table/rtb-07833874634fdb6d6",
            "id": "rtb-07833874634fdb6d6",
            "owner_id": "126588786097",
            "propagating_vgws": [],
            "route": [
              {
                "carrier_gateway_id": "",
                "cidr_block": "0.0.0.0/0",
                "core_network_arn": "",
                "destination_prefix_list_id": "",
                "egress_only_gateway_id": "",
                "gateway_id": "",
                "ipv6_cidr_block": "",
                "local_gateway_id": "",
                "nat_gateway_id": "nat-0c7e92b0e46ea6cc2",
                "network_interface_id": "",
                "transit_gateway_id": "",
                "vpc_endpoint_id": "",
                "vpc_peering_connection_id": ""
              }
            ],
            "tags": {
              "Name": "inia-prod-private-rt-5"
            },
            "tags_all": {
              "Environment": "prod",
              "ManagedBy": "Terraform",
              "Name": "inia-prod-private-rt-5",
              "Project": "IniaProject"
            },
            "timeouts": null,
            "vpc_id": "vpc-0b5836a65d91bc84e"
          },
          "sensitive_attributes": [],
          "private": "eyJlMmJmYjczMC1lY2FhLTExZTYtOGY4OC0zNDM2M2JjN2M0YzAiOnsiY3JlYXRlIjozMDAwMDAwMDAwMDAsImRlbGV0ZSI6MzAwMDAwMDAwMDAwLCJ1cGRhdGUiOjEyMDAwMDAwMDAwMH19",
          "dependencies": [
            "data.aws_availability_zones.available",
            "module.vpc.aws_eip.nat",
            "module.vpc.aws_internet_gateway.main",
            "module.vpc.aws_nat_gateway.main",
            "module.vpc.aws_subnet.public",
            "module.vpc.aws_vpc.main"
          ]
        },
        {
          "index_key": 5,
          "schema_version": 0,
          "attributes": {
            "arn": "arn:aws:ec2:us-east-1:126588786097:route-table/rtb-02ea6cb52761155a1",
            "id": "rtb-02ea6cb52761155a1",
            "owner_id": "126588786097",
            "propagating_vgws": [],
            "route": [
              {
                "carrier_gateway_id": "",
                "cidr_block": "0.0.0.0/0",
                "core_network_arn": "",
                "destination_prefix_list_id": "",
                "egress_only_gateway_id": "",
                "gateway_id": "",
                "ipv6_cidr_block": "",
                "local_gateway_id": "",
                "nat_gateway_id": "nat-0c7e92b0e46ea6cc2",
                "network_interface_id": "",
                "transit_gateway_id": "",
                "vpc_endpoint_id": "",
                "vpc_peering_connection_id": ""
              }
            ],
            "tags": {
              "Name": "inia-prod-private-rt-6"
            },
            "tags_all": {
              "Environment": "prod",
              "ManagedBy": "Terraform",
              "Name": "inia-prod-private-rt-6",
              "Project": "IniaProject"
            },
            "timeouts": null,
            "vpc_id": "vpc-0b5836a65d91bc84e"
          },
          "sensitive_attributes": [],
          "private": "eyJlMmJmYjczMC1lY2FhLTExZTYtOGY4OC0zNDM2M2JjN2M0YzAiOnsiY3JlYXRlIjozMDAwMDAwMDAwMDAsImRlbGV0ZSI6MzAwMDAwMDAwMDAwLCJ1cGRhdGUiOjEyMDAwMDAwMDAwMH19",
          "dependencies": [
            "data.aws_availability_zones.available",
            "module.vpc.aws_eip.nat",
            "module.vpc.aws_internet_gateway.main",
            "module.vpc.aws_nat_gateway.main",
            "module.vpc.aws_subnet.public",
            "module.vpc.aws_vpc.main"
          ]
        }
      ]
    },
    {
      "module": "module.vpc",
      "mode": "managed",
      "type": "aws_route_table",
      "name": "public",
      "provider": "provider[\"registry.terraform.io/hashicorp/aws\"]",
      "instances": [
        {
          "schema_version": 0,
          "attributes": {
            "arn": "arn:aws:ec2:us-east-1:126588786097:route-table/rtb-0b6e5f79002143fe3",
            "id": "rtb-0b6e5f79002143fe3",
            "owner_id": "126588786097",
            "propagating_vgws": [],
            "route": [
              {
                "carrier_gateway_id": "",
                "cidr_block": "0.0.0.0/0",
                "core_network_arn": "",
                "destination_prefix_list_id": "",
                "egress_only_gateway_id": "",
                "gateway_id": "igw-01c15573fa955cd13",
                "ipv6_cidr_block": "",
                "local_gateway_id": "",
                "nat_gateway_id": "",
                "network_interface_id": "",
                "transit_gateway_id": "",
                "vpc_endpoint_id": "",
                "vpc_peering_connection_id": ""
              }
            ],
            "tags": {
              "Name": "inia-prod-public-rt"
            },
            "tags_all": {
              "Environment": "prod",
              "ManagedBy": "Terraform",
              "Name": "inia-prod-public-rt",
              "Project": "IniaProject"
            },
            "timeouts": null,
            "vpc_id": "vpc-0b5836a65d91bc84e"
          },
          "sensitive_attributes": [],
          "private": "eyJlMmJmYjczMC1lY2FhLTExZTYtOGY4OC0zNDM2M2JjN2M0YzAiOnsiY3JlYXRlIjozMDAwMDAwMDAwMDAsImRlbGV0ZSI6MzAwMDAwMDAwMDAwLCJ1cGRhdGUiOjEyMDAwMDAwMDAwMH19",
          "dependencies": [
            "module.vpc.aws_internet_gateway.main",
            "module.vpc.aws_vpc.main"
          ]
        }
      ]
    },
    {
      "module": "module.vpc",
      "mode": "managed",
      "type": "aws_route_table_association",
      "name": "private",
      "provider": "provider[\"registry.terraform.io/hashicorp/aws\"]",
      "instances": [
        {
          "index_key": 0,
          "schema_version": 0,
          "attributes": {
            "gateway_id": "",
            "id": "rtbassoc-03c8ad0d18a11536a",
            "route_table_id": "rtb-0811be1b10db89d66",
            "subnet_id": "subnet-0e8eb60ce94dddb41",
            "timeouts": null
          },
          "sensitive_attributes": [],
          "private": "eyJlMmJmYjczMC1lY2FhLTExZTYtOGY4OC0zNDM2M2JjN2M0YzAiOnsiY3JlYXRlIjozMDAwMDAwMDAwMDAsImRlbGV0ZSI6MzAwMDAwMDAwMDAwLCJ1cGRhdGUiOjEyMDAwMDAwMDAwMH19",
          "dependencies": [
            "data.aws_availability_zones.available",
            "module.vpc.aws_eip.nat",
            "module.vpc.aws_internet_gateway.main",
            "module.vpc.aws_nat_gateway.main",
            "module.vpc.aws_route_table.private",
            "module.vpc.aws_subnet.private",
            "module.vpc.aws_subnet.public",
            "module.vpc.aws_vpc.main"
          ]
        },
        {
          "index_key": 1,
          "schema_version": 0,
          "attributes": {
            "gateway_id": "",
            "id": "rtbassoc-0b37f179e9193c536",
            "route_table_id": "rtb-0f5220d4b42505743",
            "subnet_id": "subnet-0fc7aea05fc28735a",
            "timeouts": null
          },
          "sensitive_attributes": [],
          "private": "eyJlMmJmYjczMC1lY2FhLTExZTYtOGY4OC0zNDM2M2JjN2M0YzAiOnsiY3JlYXRlIjozMDAwMDAwMDAwMDAsImRlbGV0ZSI6MzAwMDAwMDAwMDAwLCJ1cGRhdGUiOjEyMDAwMDAwMDAwMH19",
          "dependencies": [
            "data.aws_availability_zones.available",
            "module.vpc.aws_eip.nat",
            "module.vpc.aws_internet_gateway.main",
            "module.vpc.aws_nat_gateway.main",
            "module.vpc.aws_route_table.private",
            "module.vpc.aws_subnet.private",
            "module.vpc.aws_subnet.public",
            "module.vpc.aws_vpc.main"
          ]
        },
        {
          "index_key": 2,
          "schema_version": 0,
          "attributes": {
            "gateway_id": "",
            "id": "rtbassoc-0622fd301900a73f7",
            "route_table_id": "rtb-0fd30f5f15178b38e",
            "subnet_id": "subnet-067ae500f351ca244",
            "timeouts": null
          },
          "sensitive_attributes": [],
          "private": "eyJlMmJmYjczMC1lY2FhLTExZTYtOGY4OC0zNDM2M2JjN2M0YzAiOnsiY3JlYXRlIjozMDAwMDAwMDAwMDAsImRlbGV0ZSI6MzAwMDAwMDAwMDAwLCJ1cGRhdGUiOjEyMDAwMDAwMDAwMH19",
          "dependencies": [
            "data.aws_availability_zones.available",
            "module.vpc.aws_eip.nat",
            "module.vpc.aws_internet_gateway.main",
            "module.vpc.aws_nat_gateway.main",
            "module.vpc.aws_route_table.private",
            "module.vpc.aws_subnet.private",
            "module.vpc.aws_subnet.public",
            "module.vpc.aws_vpc.main"
          ]
        },
        {
          "index_key": 3,
          "schema_version": 0,
          "attributes": {
            "gateway_id": "",
            "id": "rtbassoc-0697771a34bcb6e30",
            "route_table_id": "rtb-01d6412004905569e",
            "subnet_id": "subnet-00d40c2dca3fff30e",
            "timeouts": null
          },
          "sensitive_attributes": [],
          "private": "eyJlMmJmYjczMC1lY2FhLTExZTYtOGY4OC0zNDM2M2JjN2M0YzAiOnsiY3JlYXRlIjozMDAwMDAwMDAwMDAsImRlbGV0ZSI6MzAwMDAwMDAwMDAwLCJ1cGRhdGUiOjEyMDAwMDAwMDAwMH19",
          "dependencies": [
            "data.aws_availability_zones.available",
            "module.vpc.aws_eip.nat",
            "module.vpc.aws_internet_gateway.main",
            "module.vpc.aws_nat_gateway.main",
            "module.vpc.aws_route_table.private",
            "module.vpc.aws_subnet.private",
            "module.vpc.aws_subnet.public",
            "module.vpc.aws_vpc.main"
          ]
        },
        {
          "index_key": 4,
          "schema_version": 0,
          "attributes": {
            "gateway_id": "",
            "id": "rtbassoc-04c6d80b031a7491d",
            "route_table_id": "rtb-07833874634fdb6d6",
            "subnet_id": "subnet-0dc39988d0e3a9d22",
            "timeouts": null
          },
          "sensitive_attributes": [],
          "private": "eyJlMmJmYjczMC1lY2FhLTExZTYtOGY4OC0zNDM2M2JjN2M0YzAiOnsiY3JlYXRlIjozMDAwMDAwMDAwMDAsImRlbGV0ZSI6MzAwMDAwMDAwMDAwLCJ1cGRhdGUiOjEyMDAwMDAwMDAwMH19",
          "dependencies": [
            "data.aws_availability_zones.available",
            "module.vpc.aws_eip.nat",
            "module.vpc.aws_internet_gateway.main",
            "module.vpc.aws_nat_gateway.main",
            "module.vpc.aws_route_table.private",
            "module.vpc.aws_subnet.private",
            "module.vpc.aws_subnet.public",
            "module.vpc.aws_vpc.main"
          ]
        },
        {
          "index_key": 5,
          "schema_version": 0,
          "attributes": {
            "gateway_id": "",
            "id": "rtbassoc-036c5387feab396c0",
            "route_table_id": "rtb-02ea6cb52761155a1",
            "subnet_id": "subnet-090bf07382d2c9802",
            "timeouts": null
          },
          "sensitive_attributes": [],
          "private": "eyJlMmJmYjczMC1lY2FhLTExZTYtOGY4OC0zNDM2M2JjN2M0YzAiOnsiY3JlYXRlIjozMDAwMDAwMDAwMDAsImRlbGV0ZSI6MzAwMDAwMDAwMDAwLCJ1cGRhdGUiOjEyMDAwMDAwMDAwMH19",
          "dependencies": [
            "data.aws_availability_zones.available",
            "module.vpc.aws_eip.nat",
            "module.vpc.aws_internet_gateway.main",
            "module.vpc.aws_nat_gateway.main",
            "module.vpc.aws_route_table.private",
            "module.vpc.aws_subnet.private",
            "module.vpc.aws_subnet.public",
            "module.vpc.aws_vpc.main"
          ]
        }
      ]
    },
    {
      "module": "module.vpc",
      "mode": "managed",
      "type": "aws_route_table_association",
      "name": "public",
      "provider": "provider[\"registry.terraform.io/hashicorp/aws\"]",
      "instances": [
        {
          "index_key": 0,
          "schema_version": 0,
          "attributes": {
            "gateway_id": "",
            "id": "rtbassoc-00f77db921e845a54",
            "route_table_id": "rtb-0b6e5f79002143fe3",
            "subnet_id": "subnet-0acff79684d6c01e1",
            "timeouts": null
          },
          "sensitive_attributes": [],
          "private": "eyJlMmJmYjczMC1lY2FhLTExZTYtOGY4OC0zNDM2M2JjN2M0YzAiOnsiY3JlYXRlIjozMDAwMDAwMDAwMDAsImRlbGV0ZSI6MzAwMDAwMDAwMDAwLCJ1cGRhdGUiOjEyMDAwMDAwMDAwMH19",
          "dependencies": [
            "data.aws_availability_zones.available",
            "module.vpc.aws_internet_gateway.main",
            "module.vpc.aws_route_table.public",
            "module.vpc.aws_subnet.public",
            "module.vpc.aws_vpc.main"
          ]
        },
        {
          "index_key": 1,
          "schema_version": 0,
          "attributes": {
            "gateway_id": "",
            "id": "rtbassoc-08ac33419fc214cde",
            "route_table_id": "rtb-0b6e5f79002143fe3",
            "subnet_id": "subnet-0b48a768fccdb4175",
            "timeouts": null
          },
          "sensitive_attributes": [],
          "private": "eyJlMmJmYjczMC1lY2FhLTExZTYtOGY4OC0zNDM2M2JjN2M0YzAiOnsiY3JlYXRlIjozMDAwMDAwMDAwMDAsImRlbGV0ZSI6MzAwMDAwMDAwMDAwLCJ1cGRhdGUiOjEyMDAwMDAwMDAwMH19",
          "dependencies": [
            "data.aws_availability_zones.available",
            "module.vpc.aws_internet_gateway.main",
            "module.vpc.aws_route_table.public",
            "module.vpc.aws_subnet.public",
            "module.vpc.aws_vpc.main"
          ]
        },
        {
          "index_key": 2,
          "schema_version": 0,
          "attributes": {
            "gateway_id": "",
            "id": "rtbassoc-049e13b40778c946a",
            "route_table_id": "rtb-0b6e5f79002143fe3",
            "subnet_id": "subnet-01cdc4f0db93fa289",
            "timeouts": null
          },
          "sensitive_attributes": [],
          "private": "eyJlMmJmYjczMC1lY2FhLTExZTYtOGY4OC0zNDM2M2JjN2M0YzAiOnsiY3JlYXRlIjozMDAwMDAwMDAwMDAsImRlbGV0ZSI6MzAwMDAwMDAwMDAwLCJ1cGRhdGUiOjEyMDAwMDAwMDAwMH19",
          "dependencies": [
            "data.aws_availability_zones.available",
            "module.vpc.aws_internet_gateway.main",
            "module.vpc.aws_route_table.public",
            "module.vpc.aws_subnet.public",
            "module.vpc.aws_vpc.main"
          ]
        },
        {
          "index_key": 3,
          "schema_version": 0,
          "attributes": {
            "gateway_id": "",
            "id": "rtbassoc-08c835b2bd3ae5239",
            "route_table_id": "rtb-0b6e5f79002143fe3",
            "subnet_id": "subnet-06a4e02efee99885e",
            "timeouts": null
          },
          "sensitive_attributes": [],
          "private": "eyJlMmJmYjczMC1lY2FhLTExZTYtOGY4OC0zNDM2M2JjN2M0YzAiOnsiY3JlYXRlIjozMDAwMDAwMDAwMDAsImRlbGV0ZSI6MzAwMDAwMDAwMDAwLCJ1cGRhdGUiOjEyMDAwMDAwMDAwMH19",
          "dependencies": [
            "data.aws_availability_zones.available",
            "module.vpc.aws_internet_gateway.main",
            "module.vpc.aws_route_table.public",
            "module.vpc.aws_subnet.public",
            "module.vpc.aws_vpc.main"
          ]
        },
        {
          "index_key": 4,
          "schema_version": 0,
          "attributes": {
            "gateway_id": "",
            "id": "rtbassoc-0ca0d1d0967cbb7f1",
            "route_table_id": "rtb-0b6e5f79002143fe3",
            "subnet_id": "subnet-03dd367e5fb6889db",
            "timeouts": null
          },
          "sensitive_attributes": [],
          "private": "eyJlMmJmYjczMC1lY2FhLTExZTYtOGY4OC0zNDM2M2JjN2M0YzAiOnsiY3JlYXRlIjozMDAwMDAwMDAwMDAsImRlbGV0ZSI6MzAwMDAwMDAwMDAwLCJ1cGRhdGUiOjEyMDAwMDAwMDAwMH19",
          "dependencies": [
            "data.aws_availability_zones.available",
            "module.vpc.aws_internet_gateway.main",
            "module.vpc.aws_route_table.public",
            "module.vpc.aws_subnet.public",
            "module.vpc.aws_vpc.main"
          ]
        },
        {
          "index_key": 5,
          "schema_version": 0,
          "attributes": {
            "gateway_id": "",
            "id": "rtbassoc-0c547d8a4b138d757",
            "route_table_id": "rtb-0b6e5f79002143fe3",
            "subnet_id": "subnet-0f1c73aafa964ff54",
            "timeouts": null
          },
          "sensitive_attributes": [],
          "private": "eyJlMmJmYjczMC1lY2FhLTExZTYtOGY4OC0zNDM2M2JjN2M0YzAiOnsiY3JlYXRlIjozMDAwMDAwMDAwMDAsImRlbGV0ZSI6MzAwMDAwMDAwMDAwLCJ1cGRhdGUiOjEyMDAwMDAwMDAwMH19",
          "dependencies": [
            "data.aws_availability_zones.available",
            "module.vpc.aws_internet_gateway.main",
            "module.vpc.aws_route_table.public",
            "module.vpc.aws_subnet.public",
            "module.vpc.aws_vpc.main"
          ]
        }
      ]
    },
    {
      "module": "module.vpc",
      "mode": "managed",
      "type": "aws_subnet",
      "name": "private",
      "provider": "provider[\"registry.terraform.io/hashicorp/aws\"]",
      "instances": [
        {
          "index_key": 0,
          "schema_version": 1,
          "attributes": {
            "arn": "arn:aws:ec2:us-east-1:126588786097:subnet/subnet-0e8eb60ce94dddb41",
            "assign_ipv6_address_on_creation": false,
            "availability_zone": "us-east-1a",
            "availability_zone_id": "use1-az1",
            "cidr_block": "10.0.6.0/24",
            "customer_owned_ipv4_pool": "",
            "enable_dns64": false,
            "enable_lni_at_device_index": 0,
            "enable_resource_name_dns_a_record_on_launch": false,
            "enable_resource_name_dns_aaaa_record_on_launch": false,
            "id": "subnet-0e8eb60ce94dddb41",
            "ipv6_cidr_block": "",
            "ipv6_cidr_block_association_id": "",
            "ipv6_native": false,
            "map_customer_owned_ip_on_launch": false,
            "map_public_ip_on_launch": false,
            "outpost_arn": "",
            "owner_id": "126588786097",
            "private_dns_hostname_type_on_launch": "ip-name",
            "tags": {
              "Name": "inia-prod-private-subnet-1",
              "Type": "private"
            },
            "tags_all": {
              "Environment": "prod",
              "ManagedBy": "Terraform",
              "Name": "inia-prod-private-subnet-1",
              "Project": "IniaProject",
              "Type": "private"
            },
            "timeouts": null,
            "vpc_id": "vpc-0b5836a65d91bc84e"
          },
          "sensitive_attributes": [],
          "private": "eyJlMmJmYjczMC1lY2FhLTExZTYtOGY4OC0zNDM2M2JjN2M0YzAiOnsiY3JlYXRlIjo2MDAwMDAwMDAwMDAsImRlbGV0ZSI6MTIwMDAwMDAwMDAwMH0sInNjaGVtYV92ZXJzaW9uIjoiMSJ9",
          "dependencies": [
            "data.aws_availability_zones.available",
            "module.vpc.aws_vpc.main"
          ]
        },
        {
          "index_key": 1,
          "schema_version": 1,
          "attributes": {
            "arn": "arn:aws:ec2:us-east-1:126588786097:subnet/subnet-0fc7aea05fc28735a",
            "assign_ipv6_address_on_creation": false,
            "availability_zone": "us-east-1b",
            "availability_zone_id": "use1-az2",
            "cidr_block": "10.0.7.0/24",
            "customer_owned_ipv4_pool": "",
            "enable_dns64": false,
            "enable_lni_at_device_index": 0,
            "enable_resource_name_dns_a_record_on_launch": false,
            "enable_resource_name_dns_aaaa_record_on_launch": false,
            "id": "subnet-0fc7aea05fc28735a",
            "ipv6_cidr_block": "",
            "ipv6_cidr_block_association_id": "",
            "ipv6_native": false,
            "map_customer_owned_ip_on_launch": false,
            "map_public_ip_on_launch": false,
            "outpost_arn": "",
            "owner_id": "126588786097",
            "private_dns_hostname_type_on_launch": "ip-name",
            "tags": {
              "Name": "inia-prod-private-subnet-2",
              "Type": "private"
            },
            "tags_all": {
              "Environment": "prod",
              "ManagedBy": "Terraform",
              "Name": "inia-prod-private-subnet-2",
              "Project": "IniaProject",
              "Type": "private"
            },
            "timeouts": null,
            "vpc_id": "vpc-0b5836a65d91bc84e"
          },
          "sensitive_attributes": [],
          "private": "eyJlMmJmYjczMC1lY2FhLTExZTYtOGY4OC0zNDM2M2JjN2M0YzAiOnsiY3JlYXRlIjo2MDAwMDAwMDAwMDAsImRlbGV0ZSI6MTIwMDAwMDAwMDAwMH0sInNjaGVtYV92ZXJzaW9uIjoiMSJ9",
          "dependencies": [
            "data.aws_availability_zones.available",
            "module.vpc.aws_vpc.main"
          ]
        },
        {
          "index_key": 2,
          "schema_version": 1,
          "attributes": {
            "arn": "arn:aws:ec2:us-east-1:126588786097:subnet/subnet-067ae500f351ca244",
            "assign_ipv6_address_on_creation": false,
            "availability_zone": "us-east-1c",
            "availability_zone_id": "use1-az4",
            "cidr_block": "10.0.8.0/24",
            "customer_owned_ipv4_pool": "",
            "enable_dns64": false,
            "enable_lni_at_device_index": 0,
            "enable_resource_name_dns_a_record_on_launch": false,
            "enable_resource_name_dns_aaaa_record_on_launch": false,
            "id": "subnet-067ae500f351ca244",
            "ipv6_cidr_block": "",
            "ipv6_cidr_block_association_id": "",
            "ipv6_native": false,
            "map_customer_owned_ip_on_launch": false,
            "map_public_ip_on_launch": false,
            "outpost_arn": "",
            "owner_id": "126588786097",
            "private_dns_hostname_type_on_launch": "ip-name",
            "tags": {
              "Name": "inia-prod-private-subnet-3",
              "Type": "private"
            },
            "tags_all": {
              "Environment": "prod",
              "ManagedBy": "Terraform",
              "Name": "inia-prod-private-subnet-3",
              "Project": "IniaProject",
              "Type": "private"
            },
            "timeouts": null,
            "vpc_id": "vpc-0b5836a65d91bc84e"
          },
          "sensitive_attributes": [],
          "private": "eyJlMmJmYjczMC1lY2FhLTExZTYtOGY4OC0zNDM2M2JjN2M0YzAiOnsiY3JlYXRlIjo2MDAwMDAwMDAwMDAsImRlbGV0ZSI6MTIwMDAwMDAwMDAwMH0sInNjaGVtYV92ZXJzaW9uIjoiMSJ9",
          "dependencies": [
            "data.aws_availability_zones.available",
            "module.vpc.aws_vpc.main"
          ]
        },
        {
          "index_key": 3,
          "schema_version": 1,
          "attributes": {
            "arn": "arn:aws:ec2:us-east-1:126588786097:subnet/subnet-00d40c2dca3fff30e",
            "assign_ipv6_address_on_creation": false,
            "availability_zone": "us-east-1d",
            "availability_zone_id": "use1-az6",
            "cidr_block": "10.0.9.0/24",
            "customer_owned_ipv4_pool": "",
            "enable_dns64": false,
            "enable_lni_at_device_index": 0,
            "enable_resource_name_dns_a_record_on_launch": false,
            "enable_resource_name_dns_aaaa_record_on_launch": false,
            "id": "subnet-00d40c2dca3fff30e",
            "ipv6_cidr_block": "",
            "ipv6_cidr_block_association_id": "",
            "ipv6_native": false,
            "map_customer_owned_ip_on_launch": false,
            "map_public_ip_on_launch": false,
            "outpost_arn": "",
            "owner_id": "126588786097",
            "private_dns_hostname_type_on_launch": "ip-name",
            "tags": {
              "Name": "inia-prod-private-subnet-4",
              "Type": "private"
            },
            "tags_all": {
              "Environment": "prod",
              "ManagedBy": "Terraform",
              "Name": "inia-prod-private-subnet-4",
              "Project": "IniaProject",
              "Type": "private"
            },
            "timeouts": null,
            "vpc_id": "vpc-0b5836a65d91bc84e"
          },
          "sensitive_attributes": [],
          "private": "eyJlMmJmYjczMC1lY2FhLTExZTYtOGY4OC0zNDM2M2JjN2M0YzAiOnsiY3JlYXRlIjo2MDAwMDAwMDAwMDAsImRlbGV0ZSI6MTIwMDAwMDAwMDAwMH0sInNjaGVtYV92ZXJzaW9uIjoiMSJ9",
          "dependencies": [
            "data.aws_availability_zones.available",
            "module.vpc.aws_vpc.main"
          ]
        },
        {
          "index_key": 4,
          "schema_version": 1,
          "attributes": {
            "arn": "arn:aws:ec2:us-east-1:126588786097:subnet/subnet-0dc39988d0e3a9d22",
            "assign_ipv6_address_on_creation": false,
            "availability_zone": "us-east-1e",
            "availability_zone_id": "use1-az3",
            "cidr_block": "10.0.10.0/24",
            "customer_owned_ipv4_pool": "",
            "enable_dns64": false,
            "enable_lni_at_device_index": 0,
            "enable_resource_name_dns_a_record_on_launch": false,
            "enable_resource_name_dns_aaaa_record_on_launch": false,
            "id": "subnet-0dc39988d0e3a9d22",
            "ipv6_cidr_block": "",
            "ipv6_cidr_block_association_id": "",
            "ipv6_native": false,
            "map_customer_owned_ip_on_launch": false,
            "map_public_ip_on_launch": false,
            "outpost_arn": "",
            "owner_id": "126588786097",
            "private_dns_hostname_type_on_launch": "ip-name",
            "tags": {
              "Name": "inia-prod-private-subnet-5",
              "Type": "private"
            },
            "tags_all": {
              "Environment": "prod",
              "ManagedBy": "Terraform",
              "Name": "inia-prod-private-subnet-5",
              "Project": "IniaProject",
              "Type": "private"
            },
            "timeouts": null,
            "vpc_id": "vpc-0b5836a65d91bc84e"
          },
          "sensitive_attributes": [],
          "private": "eyJlMmJmYjczMC1lY2FhLTExZTYtOGY4OC0zNDM2M2JjN2M0YzAiOnsiY3JlYXRlIjo2MDAwMDAwMDAwMDAsImRlbGV0ZSI6MTIwMDAwMDAwMDAwMH0sInNjaGVtYV92ZXJzaW9uIjoiMSJ9",
          "dependencies": [
            "data.aws_availability_zones.available",
            "module.vpc.aws_vpc.main"
          ]
        },
        {
          "index_key": 5,
          "schema_version": 1,
          "attributes": {
            "arn": "arn:aws:ec2:us-east-1:126588786097:subnet/subnet-090bf07382d2c9802",
            "assign_ipv6_address_on_creation": false,
            "availability_zone": "us-east-1f",
            "availability_zone_id": "use1-az5",
            "cidr_block": "10.0.11.0/24",
            "customer_owned_ipv4_pool": "",
            "enable_dns64": false,
            "enable_lni_at_device_index": 0,
            "enable_resource_name_dns_a_record_on_launch": false,
            "enable_resource_name_dns_aaaa_record_on_launch": false,
            "id": "subnet-090bf07382d2c9802",
            "ipv6_cidr_block": "",
            "ipv6_cidr_block_association_id": "",
            "ipv6_native": false,
            "map_customer_owned_ip_on_launch": false,
            "map_public_ip_on_launch": false,
            "outpost_arn": "",
            "owner_id": "126588786097",
            "private_dns_hostname_type_on_launch": "ip-name",
            "tags": {
              "Name": "inia-prod-private-subnet-6",
              "Type": "private"
            },
            "tags_all": {
              "Environment": "prod",
              "ManagedBy": "Terraform",
              "Name": "inia-prod-private-subnet-6",
              "Project": "IniaProject",
              "Type": "private"
            },
            "timeouts": null,
            "vpc_id": "vpc-0b5836a65d91bc84e"
          },
          "sensitive_attributes": [],
          "private": "eyJlMmJmYjczMC1lY2FhLTExZTYtOGY4OC0zNDM2M2JjN2M0YzAiOnsiY3JlYXRlIjo2MDAwMDAwMDAwMDAsImRlbGV0ZSI6MTIwMDAwMDAwMDAwMH0sInNjaGVtYV92ZXJzaW9uIjoiMSJ9",
          "dependencies": [
            "data.aws_availability_zones.available",
            "module.vpc.aws_vpc.main"
          ]
        }
      ]
    },
    {
      "module": "module.vpc",
      "mode": "managed",
      "type": "aws_subnet",
      "name": "public",
      "provider": "provider[\"registry.terraform.io/hashicorp/aws\"]",
      "instances": [
        {
          "index_key": 0,
          "schema_version": 1,
          "attributes": {
            "arn": "arn:aws:ec2:us-east-1:126588786097:subnet/subnet-0acff79684d6c01e1",
            "assign_ipv6_address_on_creation": false,
            "availability_zone": "us-east-1a",
            "availability_zone_id": "use1-az1",
            "cidr_block": "10.0.0.0/24",
            "customer_owned_ipv4_pool": "",
            "enable_dns64": false,
            "enable_lni_at_device_index": 0,
            "enable_resource_name_dns_a_record_on_launch": false,
            "enable_resource_name_dns_aaaa_record_on_launch": false,
            "id": "subnet-0acff79684d6c01e1",
            "ipv6_cidr_block": "",
            "ipv6_cidr_block_association_id": "",
            "ipv6_native": false,
            "map_customer_owned_ip_on_launch": false,
            "map_public_ip_on_launch": true,
            "outpost_arn": "",
            "owner_id": "126588786097",
            "private_dns_hostname_type_on_launch": "ip-name",
            "tags": {
              "Name": "inia-prod-public-subnet-1",
              "Type": "public"
            },
            "tags_all": {
              "Environment": "prod",
              "ManagedBy": "Terraform",
              "Name": "inia-prod-public-subnet-1",
              "Project": "IniaProject",
              "Type": "public"
            },
            "timeouts": null,
            "vpc_id": "vpc-0b5836a65d91bc84e"
          },
          "sensitive_attributes": [],
          "private": "eyJlMmJmYjczMC1lY2FhLTExZTYtOGY4OC0zNDM2M2JjN2M0YzAiOnsiY3JlYXRlIjo2MDAwMDAwMDAwMDAsImRlbGV0ZSI6MTIwMDAwMDAwMDAwMH0sInNjaGVtYV92ZXJzaW9uIjoiMSJ9",
          "dependencies": [
            "data.aws_availability_zones.available",
            "module.vpc.aws_vpc.main"
          ]
        },
        {
          "index_key": 1,
          "schema_version": 1,
          "attributes": {
            "arn": "arn:aws:ec2:us-east-1:126588786097:subnet/subnet-0b48a768fccdb4175",
            "assign_ipv6_address_on_creation": false,
            "availability_zone": "us-east-1b",
            "availability_zone_id": "use1-az2",
            "cidr_block": "10.0.1.0/24",
            "customer_owned_ipv4_pool": "",
            "enable_dns64": false,
            "enable_lni_at_device_index": 0,
            "enable_resource_name_dns_a_record_on_launch": false,
            "enable_resource_name_dns_aaaa_record_on_launch": false,
            "id": "subnet-0b48a768fccdb4175",
            "ipv6_cidr_block": "",
            "ipv6_cidr_block_association_id": "",
            "ipv6_native": false,
            "map_customer_owned_ip_on_launch": false,
            "map_public_ip_on_launch": true,
            "outpost_arn": "",
            "owner_id": "126588786097",
            "private_dns_hostname_type_on_launch": "ip-name",
            "tags": {
              "Name": "inia-prod-public-subnet-2",
              "Type": "public"
            },
            "tags_all": {
              "Environment": "prod",
              "ManagedBy": "Terraform",
              "Name": "inia-prod-public-subnet-2",
              "Project": "IniaProject",
              "Type": "public"
            },
            "timeouts": null,
            "vpc_id": "vpc-0b5836a65d91bc84e"
          },
          "sensitive_attributes": [],
          "private": "eyJlMmJmYjczMC1lY2FhLTExZTYtOGY4OC0zNDM2M2JjN2M0YzAiOnsiY3JlYXRlIjo2MDAwMDAwMDAwMDAsImRlbGV0ZSI6MTIwMDAwMDAwMDAwMH0sInNjaGVtYV92ZXJzaW9uIjoiMSJ9",
          "dependencies": [
            "data.aws_availability_zones.available",
            "module.vpc.aws_vpc.main"
          ]
        },
        {
          "index_key": 2,
          "schema_version": 1,
          "attributes": {
            "arn": "arn:aws:ec2:us-east-1:126588786097:subnet/subnet-01cdc4f0db93fa289",
            "assign_ipv6_address_on_creation": false,
            "availability_zone": "us-east-1c",
            "availability_zone_id": "use1-az4",
            "cidr_block": "10.0.2.0/24",
            "customer_owned_ipv4_pool": "",
            "enable_dns64": false,
            "enable_lni_at_device_index": 0,
            "enable_resource_name_dns_a_record_on_launch": false,
            "enable_resource_name_dns_aaaa_record_on_launch": false,
            "id": "subnet-01cdc4f0db93fa289",
            "ipv6_cidr_block": "",
            "ipv6_cidr_block_association_id": "",
            "ipv6_native": false,
            "map_customer_owned_ip_on_launch": false,
            "map_public_ip_on_launch": true,
            "outpost_arn": "",
            "owner_id": "126588786097",
            "private_dns_hostname_type_on_launch": "ip-name",
            "tags": {
              "Name": "inia-prod-public-subnet-3",
              "Type": "public"
            },
            "tags_all": {
              "Environment": "prod",
              "ManagedBy": "Terraform",
              "Name": "inia-prod-public-subnet-3",
              "Project": "IniaProject",
              "Type": "public"
            },
            "timeouts": null,
            "vpc_id": "vpc-0b5836a65d91bc84e"
          },
          "sensitive_attributes": [],
          "private": "eyJlMmJmYjczMC1lY2FhLTExZTYtOGY4OC0zNDM2M2JjN2M0YzAiOnsiY3JlYXRlIjo2MDAwMDAwMDAwMDAsImRlbGV0ZSI6MTIwMDAwMDAwMDAwMH0sInNjaGVtYV92ZXJzaW9uIjoiMSJ9",
          "dependencies": [
            "data.aws_availability_zones.available",
            "module.vpc.aws_vpc.main"
          ]
        },
        {
          "index_key": 3,
          "schema_version": 1,
          "attributes": {
            "arn": "arn:aws:ec2:us-east-1:126588786097:subnet/subnet-06a4e02efee99885e",
            "assign_ipv6_address_on_creation": false,
            "availability_zone": "us-east-1d",
            "availability_zone_id": "use1-az6",
            "cidr_block": "10.0.3.0/24",
            "customer_owned_ipv4_pool": "",
            "enable_dns64": false,
            "enable_lni_at_device_index": 0,
            "enable_resource_name_dns_a_record_on_launch": false,
            "enable_resource_name_dns_aaaa_record_on_launch": false,
            "id": "subnet-06a4e02efee99885e",
            "ipv6_cidr_block": "",
            "ipv6_cidr_block_association_id": "",
            "ipv6_native": false,
            "map_customer_owned_ip_on_launch": false,
            "map_public_ip_on_launch": true,
            "outpost_arn": "",
            "owner_id": "126588786097",
            "private_dns_hostname_type_on_launch": "ip-name",
            "tags": {
              "Name": "inia-prod-public-subnet-4",
              "Type": "public"
            },
            "tags_all": {
              "Environment": "prod",
              "ManagedBy": "Terraform",
              "Name": "inia-prod-public-subnet-4",
              "Project": "IniaProject",
              "Type": "public"
            },
            "timeouts": null,
            "vpc_id": "vpc-0b5836a65d91bc84e"
          },
          "sensitive_attributes": [],
          "private": "eyJlMmJmYjczMC1lY2FhLTExZTYtOGY4OC0zNDM2M2JjN2M0YzAiOnsiY3JlYXRlIjo2MDAwMDAwMDAwMDAsImRlbGV0ZSI6MTIwMDAwMDAwMDAwMH0sInNjaGVtYV92ZXJzaW9uIjoiMSJ9",
          "dependencies": [
            "data.aws_availability_zones.available",
            "module.vpc.aws_vpc.main"
          ]
        },
        {
          "index_key": 4,
          "schema_version": 1,
          "attributes": {
            "arn": "arn:aws:ec2:us-east-1:126588786097:subnet/subnet-03dd367e5fb6889db",
            "assign_ipv6_address_on_creation": false,
            "availability_zone": "us-east-1e",
            "availability_zone_id": "use1-az3",
            "cidr_block": "10.0.4.0/24",
            "customer_owned_ipv4_pool": "",
            "enable_dns64": false,
            "enable_lni_at_device_index": 0,
            "enable_resource_name_dns_a_record_on_launch": false,
            "enable_resource_name_dns_aaaa_record_on_launch": false,
            "id": "subnet-03dd367e5fb6889db",
            "ipv6_cidr_block": "",
            "ipv6_cidr_block_association_id": "",
            "ipv6_native": false,
            "map_customer_owned_ip_on_launch": false,
            "map_public_ip_on_launch": true,
            "outpost_arn": "",
            "owner_id": "126588786097",
            "private_dns_hostname_type_on_launch": "ip-name",
            "tags": {
              "Name": "inia-prod-public-subnet-5",
              "Type": "public"
            },
            "tags_all": {
              "Environment": "prod",
              "ManagedBy": "Terraform",
              "Name": "inia-prod-public-subnet-5",
              "Project": "IniaProject",
              "Type": "public"
            },
            "timeouts": null,
            "vpc_id": "vpc-0b5836a65d91bc84e"
          },
          "sensitive_attributes": [],
          "private": "eyJlMmJmYjczMC1lY2FhLTExZTYtOGY4OC0zNDM2M2JjN2M0YzAiOnsiY3JlYXRlIjo2MDAwMDAwMDAwMDAsImRlbGV0ZSI6MTIwMDAwMDAwMDAwMH0sInNjaGVtYV92ZXJzaW9uIjoiMSJ9",
          "dependencies": [
            "data.aws_availability_zones.available",
            "module.vpc.aws_vpc.main"
          ]
        },
        {
          "index_key": 5,
          "schema_version": 1,
          "attributes": {
            "arn": "arn:aws:ec2:us-east-1:126588786097:subnet/subnet-0f1c73aafa964ff54",
            "assign_ipv6_address_on_creation": false,
            "availability_zone": "us-east-1f",
            "availability_zone_id": "use1-az5",
            "cidr_block": "10.0.5.0/24",
            "customer_owned_ipv4_pool": "",
            "enable_dns64": false,
            "enable_lni_at_device_index": 0,
            "enable_resource_name_dns_a_record_on_launch": false,
            "enable_resource_name_dns_aaaa_record_on_launch": false,
            "id": "subnet-0f1c73aafa964ff54",
            "ipv6_cidr_block": "",
            "ipv6_cidr_block_association_id": "",
            "ipv6_native": false,
            "map_customer_owned_ip_on_launch": false,
            "map_public_ip_on_launch": true,
            "outpost_arn": "",
            "owner_id": "126588786097",
            "private_dns_hostname_type_on_launch": "ip-name",
            "tags": {
              "Name": "inia-prod-public-subnet-6",
              "Type": "public"
            },
            "tags_all": {
              "Environment": "prod",
              "ManagedBy": "Terraform",
              "Name": "inia-prod-public-subnet-6",
              "Project": "IniaProject",
              "Type": "public"
            },
            "timeouts": null,
            "vpc_id": "vpc-0b5836a65d91bc84e"
          },
          "sensitive_attributes": [],
          "private": "eyJlMmJmYjczMC1lY2FhLTExZTYtOGY4OC0zNDM2M2JjN2M0YzAiOnsiY3JlYXRlIjo2MDAwMDAwMDAwMDAsImRlbGV0ZSI6MTIwMDAwMDAwMDAwMH0sInNjaGVtYV92ZXJzaW9uIjoiMSJ9",
          "dependencies": [
            "data.aws_availability_zones.available",
            "module.vpc.aws_vpc.main"
          ]
        }
      ]
    },
    {
      "module": "module.vpc",
      "mode": "managed",
      "type": "aws_vpc",
      "name": "main",
      "provider": "provider[\"registry.terraform.io/hashicorp/aws\"]",
      "instances": [
        {
          "schema_version": 1,
          "attributes": {
            "arn": "arn:aws:ec2:us-east-1:126588786097:vpc/vpc-0b5836a65d91bc84e",
            "assign_generated_ipv6_cidr_block": false,
            "cidr_block": "10.0.0.0/16",
            "default_network_acl_id": "acl-0b6d293ea1b940f36",
            "default_route_table_id": "rtb-0fed0c7892970002e",
            "default_security_group_id": "sg-030c1eb26431da0a1",
            "dhcp_options_id": "dopt-03810697d4631963e",
            "enable_dns_hostnames": true,
            "enable_dns_support": true,
            "enable_network_address_usage_metrics": false,
            "id": "vpc-0b5836a65d91bc84e",
            "instance_tenancy": "default",
            "ipv4_ipam_pool_id": null,
            "ipv4_netmask_length": null,
            "ipv6_association_id": "",
            "ipv6_cidr_block": "",
            "ipv6_cidr_block_network_border_group": "",
            "ipv6_ipam_pool_id": "",
            "ipv6_netmask_length": 0,
            "main_route_table_id": "rtb-0fed0c7892970002e",
            "owner_id": "126588786097",
            "tags": {
              "Name": "inia-prod-vpc"
            },
            "tags_all": {
              "Environment": "prod",
              "ManagedBy": "Terraform",
              "Name": "inia-prod-vpc",
              "Project": "IniaProject"
            }
          },
          "sensitive_attributes": [],
          "private": "eyJzY2hlbWFfdmVyc2lvbiI6IjEifQ=="
        }
      ]
    },
    {
      "module": "module.vpc_endpoints",
      "mode": "managed",
      "type": "aws_security_group",
      "name": "vpc_endpoints",
      "provider": "provider[\"registry.terraform.io/hashicorp/aws\"]",
      "instances": [
        {
          "index_key": 0,
          "schema_version": 1,
          "attributes": {
            "arn": "arn:aws:ec2:us-east-1:126588786097:security-group/sg-062140b63c4f122cf",
            "description": "Security group for VPC endpoints",
            "egress": [
              {
                "cidr_blocks": [
                  "0.0.0.0/0"
                ],
                "description": "Allow all outbound traffic",
                "from_port": 0,
                "ipv6_cidr_blocks": [],
                "prefix_list_ids": [],
                "protocol": "-1",
                "security_groups": [],
                "self": false,
                "to_port": 0
              }
            ],
            "id": "sg-062140b63c4f122cf",
            "ingress": [
              {
                "cidr_blocks": [
                  "10.0.0.0/16"
                ],
                "description": "HTTPS from VPC",
                "from_port": 443,
                "ipv6_cidr_blocks": [],
                "prefix_list_ids": [],
                "protocol": "tcp",
                "security_groups": [],
                "self": false,
                "to_port": 443
              }
            ],
            "name": "inia-prod-vpc-endpoints-sg",
            "name_prefix": "",
            "owner_id": "126588786097",
            "revoke_rules_on_delete": false,
            "tags": {
              "Name": "inia-prod-vpc-endpoints-sg"
            },
            "tags_all": {
              "Environment": "prod",
              "ManagedBy": "Terraform",
              "Name": "inia-prod-vpc-endpoints-sg",
              "Project": "IniaProject"
            },
            "timeouts": null,
            "vpc_id": "vpc-0b5836a65d91bc84e"
          },
          "sensitive_attributes": [],
          "private": "eyJlMmJmYjczMC1lY2FhLTExZTYtOGY4OC0zNDM2M2JjN2M0YzAiOnsiY3JlYXRlIjo2MDAwMDAwMDAwMDAsImRlbGV0ZSI6OTAwMDAwMDAwMDAwfSwic2NoZW1hX3ZlcnNpb24iOiIxIn0=",
          "dependencies": [
            "module.vpc.aws_vpc.main"
          ]
        }
      ]
    },
    {
      "module": "module.vpc_endpoints",
      "mode": "managed",
      "type": "aws_vpc_endpoint",
      "name": "ecr_api",
      "provider": "provider[\"registry.terraform.io/hashicorp/aws\"]",
      "instances": [
        {
          "index_key": 0,
          "schema_version": 0,
          "attributes": {
            "arn": "arn:aws:ec2:us-east-1:126588786097:vpc-endpoint/vpce-01cb624aeba7cea99",
            "auto_accept": null,
            "cidr_blocks": [],
            "dns_entry": [
              {
                "dns_name": "vpce-01cb624aeba7cea99-uyps2pfi.api.ecr.us-east-1.vpce.amazonaws.com",
                "hosted_zone_id": "Z7HUB22UULQXV"
              },
              {
                "dns_name": "vpce-01cb624aeba7cea99-uyps2pfi-us-east-1e.api.ecr.us-east-1.vpce.amazonaws.com",
                "hosted_zone_id": "Z7HUB22UULQXV"
              },
              {
                "dns_name": "vpce-01cb624aeba7cea99-uyps2pfi-us-east-1a.api.ecr.us-east-1.vpce.amazonaws.com",
                "hosted_zone_id": "Z7HUB22UULQXV"
              },
              {
                "dns_name": "vpce-01cb624aeba7cea99-uyps2pfi-us-east-1f.api.ecr.us-east-1.vpce.amazonaws.com",
                "hosted_zone_id": "Z7HUB22UULQXV"
              },
              {
                "dns_name": "vpce-01cb624aeba7cea99-uyps2pfi-us-east-1d.api.ecr.us-east-1.vpce.amazonaws.com",
                "hosted_zone_id": "Z7HUB22UULQXV"
              },
              {
                "dns_name": "vpce-01cb624aeba7cea99-uyps2pfi-us-east-1b.api.ecr.us-east-1.vpce.amazonaws.com",
                "hosted_zone_id": "Z7HUB22UULQXV"
              },
              {
                "dns_name": "vpce-01cb624aeba7cea99-uyps2pfi-us-east-1c.api.ecr.us-east-1.vpce.amazonaws.com",
                "hosted_zone_id": "Z7HUB22UULQXV"
              },
              {
                "dns_name": "api.ecr.us-east-1.amazonaws.com",
                "hosted_zone_id": "Z0331175KRJ8GREYLZXH"
              },
              {
                "dns_name": "ecr.us-east-1.api.aws",
                "hosted_zone_id": "Z0032245VX5TVL986NYA"
              }
            ],
            "dns_options": [
              {
                "dns_record_ip_type": "ipv4",
                "private_dns_only_for_inbound_resolver_endpoint": false
              }
            ],
            "id": "vpce-01cb624aeba7cea99",
            "ip_address_type": "ipv4",
            "network_interface_ids": [
              "eni-01843b1dda7b336fa",
              "eni-048ea9ad2cc0c9c93",
              "eni-08ccd863a07900ec5",
              "eni-0b7d59d12bb89c000",
              "eni-0e3d98e84bc55d879",
              "eni-0fd7d388aaa4dea49"
            ],
            "owner_id": "126588786097",
            "policy": "{\"Statement\":[{\"Action\":\"*\",\"Effect\":\"Allow\",\"Principal\":\"*\",\"Resource\":\"*\"}]}",
            "prefix_list_id": null,
            "private_dns_enabled": true,
            "requester_managed": false,
            "resource_configuration_arn": "",
            "route_table_ids": [],
            "security_group_ids": [
              "sg-062140b63c4f122cf"
            ],
            "service_name": "com.amazonaws.us-east-1.ecr.api",
            "service_network_arn": "",
            "service_region": "us-east-1",
            "state": "available",
            "subnet_configuration": [
              {
                "ipv4": "10.0.10.78",
                "ipv6": "",
                "subnet_id": "subnet-0dc39988d0e3a9d22"
              },
              {
                "ipv4": "10.0.11.200",
                "ipv6": "",
                "subnet_id": "subnet-090bf07382d2c9802"
              },
              {
                "ipv4": "10.0.6.201",
                "ipv6": "",
                "subnet_id": "subnet-0e8eb60ce94dddb41"
              },
              {
                "ipv4": "10.0.7.221",
                "ipv6": "",
                "subnet_id": "subnet-0fc7aea05fc28735a"
              },
              {
                "ipv4": "10.0.8.234",
                "ipv6": "",
                "subnet_id": "subnet-067ae500f351ca244"
              },
              {
                "ipv4": "10.0.9.44",
                "ipv6": "",
                "subnet_id": "subnet-00d40c2dca3fff30e"
              }
            ],
            "subnet_ids": [
              "subnet-00d40c2dca3fff30e",
              "subnet-067ae500f351ca244",
              "subnet-090bf07382d2c9802",
              "subnet-0dc39988d0e3a9d22",
              "subnet-0e8eb60ce94dddb41",
              "subnet-0fc7aea05fc28735a"
            ],
            "tags": {
              "Name": "inia-prod-ecr-api-endpoint"
            },
            "tags_all": {
              "Environment": "prod",
              "ManagedBy": "Terraform",
              "Name": "inia-prod-ecr-api-endpoint",
              "Project": "IniaProject"
            },
            "timeouts": null,
            "vpc_endpoint_type": "Interface",
            "vpc_id": "vpc-0b5836a65d91bc84e"
          },
          "sensitive_attributes": [],
          "private": "eyJlMmJmYjczMC1lY2FhLTExZTYtOGY4OC0zNDM2M2JjN2M0YzAiOnsiY3JlYXRlIjo2MDAwMDAwMDAwMDAsImRlbGV0ZSI6NjAwMDAwMDAwMDAwLCJ1cGRhdGUiOjYwMDAwMDAwMDAwMH19",
          "dependencies": [
            "data.aws_availability_zones.available",
            "module.vpc.aws_subnet.private",
            "module.vpc.aws_vpc.main",
            "module.vpc_endpoints.aws_security_group.vpc_endpoints"
          ]
        }
      ]
    },
    {
      "module": "module.vpc_endpoints",
      "mode": "managed",
      "type": "aws_vpc_endpoint",
      "name": "ecr_dkr",
      "provider": "provider[\"registry.terraform.io/hashicorp/aws\"]",
      "instances": [
        {
          "index_key": 0,
          "schema_version": 0,
          "attributes": {
            "arn": "arn:aws:ec2:us-east-1:126588786097:vpc-endpoint/vpce-0b2e0807969c27626",
            "auto_accept": null,
            "cidr_blocks": [],
            "dns_entry": [
              {
                "dns_name": "vpce-0b2e0807969c27626-0cv6olq2.dkr.ecr.us-east-1.vpce.amazonaws.com",
                "hosted_zone_id": "Z7HUB22UULQXV"
              },
              {
                "dns_name": "vpce-0b2e0807969c27626-0cv6olq2-us-east-1e.dkr.ecr.us-east-1.vpce.amazonaws.com",
                "hosted_zone_id": "Z7HUB22UULQXV"
              },
              {
                "dns_name": "vpce-0b2e0807969c27626-0cv6olq2-us-east-1d.dkr.ecr.us-east-1.vpce.amazonaws.com",
                "hosted_zone_id": "Z7HUB22UULQXV"
              },
              {
                "dns_name": "vpce-0b2e0807969c27626-0cv6olq2-us-east-1b.dkr.ecr.us-east-1.vpce.amazonaws.com",
                "hosted_zone_id": "Z7HUB22UULQXV"
              },
              {
                "dns_name": "vpce-0b2e0807969c27626-0cv6olq2-us-east-1a.dkr.ecr.us-east-1.vpce.amazonaws.com",
                "hosted_zone_id": "Z7HUB22UULQXV"
              },
              {
                "dns_name": "vpce-0b2e0807969c27626-0cv6olq2-us-east-1c.dkr.ecr.us-east-1.vpce.amazonaws.com",
                "hosted_zone_id": "Z7HUB22UULQXV"
              },
              {
                "dns_name": "vpce-0b2e0807969c27626-0cv6olq2-us-east-1f.dkr.ecr.us-east-1.vpce.amazonaws.com",
                "hosted_zone_id": "Z7HUB22UULQXV"
              },
              {
                "dns_name": "dkr.ecr.us-east-1.amazonaws.com",
                "hosted_zone_id": "Z00321713K09O10KGVRQY"
              },
              {
                "dns_name": "*.dkr.ecr.us-east-1.amazonaws.com",
                "hosted_zone_id": "Z00321713K09O10KGVRQY"
              },
              {
                "dns_name": "dkr-ecr.us-east-1.on.aws",
                "hosted_zone_id": "Z0329262KIVVCCMOIK1C"
              },
              {
                "dns_name": "*.dkr-ecr.us-east-1.on.aws",
                "hosted_zone_id": "Z0329262KIVVCCMOIK1C"
              }
            ],
            "dns_options": [
              {
                "dns_record_ip_type": "ipv4",
                "private_dns_only_for_inbound_resolver_endpoint": false
              }
            ],
            "id": "vpce-0b2e0807969c27626",
            "ip_address_type": "ipv4",
            "network_interface_ids": [
              "eni-00e1675413b37ae8e",
              "eni-011ae3d88f77748df",
              "eni-0135b7ab37f0e1325",
              "eni-022a63f40e6698d6c",
              "eni-07ba2deceb59061fa",
              "eni-0fd8a03a5742d58c7"
            ],
            "owner_id": "126588786097",
            "policy": "{\"Statement\":[{\"Action\":\"*\",\"Effect\":\"Allow\",\"Principal\":\"*\",\"Resource\":\"*\"}]}",
            "prefix_list_id": null,
            "private_dns_enabled": true,
            "requester_managed": false,
            "resource_configuration_arn": "",
            "route_table_ids": [],
            "security_group_ids": [
              "sg-062140b63c4f122cf"
            ],
            "service_name": "com.amazonaws.us-east-1.ecr.dkr",
            "service_network_arn": "",
            "service_region": "us-east-1",
            "state": "available",
            "subnet_configuration": [
              {
                "ipv4": "10.0.10.27",
                "ipv6": "",
                "subnet_id": "subnet-0dc39988d0e3a9d22"
              },
              {
                "ipv4": "10.0.11.159",
                "ipv6": "",
                "subnet_id": "subnet-090bf07382d2c9802"
              },
              {
                "ipv4": "10.0.6.193",
                "ipv6": "",
                "subnet_id": "subnet-0e8eb60ce94dddb41"
              },
              {
                "ipv4": "10.0.7.210",
                "ipv6": "",
                "subnet_id": "subnet-0fc7aea05fc28735a"
              },
              {
                "ipv4": "10.0.8.37",
                "ipv6": "",
                "subnet_id": "subnet-067ae500f351ca244"
              },
              {
                "ipv4": "10.0.9.52",
                "ipv6": "",
                "subnet_id": "subnet-00d40c2dca3fff30e"
              }
            ],
            "subnet_ids": [
              "subnet-00d40c2dca3fff30e",
              "subnet-067ae500f351ca244",
              "subnet-090bf07382d2c9802",
              "subnet-0dc39988d0e3a9d22",
              "subnet-0e8eb60ce94dddb41",
              "subnet-0fc7aea05fc28735a"
            ],
            "tags": {
              "Name": "inia-prod-ecr-dkr-endpoint"
            },
            "tags_all": {
              "Environment": "prod",
              "ManagedBy": "Terraform",
              "Name": "inia-prod-ecr-dkr-endpoint",
              "Project": "IniaProject"
            },
            "timeouts": null,
            "vpc_endpoint_type": "Interface",
            "vpc_id": "vpc-0b5836a65d91bc84e"
          },
          "sensitive_attributes": [],
          "private": "eyJlMmJmYjczMC1lY2FhLTExZTYtOGY4OC0zNDM2M2JjN2M0YzAiOnsiY3JlYXRlIjo2MDAwMDAwMDAwMDAsImRlbGV0ZSI6NjAwMDAwMDAwMDAwLCJ1cGRhdGUiOjYwMDAwMDAwMDAwMH19",
          "dependencies": [
            "data.aws_availability_zones.available",
            "module.vpc.aws_subnet.private",
            "module.vpc.aws_vpc.main",
            "module.vpc_endpoints.aws_security_group.vpc_endpoints"
          ]
        }
      ]
    },
    {
      "module": "module.vpc_endpoints",
      "mode": "managed",
      "type": "aws_vpc_endpoint",
      "name": "logs",
      "provider": "provider[\"registry.terraform.io/hashicorp/aws\"]",
      "instances": [
        {
          "index_key": 0,
          "schema_version": 0,
          "attributes": {
            "arn": "arn:aws:ec2:us-east-1:126588786097:vpc-endpoint/vpce-03e96a87321624d3a",
            "auto_accept": null,
            "cidr_blocks": [],
            "dns_entry": [
              {
                "dns_name": "vpce-03e96a87321624d3a-1y4xqynf.logs.us-east-1.vpce.amazonaws.com",
                "hosted_zone_id": "Z7HUB22UULQXV"
              },
              {
                "dns_name": "vpce-03e96a87321624d3a-1y4xqynf-us-east-1e.logs.us-east-1.vpce.amazonaws.com",
                "hosted_zone_id": "Z7HUB22UULQXV"
              },
              {
                "dns_name": "vpce-03e96a87321624d3a-1y4xqynf-us-east-1b.logs.us-east-1.vpce.amazonaws.com",
                "hosted_zone_id": "Z7HUB22UULQXV"
              },
              {
                "dns_name": "vpce-03e96a87321624d3a-1y4xqynf-us-east-1d.logs.us-east-1.vpce.amazonaws.com",
                "hosted_zone_id": "Z7HUB22UULQXV"
              },
              {
                "dns_name": "vpce-03e96a87321624d3a-1y4xqynf-us-east-1c.logs.us-east-1.vpce.amazonaws.com",
                "hosted_zone_id": "Z7HUB22UULQXV"
              },
              {
                "dns_name": "vpce-03e96a87321624d3a-1y4xqynf-us-east-1a.logs.us-east-1.vpce.amazonaws.com",
                "hosted_zone_id": "Z7HUB22UULQXV"
              },
              {
                "dns_name": "vpce-03e96a87321624d3a-1y4xqynf-us-east-1f.logs.us-east-1.vpce.amazonaws.com",
                "hosted_zone_id": "Z7HUB22UULQXV"
              },
              {
                "dns_name": "logs.us-east-1.amazonaws.com",
                "hosted_zone_id": "Z00303701Y4H7QZ4WDDC5"
              },
              {
                "dns_name": "streaming-logs.us-east-1.amazonaws.com",
                "hosted_zone_id": "Z05373763GRY9UFHF6YD9"
              },
              {
                "dns_name": "streaming-logs.us-east-1.api.aws",
                "hosted_zone_id": "Z00304543B7PMAOM3ORNZ"
              },
              {
                "dns_name": "logs.us-east-1.api.aws",
                "hosted_zone_id": "Z0030369F3AFQ4Z9HA5M"
              }
            ],
            "dns_options": [
              {
                "dns_record_ip_type": "ipv4",
                "private_dns_only_for_inbound_resolver_endpoint": false
              }
            ],
            "id": "vpce-03e96a87321624d3a",
            "ip_address_type": "ipv4",
            "network_interface_ids": [
              "eni-0042f6e1c49436deb",
              "eni-06f0e361433acc91c",
              "eni-0a9f176a7523fbcad",
              "eni-0c622a3b63239ed0f",
              "eni-0ebe8b47c59fb0a12",
              "eni-0f08d84dc86f7d932"
            ],
            "owner_id": "126588786097",
            "policy": "{\"Statement\":[{\"Action\":\"*\",\"Effect\":\"Allow\",\"Principal\":\"*\",\"Resource\":\"*\"}]}",
            "prefix_list_id": null,
            "private_dns_enabled": true,
            "requester_managed": false,
            "resource_configuration_arn": "",
            "route_table_ids": [],
            "security_group_ids": [
              "sg-062140b63c4f122cf"
            ],
            "service_name": "com.amazonaws.us-east-1.logs",
            "service_network_arn": "",
            "service_region": "us-east-1",
            "state": "available",
            "subnet_configuration": [
              {
                "ipv4": "10.0.10.207",
                "ipv6": "",
                "subnet_id": "subnet-0dc39988d0e3a9d22"
              },
              {
                "ipv4": "10.0.11.6",
                "ipv6": "",
                "subnet_id": "subnet-090bf07382d2c9802"
              },
              {
                "ipv4": "10.0.6.176",
                "ipv6": "",
                "subnet_id": "subnet-0e8eb60ce94dddb41"
              },
              {
                "ipv4": "10.0.7.55",
                "ipv6": "",
                "subnet_id": "subnet-0fc7aea05fc28735a"
              },
              {
                "ipv4": "10.0.8.105",
                "ipv6": "",
                "subnet_id": "subnet-067ae500f351ca244"
              },
              {
                "ipv4": "10.0.9.247",
                "ipv6": "",
                "subnet_id": "subnet-00d40c2dca3fff30e"
              }
            ],
            "subnet_ids": [
              "subnet-00d40c2dca3fff30e",
              "subnet-067ae500f351ca244",
              "subnet-090bf07382d2c9802",
              "subnet-0dc39988d0e3a9d22",
              "subnet-0e8eb60ce94dddb41",
              "subnet-0fc7aea05fc28735a"
            ],
            "tags": {
              "Name": "inia-prod-logs-endpoint"
            },
            "tags_all": {
              "Environment": "prod",
              "ManagedBy": "Terraform",
              "Name": "inia-prod-logs-endpoint",
              "Project": "IniaProject"
            },
            "timeouts": null,
            "vpc_endpoint_type": "Interface",
            "vpc_id": "vpc-0b5836a65d91bc84e"
          },
          "sensitive_attributes": [],
          "private": "eyJlMmJmYjczMC1lY2FhLTExZTYtOGY4OC0zNDM2M2JjN2M0YzAiOnsiY3JlYXRlIjo2MDAwMDAwMDAwMDAsImRlbGV0ZSI6NjAwMDAwMDAwMDAwLCJ1cGRhdGUiOjYwMDAwMDAwMDAwMH19",
          "dependencies": [
            "data.aws_availability_zones.available",
            "module.vpc.aws_subnet.private",
            "module.vpc.aws_vpc.main",
            "module.vpc_endpoints.aws_security_group.vpc_endpoints"
          ]
        }
      ]
    },
    {
      "module": "module.vpc_endpoints",
      "mode": "managed",
      "type": "aws_vpc_endpoint",
      "name": "s3",
      "provider": "provider[\"registry.terraform.io/hashicorp/aws\"]",
      "instances": [
        {
          "index_key": 0,
          "schema_version": 0,
          "attributes": {
            "arn": "arn:aws:ec2:us-east-1:126588786097:vpc-endpoint/vpce-0b9840b52edaaed14",
            "auto_accept": null,
            "cidr_blocks": [
              "16.15.176.0/20",
              "16.182.0.0/16",
              "18.34.0.0/19",
              "52.216.0.0/15",
              "54.231.0.0/16",
              "3.5.0.0/19",
              "18.34.232.0/21",
              "16.15.192.0/18"
            ],
            "dns_entry": [],
            "dns_options": [
              {
                "dns_record_ip_type": "service-defined",
                "private_dns_only_for_inbound_resolver_endpoint": false
              }
            ],
            "id": "vpce-0b9840b52edaaed14",
            "ip_address_type": "ipv4",
            "network_interface_ids": [],
            "owner_id": "126588786097",
            "policy": "{\"Statement\":[{\"Action\":\"*\",\"Effect\":\"Allow\",\"Principal\":\"*\",\"Resource\":\"*\"}],\"Version\":\"2008-10-17\"}",
            "prefix_list_id": "pl-63a5400a",
            "private_dns_enabled": false,
            "requester_managed": false,
            "resource_configuration_arn": "",
            "route_table_ids": [
              "rtb-01d6412004905569e",
              "rtb-02ea6cb52761155a1",
              "rtb-07833874634fdb6d6",
              "rtb-0811be1b10db89d66",
              "rtb-0f5220d4b42505743",
              "rtb-0fd30f5f15178b38e"
            ],
            "security_group_ids": [],
            "service_name": "com.amazonaws.us-east-1.s3",
            "service_network_arn": "",
            "service_region": "us-east-1",
            "state": "available",
            "subnet_configuration": [],
            "subnet_ids": [],
            "tags": {
              "Name": "inia-prod-s3-endpoint"
            },
            "tags_all": {
              "Environment": "prod",
              "ManagedBy": "Terraform",
              "Name": "inia-prod-s3-endpoint",
              "Project": "IniaProject"
            },
            "timeouts": null,
            "vpc_endpoint_type": "Gateway",
            "vpc_id": "vpc-0b5836a65d91bc84e"
          },
          "sensitive_attributes": [],
          "private": "eyJlMmJmYjczMC1lY2FhLTExZTYtOGY4OC0zNDM2M2JjN2M0YzAiOnsiY3JlYXRlIjo2MDAwMDAwMDAwMDAsImRlbGV0ZSI6NjAwMDAwMDAwMDAwLCJ1cGRhdGUiOjYwMDAwMDAwMDAwMH19",
          "dependencies": [
            "data.aws_availability_zones.available",
            "module.vpc.aws_eip.nat",
            "module.vpc.aws_internet_gateway.main",
            "module.vpc.aws_nat_gateway.main",
            "module.vpc.aws_route_table.private",
            "module.vpc.aws_subnet.public",
            "module.vpc.aws_vpc.main"
          ]
        }
      ]
    },
    {
      "module": "module.vpc_endpoints",
      "mode": "managed",
      "type": "aws_vpc_endpoint",
      "name": "secretsmanager",
      "provider": "provider[\"registry.terraform.io/hashicorp/aws\"]",
      "instances": [
        {
          "index_key": 0,
          "schema_version": 0,
          "attributes": {
            "arn": "arn:aws:ec2:us-east-1:126588786097:vpc-endpoint/vpce-0dc6bd5913160189f",
            "auto_accept": null,
            "cidr_blocks": [],
            "dns_entry": [
              {
                "dns_name": "vpce-0dc6bd5913160189f-ppom4t65.secretsmanager.us-east-1.vpce.amazonaws.com",
                "hosted_zone_id": "Z7HUB22UULQXV"
              },
              {
                "dns_name": "vpce-0dc6bd5913160189f-ppom4t65-us-east-1e.secretsmanager.us-east-1.vpce.amazonaws.com",
                "hosted_zone_id": "Z7HUB22UULQXV"
              },
              {
                "dns_name": "vpce-0dc6bd5913160189f-ppom4t65-us-east-1f.secretsmanager.us-east-1.vpce.amazonaws.com",
                "hosted_zone_id": "Z7HUB22UULQXV"
              },
              {
                "dns_name": "vpce-0dc6bd5913160189f-ppom4t65-us-east-1d.secretsmanager.us-east-1.vpce.amazonaws.com",
                "hosted_zone_id": "Z7HUB22UULQXV"
              },
              {
                "dns_name": "vpce-0dc6bd5913160189f-ppom4t65-us-east-1a.secretsmanager.us-east-1.vpce.amazonaws.com",
                "hosted_zone_id": "Z7HUB22UULQXV"
              },
              {
                "dns_name": "vpce-0dc6bd5913160189f-ppom4t65-us-east-1c.secretsmanager.us-east-1.vpce.amazonaws.com",
                "hosted_zone_id": "Z7HUB22UULQXV"
              },
              {
                "dns_name": "vpce-0dc6bd5913160189f-ppom4t65-us-east-1b.secretsmanager.us-east-1.vpce.amazonaws.com",
                "hosted_zone_id": "Z7HUB22UULQXV"
              },
              {
                "dns_name": "secretsmanager.us-east-1.amazonaws.com",
                "hosted_zone_id": "Z030959923EVI9EK3J9HP"
              }
            ],
            "dns_options": [
              {
                "dns_record_ip_type": "ipv4",
                "private_dns_only_for_inbound_resolver_endpoint": false
              }
            ],
            "id": "vpce-0dc6bd5913160189f",
            "ip_address_type": "ipv4",
            "network_interface_ids": [
              "eni-02433ddb859253699",
              "eni-02f7ed030a5c726cc",
              "eni-04175d2c49ff07f4e",
              "eni-05947927207d38513",
              "eni-0cccf74e3c0f590cf",
              "eni-0eb6e347a72de0fad"
            ],
            "owner_id": "126588786097",
            "policy": "{\"Statement\":[{\"Action\":\"*\",\"Effect\":\"Allow\",\"Principal\":\"*\",\"Resource\":\"*\"}]}",
            "prefix_list_id": null,
            "private_dns_enabled": true,
            "requester_managed": false,
            "resource_configuration_arn": "",
            "route_table_ids": [],
            "security_group_ids": [
              "sg-062140b63c4f122cf"
            ],
            "service_name": "com.amazonaws.us-east-1.secretsmanager",
            "service_network_arn": "",
            "service_region": "us-east-1",
            "state": "available",
            "subnet_configuration": [
              {
                "ipv4": "10.0.10.211",
                "ipv6": "",
                "subnet_id": "subnet-0dc39988d0e3a9d22"
              },
              {
                "ipv4": "10.0.11.100",
                "ipv6": "",
                "subnet_id": "subnet-090bf07382d2c9802"
              },
              {
                "ipv4": "10.0.6.199",
                "ipv6": "",
                "subnet_id": "subnet-0e8eb60ce94dddb41"
              },
              {
                "ipv4": "10.0.7.105",
                "ipv6": "",
                "subnet_id": "subnet-0fc7aea05fc28735a"
              },
              {
                "ipv4": "10.0.8.154",
                "ipv6": "",
                "subnet_id": "subnet-067ae500f351ca244"
              },
              {
                "ipv4": "10.0.9.60",
                "ipv6": "",
                "subnet_id": "subnet-00d40c2dca3fff30e"
              }
            ],
            "subnet_ids": [
              "subnet-00d40c2dca3fff30e",
              "subnet-067ae500f351ca244",
              "subnet-090bf07382d2c9802",
              "subnet-0dc39988d0e3a9d22",
              "subnet-0e8eb60ce94dddb41",
              "subnet-0fc7aea05fc28735a"
            ],
            "tags": {
              "Name": "inia-prod-secretsmanager-endpoint"
            },
            "tags_all": {
              "Environment": "prod",
              "ManagedBy": "Terraform",
              "Name": "inia-prod-secretsmanager-endpoint",
              "Project": "IniaProject"
            },
            "timeouts": null,
            "vpc_endpoint_type": "Interface",
            "vpc_id": "vpc-0b5836a65d91bc84e"
          },
          "sensitive_attributes": [],
          "private": "eyJlMmJmYjczMC1lY2FhLTExZTYtOGY4OC0zNDM2M2JjN2M0YzAiOnsiY3JlYXRlIjo2MDAwMDAwMDAwMDAsImRlbGV0ZSI6NjAwMDAwMDAwMDAwLCJ1cGRhdGUiOjYwMDAwMDAwMDAwMH19",
          "dependencies": [
            "data.aws_availability_zones.available",
            "module.vpc.aws_subnet.private",
            "module.vpc.aws_vpc.main",
            "module.vpc_endpoints.aws_security_group.vpc_endpoints"
          ]
        }
      ]
    }
  ],
  "check_results": null
}
